
Microsoft Visual Studio Solution File, Format Version 12.00
# Visual Studio 14
VisualStudioVersion = 14.0.25420.1
MinimumVisualStudioVersion = 10.0.40219.1
Project("{FAE04EC0-301F-11D3-BF4B-00C04F79EFBC}") = "Opteamix.TalentRadar", "Opteamix.TalentRadar\Opteamix.TalentRadar.csproj", "{02018979-F1A6-4E40-A18E-24A37B97116D}"
EndProject
Project("{2150E333-8FDC-42A3-9474-1A3956D46DE8}") = "Data Access Layer", "Data Access Layer", "{8DF6D24B-7629-425A-B8CB-E4F0100CF570}"
EndProject
Project("{2150E333-8FDC-42A3-9474-1A3956D46DE8}") = "Biz Layer", "Biz Layer", "{70475188-E581-44E1-A2A0-A7E68E3BEF15}"
EndProject
Project("{2150E333-8FDC-42A3-9474-1A3956D46DE8}") = "Common Layer", "Common Layer", "{B9DF98ED-07FB-4465-BEEA-7364F097C6EF}"
EndProject
Project("{2150E333-8FDC-42A3-9474-1A3956D46DE8}") = "Authentication Layer", "Authentication Layer", "{AEE1224B-450B-46C5-B8E0-32CC66B1ED84}"
EndProject
Project("{FAE04EC0-301F-11D3-BF4B-00C04F79EFBC}") = "OPT.TalentRadar.Authentication", "OPT.TR.Authentication\OPT.TalentRadar.Authentication.csproj", "{D0C30BF9-6075-4983-9EBF-5321F383F46B}"
EndProject
Project("{FAE04EC0-301F-11D3-BF4B-00C04F79EFBC}") = "OPT.TalentRadar.BIZ", "OPT.TR.BIZ\OPT.TalentRadar.BIZ.csproj", "{A6EB2EF8-AA68-4E5C-94F0-CBDD9F5008AE}"
EndProject
Project("{FAE04EC0-301F-11D3-BF4B-00C04F79EFBC}") = "OPT.TalentRadar.DAL", "OPT.TR.DAL\OPT.TalentRadar.DAL.csproj", "{76FF810A-6B7A-43C8-B8A2-A31AC6601204}"
EndProject
Project("{FAE04EC0-301F-11D3-BF4B-00C04F79EFBC}") = "OPT.TalentRadar.MasterDataUtility", "MasterDataUtility\OPT.TalentRadar.MasterDataUtility.csproj", "{5575FCE9-67C0-49B1-8428-D3146FCF046B}"
EndProject
Project("{2150E333-8FDC-42A3-9474-1A3956D46DE8}") = "Utility Layer", "Utility Layer", "{02F31290-E4F6-4107-B6C3-E505F5F3E341}"
EndProject
Project("{2150E333-8FDC-42A3-9474-1A3956D46DE8}") = "Web Layer", "Web Layer", "{E80381EB-C9F5-4642-B657-2C5F845E007A}"
	ProjectSection(SolutionItems) = preProject
		web.config = web.config
	EndProjectSection
EndProject
Project("{2150E333-8FDC-42A3-9474-1A3956D46DE8}") = "admin", "admin", "{A523CEFE-5669-4BDB-BB3C-B0639E02F1D0}"
	ProjectSection(SolutionItems) = preProject
		Web Layer\admin\candidate.html = Web Layer\admin\candidate.html
	EndProjectSection
EndProject
Project("{2150E333-8FDC-42A3-9474-1A3956D46DE8}") = "scripts", "scripts", "{9B9BA33E-8548-45B7-851A-C31B27AD19E4}"
	ProjectSection(SolutionItems) = preProject
		Web Layer\scripts\angular-animate.js = Web Layer\scripts\angular-animate.js
		Web Layer\scripts\angular-ap-lateral-slide-menu.js = Web Layer\scripts\angular-ap-lateral-slide-menu.js
		Web Layer\scripts\angular.js = Web Layer\scripts\angular.js
		Web Layer\scripts\app.js = Web Layer\scripts\app.js
		Web Layer\scripts\bootstrap.js = Web Layer\scripts\bootstrap.js
		Web Layer\scripts\bootstrap.min.js = Web Layer\scripts\bootstrap.min.js
		Web Layer\scripts\candidate.js = Web Layer\scripts\candidate.js
		Web Layer\scripts\dashboard.js = Web Layer\scripts\dashboard.js
		Web Layer\scripts\Environment_uri.js = Web Layer\scripts\Environment_uri.js
		Web Layer\scripts\jquery-1.10.2.min.js = Web Layer\scripts\jquery-1.10.2.min.js
		Web Layer\scripts\jquery-3.1.1.min.js = Web Layer\scripts\jquery-3.1.1.min.js
		Web Layer\scripts\jquery.datetimepicker.css = Web Layer\scripts\jquery.datetimepicker.css
		Web Layer\scripts\jquery.datetimepicker.js = Web Layer\scripts\jquery.datetimepicker.js
		Web Layer\scripts\jquery.datetimepicker.min.js = Web Layer\scripts\jquery.datetimepicker.min.js
		Web Layer\scripts\jquery.js = Web Layer\scripts\jquery.js
		Web Layer\scripts\mdl-dropdown.js = Web Layer\scripts\mdl-dropdown.js
	EndProjectSection
EndProject
Project("{2150E333-8FDC-42A3-9474-1A3956D46DE8}") = "css", "css", "{8E1717D2-7440-45E4-A58F-29CF670B5CFB}"
	ProjectSection(SolutionItems) = preProject
		Web Layer\css\about.css = Web Layer\css\about.css
		Web Layer\css\admin_interview.css = Web Layer\css\admin_interview.css
		Web Layer\css\admin_shortlist.css = Web Layer\css\admin_shortlist.css
		Web Layer\css\adminstyles.css = Web Layer\css\adminstyles.css
		Web Layer\css\bootstrap.css = Web Layer\css\bootstrap.css
		Web Layer\css\bootstrap.min.css = Web Layer\css\bootstrap.min.css
		Web Layer\css\decision.css = Web Layer\css\decision.css
		Web Layer\css\interview_schedule.css = Web Layer\css\interview_schedule.css
		Web Layer\css\jquery.datetimepicker.css = Web Layer\css\jquery.datetimepicker.css
		Web Layer\css\left-push.css = Web Layer\css\left-push.css
		Web Layer\css\mdl-dropdown.css = Web Layer\css\mdl-dropdown.css
		Web Layer\css\normalize.css = Web Layer\css\normalize.css
		Web Layer\css\notification.css = Web Layer\css\notification.css
		Web Layer\css\offer.css = Web Layer\css\offer.css
		Web Layer\css\onboard.css = Web Layer\css\onboard.css
		Web Layer\css\recuiter.css = Web Layer\css\recuiter.css
		Web Layer\css\shorlist.css = Web Layer\css\shorlist.css
		Web Layer\css\Site.css = Web Layer\css\Site.css
		Web Layer\css\slide.css = Web Layer\css\slide.css
		Web Layer\css\Spinner.css = Web Layer\css\Spinner.css
		Web Layer\css\style.css = Web Layer\css\style.css
		Web Layer\css\theme-blue-moon.css = Web Layer\css\theme-blue-moon.css
	EndProjectSection
EndProject
Project("{2150E333-8FDC-42A3-9474-1A3956D46DE8}") = "images", "images", "{FD55A0D1-D526-4048-B743-377FF7CA2723}"
	ProjectSection(SolutionItems) = preProject
		Web Layer\images\add.png = Web Layer\images\add.png
		Web Layer\images\android-desktop.png = Web Layer\images\android-desktop.png
		Web Layer\images\App-image-01-01.jpg = Web Layer\images\App-image-01-01.jpg
		Web Layer\images\Attach-file.png = Web Layer\images\Attach-file.png
		Web Layer\images\Character-01.png = Web Layer\images\Character-01.png
		Web Layer\images\Dashboard-01.jpg = Web Layer\images\Dashboard-01.jpg
		Web Layer\images\download (1).png = Web Layer\images\download (1).png
		Web Layer\images\download.png = Web Layer\images\download.png
		Web Layer\images\Edit.png = Web Layer\images\Edit.png
		Web Layer\images\icons-01.png = Web Layer\images\icons-01.png
		Web Layer\images\icons-02.png = Web Layer\images\icons-02.png
		Web Layer\images\icons-03.png = Web Layer\images\icons-03.png
		Web Layer\images\icons-04.png = Web Layer\images\icons-04.png
		Web Layer\images\icons-05.png = Web Layer\images\icons-05.png
		Web Layer\images\image-04.jpg = Web Layer\images\image-04.jpg
		Web Layer\images\images (1).png = Web Layer\images\images (1).png
		Web Layer\images\images (3).jpg = Web Layer\images\images (3).jpg
		Web Layer\images\india-address-01.jpg = Web Layer\images\india-address-01.jpg
		Web Layer\images\ios-desktop.png = Web Layer\images\ios-desktop.png
		Web Layer\images\Landscape-01.png = Web Layer\images\Landscape-01.png
		Web Layer\images\Landscape.jpg = Web Layer\images\Landscape.jpg
		Web Layer\images\Location-icon-01.png = Web Layer\images\Location-icon-01.png
		Web Layer\images\Logo-oopteamix-01.png = Web Layer\images\Logo-oopteamix-01.png
		Web Layer\images\Map-image-01.jpg = Web Layer\images\Map-image-01.jpg
		Web Layer\images\menu-normal.png = Web Layer\images\menu-normal.png
		Web Layer\images\MILESTONE-01.png = Web Layer\images\MILESTONE-01.png
		Web Layer\images\MILESTONE-02.png = Web Layer\images\MILESTONE-02.png
		Web Layer\images\MILESTONE-03.png = Web Layer\images\MILESTONE-03.png
		Web Layer\images\MILESTONE-04.png = Web Layer\images\MILESTONE-04.png
		Web Layer\images\Opteamix-watermark-image-01.jpg = Web Layer\images\Opteamix-watermark-image-01.jpg
		Web Layer\images\placeholder-hi.png = Web Layer\images\placeholder-hi.png
		Web Layer\images\sentemail.png = Web Layer\images\sentemail.png
	EndProjectSection
EndProject
Project("{2150E333-8FDC-42A3-9474-1A3956D46DE8}") = "fonts", "fonts", "{9A18011C-9F1A-49DE-BAE8-3C37C9070C50}"
	ProjectSection(SolutionItems) = preProject
		Web Layer\fonts\glyphicons-halflings-regular.eot = Web Layer\fonts\glyphicons-halflings-regular.eot
		Web Layer\fonts\glyphicons-halflings-regular.svg = Web Layer\fonts\glyphicons-halflings-regular.svg
		Web Layer\fonts\glyphicons-halflings-regular.ttf = Web Layer\fonts\glyphicons-halflings-regular.ttf
		Web Layer\fonts\glyphicons-halflings-regular.woff = Web Layer\fonts\glyphicons-halflings-regular.woff
		Web Layer\fonts\glyphicons-halflings-regular.woff2 = Web Layer\fonts\glyphicons-halflings-regular.woff2
	EndProjectSection
EndProject
Project("{FAE04EC0-301F-11D3-BF4B-00C04F79EFBC}") = "OPT.TalentRadar.Common.Data", "OPT.TR.CMMN.Data\OPT.TalentRadar.Common.Data.csproj", "{03DCCA63-483B-4550-99E3-FD850C703F31}"
EndProject
Project("{FAE04EC0-301F-11D3-BF4B-00C04F79EFBC}") = "OPT.TalentRadar.Common.Util", "OPT.TR.CMMN.Util\OPT.TalentRadar.Common.Util.csproj", "{CA4B4678-FE8F-4360-B0EB-D204ED85CECE}"
EndProject
Project("{2150E333-8FDC-42A3-9474-1A3956D46DE8}") = "API Layer", "API Layer", "{B404530A-9A5C-4765-BECE-E24DB88D0E95}"
EndProject
Project("{2150E333-8FDC-42A3-9474-1A3956D46DE8}") = "Candidate", "Candidate", "{4E4D79F3-0F0B-467A-90B9-97B4484014EC}"
	ProjectSection(SolutionItems) = preProject
		Web Layer\About_Opteamix.html = Web Layer\About_Opteamix.html
		Web Layer\ComingSoon.html = Web Layer\ComingSoon.html
		Web Layer\Dashboard.html = Web Layer\Dashboard.html
		Web Layer\Index.html = Web Layer\Index.html
		Web Layer\Interview_scheduled.html = Web Layer\Interview_scheduled.html
		Web Layer\Notification.html = Web Layer\Notification.html
		Web Layer\Offer.html = Web Layer\Offer.html
		Web Layer\OnBoarding.html = Web Layer\OnBoarding.html
		Web Layer\Recruiter_Info.html = Web Layer\Recruiter_Info.html
		Web Layer\Shortlisted.html = Web Layer\Shortlisted.html
	EndProjectSection
EndProject
Project("{2150E333-8FDC-42A3-9474-1A3956D46DE8}") = "build", "build", "{CC101CE3-FFE5-4BCF-B5E8-2A8F1D4CE6E3}"
	ProjectSection(SolutionItems) = preProject
		Web Layer\build\jquery.datetimepicker.full.js = Web Layer\build\jquery.datetimepicker.full.js
		Web Layer\build\jquery.datetimepicker.full.min.js = Web Layer\build\jquery.datetimepicker.full.min.js
		Web Layer\build\jquery.datetimepicker.min.css = Web Layer\build\jquery.datetimepicker.min.css
		Web Layer\build\jquery.datetimepicker.min.js = Web Layer\build\jquery.datetimepicker.min.js
	EndProjectSection
EndProject
Global
	GlobalSection(SolutionConfigurationPlatforms) = preSolution
		Debug|Any CPU = Debug|Any CPU
		Debug|x64 = Debug|x64
		Debug|x86 = Debug|x86
		Release|Any CPU = Release|Any CPU
		Release|x64 = Release|x64
		Release|x86 = Release|x86
	EndGlobalSection
	GlobalSection(ProjectConfigurationPlatforms) = postSolution
		{02018979-F1A6-4E40-A18E-24A37B97116D}.Debug|Any CPU.ActiveCfg = Debug|x64
		{02018979-F1A6-4E40-A18E-24A37B97116D}.Debug|Any CPU.Build.0 = Debug|x64
		{02018979-F1A6-4E40-A18E-24A37B97116D}.Debug|x64.ActiveCfg = Debug|x64
		{02018979-F1A6-4E40-A18E-24A37B97116D}.Debug|x64.Build.0 = Debug|x64
		{02018979-F1A6-4E40-A18E-24A37B97116D}.Debug|x86.ActiveCfg = Debug|x86
		{02018979-F1A6-4E40-A18E-24A37B97116D}.Debug|x86.Build.0 = Debug|x86
		{02018979-F1A6-4E40-A18E-24A37B97116D}.Release|Any CPU.ActiveCfg = Release|Any CPU
		{02018979-F1A6-4E40-A18E-24A37B97116D}.Release|Any CPU.Build.0 = Release|Any CPU
		{02018979-F1A6-4E40-A18E-24A37B97116D}.Release|x64.ActiveCfg = Release|x64
		{02018979-F1A6-4E40-A18E-24A37B97116D}.Release|x64.Build.0 = Release|x64
		{02018979-F1A6-4E40-A18E-24A37B97116D}.Release|x86.ActiveCfg = Release|x86
		{02018979-F1A6-4E40-A18E-24A37B97116D}.Release|x86.Build.0 = Release|x86
		{D0C30BF9-6075-4983-9EBF-5321F383F46B}.Debug|Any CPU.ActiveCfg = Debug|Any CPU
		{D0C30BF9-6075-4983-9EBF-5321F383F46B}.Debug|Any CPU.Build.0 = Debug|Any CPU
		{D0C30BF9-6075-4983-9EBF-5321F383F46B}.Debug|x64.ActiveCfg = Debug|Any CPU
		{D0C30BF9-6075-4983-9EBF-5321F383F46B}.Debug|x64.Build.0 = Debug|Any CPU
		{D0C30BF9-6075-4983-9EBF-5321F383F46B}.Debug|x86.ActiveCfg = Debug|x86
		{D0C30BF9-6075-4983-9EBF-5321F383F46B}.Debug|x86.Build.0 = Debug|x86
		{D0C30BF9-6075-4983-9EBF-5321F383F46B}.Release|Any CPU.ActiveCfg = Release|Any CPU
		{D0C30BF9-6075-4983-9EBF-5321F383F46B}.Release|Any CPU.Build.0 = Release|Any CPU
		{D0C30BF9-6075-4983-9EBF-5321F383F46B}.Release|x64.ActiveCfg = Release|Any CPU
		{D0C30BF9-6075-4983-9EBF-5321F383F46B}.Release|x64.Build.0 = Release|Any CPU
		{D0C30BF9-6075-4983-9EBF-5321F383F46B}.Release|x86.ActiveCfg = Release|x86
		{D0C30BF9-6075-4983-9EBF-5321F383F46B}.Release|x86.Build.0 = Release|x86
		{A6EB2EF8-AA68-4E5C-94F0-CBDD9F5008AE}.Debug|Any CPU.ActiveCfg = Debug|x64
		{A6EB2EF8-AA68-4E5C-94F0-CBDD9F5008AE}.Debug|Any CPU.Build.0 = Debug|x64
		{A6EB2EF8-AA68-4E5C-94F0-CBDD9F5008AE}.Debug|x64.ActiveCfg = Debug|x64
		{A6EB2EF8-AA68-4E5C-94F0-CBDD9F5008AE}.Debug|x64.Build.0 = Debug|x64
		{A6EB2EF8-AA68-4E5C-94F0-CBDD9F5008AE}.Debug|x86.ActiveCfg = Debug|x86
		{A6EB2EF8-AA68-4E5C-94F0-CBDD9F5008AE}.Debug|x86.Build.0 = Debug|x86
		{A6EB2EF8-AA68-4E5C-94F0-CBDD9F5008AE}.Release|Any CPU.ActiveCfg = Release|Any CPU
		{A6EB2EF8-AA68-4E5C-94F0-CBDD9F5008AE}.Release|Any CPU.Build.0 = Release|Any CPU
		{A6EB2EF8-AA68-4E5C-94F0-CBDD9F5008AE}.Release|x64.ActiveCfg = Release|x64
		{A6EB2EF8-AA68-4E5C-94F0-CBDD9F5008AE}.Release|x64.Build.0 = Release|x64
		{A6EB2EF8-AA68-4E5C-94F0-CBDD9F5008AE}.Release|x86.ActiveCfg = Release|x86
		{A6EB2EF8-AA68-4E5C-94F0-CBDD9F5008AE}.Release|x86.Build.0 = Release|x86
		{76FF810A-6B7A-43C8-B8A2-A31AC6601204}.Debug|Any CPU.ActiveCfg = Debug|x64
		{76FF810A-6B7A-43C8-B8A2-A31AC6601204}.Debug|Any CPU.Build.0 = Debug|x64
		{76FF810A-6B7A-43C8-B8A2-A31AC6601204}.Debug|x64.ActiveCfg = Debug|x64
		{76FF810A-6B7A-43C8-B8A2-A31AC6601204}.Debug|x64.Build.0 = Debug|x64
		{76FF810A-6B7A-43C8-B8A2-A31AC6601204}.Debug|x86.ActiveCfg = Debug|x86
		{76FF810A-6B7A-43C8-B8A2-A31AC6601204}.Debug|x86.Build.0 = Debug|x86
		{76FF810A-6B7A-43C8-B8A2-A31AC6601204}.Release|Any CPU.ActiveCfg = Release|Any CPU
		{76FF810A-6B7A-43C8-B8A2-A31AC6601204}.Release|Any CPU.Build.0 = Release|Any CPU
		{76FF810A-6B7A-43C8-B8A2-A31AC6601204}.Release|x64.ActiveCfg = Release|x64
		{76FF810A-6B7A-43C8-B8A2-A31AC6601204}.Release|x64.Build.0 = Release|x64
		{76FF810A-6B7A-43C8-B8A2-A31AC6601204}.Release|x86.ActiveCfg = Release|x86
		{76FF810A-6B7A-43C8-B8A2-A31AC6601204}.Release|x86.Build.0 = Release|x86
		{5575FCE9-67C0-49B1-8428-D3146FCF046B}.Debug|Any CPU.ActiveCfg = Debug|Any CPU
		{5575FCE9-67C0-49B1-8428-D3146FCF046B}.Debug|Any CPU.Build.0 = Debug|Any CPU
		{5575FCE9-67C0-49B1-8428-D3146FCF046B}.Debug|x64.ActiveCfg = Debug|Any CPU
		{5575FCE9-67C0-49B1-8428-D3146FCF046B}.Debug|x64.Build.0 = Debug|Any CPU
		{5575FCE9-67C0-49B1-8428-D3146FCF046B}.Debug|x86.ActiveCfg = Debug|x86
		{5575FCE9-67C0-49B1-8428-D3146FCF046B}.Debug|x86.Build.0 = Debug|x86
		{5575FCE9-67C0-49B1-8428-D3146FCF046B}.Release|Any CPU.ActiveCfg = Release|Any CPU
		{5575FCE9-67C0-49B1-8428-D3146FCF046B}.Release|Any CPU.Build.0 = Release|Any CPU
		{5575FCE9-67C0-49B1-8428-D3146FCF046B}.Release|x64.ActiveCfg = Release|Any CPU
		{5575FCE9-67C0-49B1-8428-D3146FCF046B}.Release|x64.Build.0 = Release|Any CPU
		{5575FCE9-67C0-49B1-8428-D3146FCF046B}.Release|x86.ActiveCfg = Release|x86
		{5575FCE9-67C0-49B1-8428-D3146FCF046B}.Release|x86.Build.0 = Release|x86
		{03DCCA63-483B-4550-99E3-FD850C703F31}.Debug|Any CPU.ActiveCfg = Debug|x64
		{03DCCA63-483B-4550-99E3-FD850C703F31}.Debug|Any CPU.Build.0 = Debug|x64
		{03DCCA63-483B-4550-99E3-FD850C703F31}.Debug|x64.ActiveCfg = Debug|x64
		{03DCCA63-483B-4550-99E3-FD850C703F31}.Debug|x64.Build.0 = Debug|x64
		{03DCCA63-483B-4550-99E3-FD850C703F31}.Debug|x86.ActiveCfg = Debug|x86
		{03DCCA63-483B-4550-99E3-FD850C703F31}.Debug|x86.Build.0 = Debug|x86
		{03DCCA63-483B-4550-99E3-FD850C703F31}.Release|Any CPU.ActiveCfg = Release|Any CPU
		{03DCCA63-483B-4550-99E3-FD850C703F31}.Release|Any CPU.Build.0 = Release|Any CPU
		{03DCCA63-483B-4550-99E3-FD850C703F31}.Release|x64.ActiveCfg = Release|x64
		{03DCCA63-483B-4550-99E3-FD850C703F31}.Release|x64.Build.0 = Release|x64
		{03DCCA63-483B-4550-99E3-FD850C703F31}.Release|x86.ActiveCfg = Release|x86
		{03DCCA63-483B-4550-99E3-FD850C703F31}.Release|x86.Build.0 = Release|x86
		{CA4B4678-FE8F-4360-B0EB-D204ED85CECE}.Debug|Any CPU.ActiveCfg = Debug|Any CPU
		{CA4B4678-FE8F-4360-B0EB-D204ED85CECE}.Debug|Any CPU.Build.0 = Debug|Any CPU
		{CA4B4678-FE8F-4360-B0EB-D204ED85CECE}.Debug|x64.ActiveCfg = Debug|Any CPU
		{CA4B4678-FE8F-4360-B0EB-D204ED85CECE}.Debug|x64.Build.0 = Debug|Any CPU
		{CA4B4678-FE8F-4360-B0EB-D204ED85CECE}.Debug|x86.ActiveCfg = Debug|x86
		{CA4B4678-FE8F-4360-B0EB-D204ED85CECE}.Debug|x86.Build.0 = Debug|x86
		{CA4B4678-FE8F-4360-B0EB-D204ED85CECE}.Release|Any CPU.ActiveCfg = Release|Any CPU
		{CA4B4678-FE8F-4360-B0EB-D204ED85CECE}.Release|Any CPU.Build.0 = Release|Any CPU
		{CA4B4678-FE8F-4360-B0EB-D204ED85CECE}.Release|x64.ActiveCfg = Release|Any CPU
		{CA4B4678-FE8F-4360-B0EB-D204ED85CECE}.Release|x64.Build.0 = Release|Any CPU
		{CA4B4678-FE8F-4360-B0EB-D204ED85CECE}.Release|x86.ActiveCfg = Release|x86
		{CA4B4678-FE8F-4360-B0EB-D204ED85CECE}.Release|x86.Build.0 = Release|x86
	EndGlobalSection
	GlobalSection(SolutionProperties) = preSolution
		HideSolutionNode = FALSE
	EndGlobalSection
	GlobalSection(NestedProjects) = preSolution
		{02018979-F1A6-4E40-A18E-24A37B97116D} = {B404530A-9A5C-4765-BECE-E24DB88D0E95}
		{8DF6D24B-7629-425A-B8CB-E4F0100CF570} = {02F31290-E4F6-4107-B6C3-E505F5F3E341}
		{D0C30BF9-6075-4983-9EBF-5321F383F46B} = {AEE1224B-450B-46C5-B8E0-32CC66B1ED84}
		{A6EB2EF8-AA68-4E5C-94F0-CBDD9F5008AE} = {70475188-E581-44E1-A2A0-A7E68E3BEF15}
		{76FF810A-6B7A-43C8-B8A2-A31AC6601204} = {8DF6D24B-7629-425A-B8CB-E4F0100CF570}
		{5575FCE9-67C0-49B1-8428-D3146FCF046B} = {02F31290-E4F6-4107-B6C3-E505F5F3E341}
		{A523CEFE-5669-4BDB-BB3C-B0639E02F1D0} = {E80381EB-C9F5-4642-B657-2C5F845E007A}
		{9B9BA33E-8548-45B7-851A-C31B27AD19E4} = {E80381EB-C9F5-4642-B657-2C5F845E007A}
		{8E1717D2-7440-45E4-A58F-29CF670B5CFB} = {E80381EB-C9F5-4642-B657-2C5F845E007A}
		{FD55A0D1-D526-4048-B743-377FF7CA2723} = {E80381EB-C9F5-4642-B657-2C5F845E007A}
		{9A18011C-9F1A-49DE-BAE8-3C37C9070C50} = {E80381EB-C9F5-4642-B657-2C5F845E007A}
		{03DCCA63-483B-4550-99E3-FD850C703F31} = {B9DF98ED-07FB-4465-BEEA-7364F097C6EF}
		{CA4B4678-FE8F-4360-B0EB-D204ED85CECE} = {B9DF98ED-07FB-4465-BEEA-7364F097C6EF}
		{4E4D79F3-0F0B-467A-90B9-97B4484014EC} = {E80381EB-C9F5-4642-B657-2C5F845E007A}
		{CC101CE3-FFE5-4BCF-B5E8-2A8F1D4CE6E3} = {E80381EB-C9F5-4642-B657-2C5F845E007A}
	EndGlobalSection
EndGlobal
