
Microsoft Visual Studio Solution File, Format Version 12.00
# Visual Studio 14
VisualStudioVersion = 14.0.25420.1
MinimumVisualStudioVersion = 10.0.40219.1
Project("{FAE04EC0-301F-11D3-BF4B-00C04F79EFBC}") = "Nexxo.CXN.MG.Common.Database", "CXN.MG.Common\Nexxo.CXN.MG.Common.Database\Nexxo.CXN.MG.Common.Database.csproj", "{6699E25D-763A-4E4F-972C-4398AB685B76}"
EndProject
Project("{FAE04EC0-301F-11D3-BF4B-00C04F79EFBC}") = "Nexxo.CXN.MT.MG.Database", "CXN.Xfr\Nexxo.CXN.MT.MG.Database\Nexxo.CXN.MT.MG.Database.csproj", "{391EE69E-3388-4103-AA73-C39714BA9CEE}"
EndProject
Project("{FAE04EC0-301F-11D3-BF4B-00C04F79EFBC}") = "Nexxo.Core.Partner.Database", "CORE.Partner\Nexxo.Core.Partner.Database\Nexxo.Core.Partner.Database.csproj", "{83A6D70F-17DF-4E75-850F-139E9450BFCC}"
EndProject
Project("{FAE04EC0-301F-11D3-BF4B-00C04F79EFBC}") = "Nexxo.CXN.BP.MG.Database", "CXN.BillPay\Nexxo.CXN.BP.MG.Database\Nexxo.CXN.BP.MG.Database.csproj", "{6DB156A6-B5E0-4914-B407-CA3A6139BB4E}"
EndProject
Project("{FAE04EC0-301F-11D3-BF4B-00C04F79EFBC}") = "Nexxo.Core.Catalog.Database", "CORE.Catalog\Nexxo.Core.Catalog.Database\Nexxo.Core.Catalog.Database.csproj", "{818B8478-8EAD-42EB-971C-BC715310204C}"
EndProject
Project("{FAE04EC0-301F-11D3-BF4B-00C04F79EFBC}") = "Nexxo.Core.CXE.Database", "CORE.CXE\Nexxo.Core.CXE.Database\Nexxo.Core.CXE.Database.csproj", "{29BB29A3-8C8E-4C37-B61B-0BE17A74E86B}"
EndProject
Project("{FAE04EC0-301F-11D3-BF4B-00C04F79EFBC}") = "Nexxo.Core.Compliance.Database", "CORE.Compliance\Nexxo.Core.Compliance.Database\Nexxo.Core.Compliance.Database.csproj", "{EB6659B7-2A50-49C2-A6E7-752FF14C4A18}"
EndProject
Project("{FAE04EC0-301F-11D3-BF4B-00C04F79EFBC}") = "Nexxo.CXN.MT.WU.Database", "CXN.Xfr\Nexxo.CXN.MT.WU.Database\Nexxo.CXN.MT.WU.Database.csproj", "{7B0FF3C9-447A-48C9-ACAC-736C7B75274C}"
EndProject
Project("{FAE04EC0-301F-11D3-BF4B-00C04F79EFBC}") = "MGI.Cxn.Fund.Visa.Database", "CXN.Funds\MGI.Cxn.Fund.Visa.Database\MGI.Cxn.Fund.Visa.Database.csproj", "{FE45E842-8598-48C0-985A-B3C61FB302B7}"
EndProject
Project("{FAE04EC0-301F-11D3-BF4B-00C04F79EFBC}") = "Nexxo.Cxn.Check.Database", "CXN.Checks\Nexxo.Cxn.Check.Database\Nexxo.Cxn.Check.Database.csproj", "{497CB9E1-329F-4330-9101-0EE164984DA9}"
EndProject
Project("{FAE04EC0-301F-11D3-BF4B-00C04F79EFBC}") = "MGI.Cxn.Customer.TCIS.Database", "CXN.Customer\MGI.Cxn.Customer.TCIS.Database\MGI.Cxn.Customer.TCIS.Database.csproj", "{5176A3AF-BF72-4165-96F6-A243C4A0DCCD}"
EndProject
Project("{FAE04EC0-301F-11D3-BF4B-00C04F79EFBC}") = "Nexxo.CXN.BP.CheckFree.Database", "CXN.BillPay\Nexxo.CXN.BP.CheckFree.Database\Nexxo.CXN.BP.CheckFree.Database.csproj", "{A8F27972-CAD2-4873-AA7F-B72284A424D6}"
EndProject
Project("{FAE04EC0-301F-11D3-BF4B-00C04F79EFBC}") = "Nexxo.CXN.BP.WU.Database", "CXN.BillPay\Nexxo.CXN.BP.WU.Database\Nexxo.CXN.BP.WU.Database.csproj", "{681B4E68-0D38-4C98-AA0B-DEECBDFDF541}"
EndProject
Project("{FAE04EC0-301F-11D3-BF4B-00C04F79EFBC}") = "Nexxo.Cxn.Customer.CCIS.Database", "CXN.Customer\Nexxo.Cxn.Customer.CCIS.Database\Nexxo.Cxn.Customer.CCIS.Database.csproj", "{88767184-62F2-4FBE-AAC8-8FF83508E2DF}"
EndProject
Project("{FAE04EC0-301F-11D3-BF4B-00C04F79EFBC}") = "Nexxo.Cxn.Customer.FIS.Database", "CXN.Customer\Nexxo.Cxn.Customer.FIS.Database\Nexxo.Cxn.Customer.FIS.Database.csproj", "{FAD703ED-8C13-4593-A4E7-EAD587885650}"
EndProject
Project("{FAE04EC0-301F-11D3-BF4B-00C04F79EFBC}") = "Nexxo.Cxn.Fund.FirstView.Database", "CXN.Funds\Nexxo.Cxn.Fund.FirstView.Database\Nexxo.Cxn.Fund.FirstView.Database.csproj", "{0D4DA3DF-2DEB-49BB-9341-278DFAB863EB}"
EndProject
Project("{FAE04EC0-301F-11D3-BF4B-00C04F79EFBC}") = "Nexxo.Cxn.Fund.TSys.Database", "CXN.Funds\Nexxo.Cxn.Fund.TSys.Database\Nexxo.Cxn.Fund.TSys.Database.csproj", "{283B09AB-0EDB-4208-A0FA-E7B83A2D2DA2}"
EndProject
Project("{FAE04EC0-301F-11D3-BF4B-00C04F79EFBC}") = "Nexxo.CI.Seed.Database", "CMMN\Nexxo.CI.Seed.Database\Nexxo.CI.Seed.Database.csproj", "{62CD93B4-CA47-4902-BCD7-D7F8B38E1837}"
EndProject
Project("{FAE04EC0-301F-11D3-BF4B-00C04F79EFBC}") = "Nexxo.CI.Setup.Database", "CMMN\Nexxo.CI.Setup.Database\Nexxo.CI.Setup.Database.csproj", "{C9DF54E0-91BB-4936-AACD-88287193ABC3}"
EndProject
Project("{FAE04EC0-301F-11D3-BF4B-00C04F79EFBC}") = "Nexxo.Common.ODS.Database", "CMMN\Nexxo.Common.ODS.Database\Nexxo.Common.ODS.Database.csproj", "{5158BF67-68E3-48CE-A4EE-ED20E3966D6E}"
EndProject
Project("{FAE04EC0-301F-11D3-BF4B-00C04F79EFBC}") = "Nexxo.Cxn.Database", "CXN.Xfr\Nexxo.Cxn.Database\Nexxo.Cxn.Database.csproj", "{557EB81C-CFEE-4506-92C7-4BD5E94FB06E}"
EndProject
Project("{FAE04EC0-301F-11D3-BF4B-00C04F79EFBC}") = "MGI.Cxn.Check.Certegy.Database", "CXN.Checks\MGI.Cxn.Check.Certegy.Database\MGI.Cxn.Check.Certegy.Database.csproj", "{59B3DB86-C5CE-4E0B-91B3-FB8F5A1B1D9B}"
EndProject
Project("{FAE04EC0-301F-11D3-BF4B-00C04F79EFBC}") = "Nexxo.CXN.BP.NYCHA.Database", "CXN.BillPay\Nexxo.CXN.BP.NYCHA.Database\Nexxo.CXN.BP.NYCHA.Database.csproj", "{A0BEB060-834A-4FA8-95B9-842614F28AE5}"
EndProject
Project("{FAE04EC0-301F-11D3-BF4B-00C04F79EFBC}") = "TCF.Zeo.Database", "Alloy\TCF.Zeo.Database\TCF.Zeo.Database.csproj", "{642CAD59-7BAF-45BB-881C-91084FAF0F04}"
EndProject
Global
	GlobalSection(SolutionConfigurationPlatforms) = preSolution
		Debug|Any CPU = Debug|Any CPU
		Debug|Mixed Platforms = Debug|Mixed Platforms
		Debug|x64 = Debug|x64
		Debug|x86 = Debug|x86
		Release|Any CPU = Release|Any CPU
		Release|Mixed Platforms = Release|Mixed Platforms
		Release|x64 = Release|x64
		Release|x86 = Release|x86
		Test|Any CPU = Test|Any CPU
		Test|Mixed Platforms = Test|Mixed Platforms
		Test|x64 = Test|x64
		Test|x86 = Test|x86
	EndGlobalSection
	GlobalSection(ProjectConfigurationPlatforms) = postSolution
		{6699E25D-763A-4E4F-972C-4398AB685B76}.Debug|Any CPU.ActiveCfg = Debug|x86
		{6699E25D-763A-4E4F-972C-4398AB685B76}.Debug|Mixed Platforms.ActiveCfg = Debug|x86
		{6699E25D-763A-4E4F-972C-4398AB685B76}.Debug|Mixed Platforms.Build.0 = Debug|x86
		{6699E25D-763A-4E4F-972C-4398AB685B76}.Debug|x64.ActiveCfg = Debug|x86
		{6699E25D-763A-4E4F-972C-4398AB685B76}.Debug|x86.ActiveCfg = Debug|x86
		{6699E25D-763A-4E4F-972C-4398AB685B76}.Debug|x86.Build.0 = Debug|x86
		{6699E25D-763A-4E4F-972C-4398AB685B76}.Release|Any CPU.ActiveCfg = Release|x86
		{6699E25D-763A-4E4F-972C-4398AB685B76}.Release|Mixed Platforms.ActiveCfg = Release|x86
		{6699E25D-763A-4E4F-972C-4398AB685B76}.Release|Mixed Platforms.Build.0 = Release|x86
		{6699E25D-763A-4E4F-972C-4398AB685B76}.Release|x64.ActiveCfg = Release|x86
		{6699E25D-763A-4E4F-972C-4398AB685B76}.Release|x86.ActiveCfg = Release|x86
		{6699E25D-763A-4E4F-972C-4398AB685B76}.Release|x86.Build.0 = Release|x86
		{6699E25D-763A-4E4F-972C-4398AB685B76}.Test|Any CPU.ActiveCfg = Release|x86
		{6699E25D-763A-4E4F-972C-4398AB685B76}.Test|Mixed Platforms.ActiveCfg = Release|x86
		{6699E25D-763A-4E4F-972C-4398AB685B76}.Test|Mixed Platforms.Build.0 = Release|x86
		{6699E25D-763A-4E4F-972C-4398AB685B76}.Test|x64.ActiveCfg = Release|x86
		{6699E25D-763A-4E4F-972C-4398AB685B76}.Test|x86.ActiveCfg = Release|x86
		{6699E25D-763A-4E4F-972C-4398AB685B76}.Test|x86.Build.0 = Release|x86
		{391EE69E-3388-4103-AA73-C39714BA9CEE}.Debug|Any CPU.ActiveCfg = Debug|x86
		{391EE69E-3388-4103-AA73-C39714BA9CEE}.Debug|Mixed Platforms.ActiveCfg = Debug|x86
		{391EE69E-3388-4103-AA73-C39714BA9CEE}.Debug|Mixed Platforms.Build.0 = Debug|x86
		{391EE69E-3388-4103-AA73-C39714BA9CEE}.Debug|x64.ActiveCfg = Debug|x86
		{391EE69E-3388-4103-AA73-C39714BA9CEE}.Debug|x86.ActiveCfg = Debug|x86
		{391EE69E-3388-4103-AA73-C39714BA9CEE}.Debug|x86.Build.0 = Debug|x86
		{391EE69E-3388-4103-AA73-C39714BA9CEE}.Release|Any CPU.ActiveCfg = Release|x86
		{391EE69E-3388-4103-AA73-C39714BA9CEE}.Release|Mixed Platforms.ActiveCfg = Release|x86
		{391EE69E-3388-4103-AA73-C39714BA9CEE}.Release|Mixed Platforms.Build.0 = Release|x86
		{391EE69E-3388-4103-AA73-C39714BA9CEE}.Release|x64.ActiveCfg = Release|x86
		{391EE69E-3388-4103-AA73-C39714BA9CEE}.Release|x86.ActiveCfg = Release|x86
		{391EE69E-3388-4103-AA73-C39714BA9CEE}.Release|x86.Build.0 = Release|x86
		{391EE69E-3388-4103-AA73-C39714BA9CEE}.Test|Any CPU.ActiveCfg = Release|x86
		{391EE69E-3388-4103-AA73-C39714BA9CEE}.Test|Mixed Platforms.ActiveCfg = Release|x86
		{391EE69E-3388-4103-AA73-C39714BA9CEE}.Test|Mixed Platforms.Build.0 = Release|x86
		{391EE69E-3388-4103-AA73-C39714BA9CEE}.Test|x64.ActiveCfg = Release|x86
		{391EE69E-3388-4103-AA73-C39714BA9CEE}.Test|x86.ActiveCfg = Release|x86
		{391EE69E-3388-4103-AA73-C39714BA9CEE}.Test|x86.Build.0 = Release|x86
		{83A6D70F-17DF-4E75-850F-139E9450BFCC}.Debug|Any CPU.ActiveCfg = Debug|x86
		{83A6D70F-17DF-4E75-850F-139E9450BFCC}.Debug|Mixed Platforms.ActiveCfg = Debug|x86
		{83A6D70F-17DF-4E75-850F-139E9450BFCC}.Debug|Mixed Platforms.Build.0 = Debug|x86
		{83A6D70F-17DF-4E75-850F-139E9450BFCC}.Debug|x64.ActiveCfg = Debug|x86
		{83A6D70F-17DF-4E75-850F-139E9450BFCC}.Debug|x86.ActiveCfg = Debug|x86
		{83A6D70F-17DF-4E75-850F-139E9450BFCC}.Debug|x86.Build.0 = Debug|x86
		{83A6D70F-17DF-4E75-850F-139E9450BFCC}.Release|Any CPU.ActiveCfg = Release|x86
		{83A6D70F-17DF-4E75-850F-139E9450BFCC}.Release|Mixed Platforms.ActiveCfg = Release|x86
		{83A6D70F-17DF-4E75-850F-139E9450BFCC}.Release|Mixed Platforms.Build.0 = Release|x86
		{83A6D70F-17DF-4E75-850F-139E9450BFCC}.Release|x64.ActiveCfg = Release|x86
		{83A6D70F-17DF-4E75-850F-139E9450BFCC}.Release|x86.ActiveCfg = Release|x86
		{83A6D70F-17DF-4E75-850F-139E9450BFCC}.Release|x86.Build.0 = Release|x86
		{83A6D70F-17DF-4E75-850F-139E9450BFCC}.Test|Any CPU.ActiveCfg = Release|x86
		{83A6D70F-17DF-4E75-850F-139E9450BFCC}.Test|Mixed Platforms.ActiveCfg = Release|x86
		{83A6D70F-17DF-4E75-850F-139E9450BFCC}.Test|Mixed Platforms.Build.0 = Release|x86
		{83A6D70F-17DF-4E75-850F-139E9450BFCC}.Test|x64.ActiveCfg = Release|x86
		{83A6D70F-17DF-4E75-850F-139E9450BFCC}.Test|x86.ActiveCfg = Release|x86
		{83A6D70F-17DF-4E75-850F-139E9450BFCC}.Test|x86.Build.0 = Release|x86
		{6DB156A6-B5E0-4914-B407-CA3A6139BB4E}.Debug|Any CPU.ActiveCfg = Debug|x86
		{6DB156A6-B5E0-4914-B407-CA3A6139BB4E}.Debug|Mixed Platforms.ActiveCfg = Debug|x86
		{6DB156A6-B5E0-4914-B407-CA3A6139BB4E}.Debug|Mixed Platforms.Build.0 = Debug|x86
		{6DB156A6-B5E0-4914-B407-CA3A6139BB4E}.Debug|x64.ActiveCfg = Debug|x86
		{6DB156A6-B5E0-4914-B407-CA3A6139BB4E}.Debug|x86.ActiveCfg = Debug|x86
		{6DB156A6-B5E0-4914-B407-CA3A6139BB4E}.Debug|x86.Build.0 = Debug|x86
		{6DB156A6-B5E0-4914-B407-CA3A6139BB4E}.Release|Any CPU.ActiveCfg = Release|x86
		{6DB156A6-B5E0-4914-B407-CA3A6139BB4E}.Release|Mixed Platforms.ActiveCfg = Release|x86
		{6DB156A6-B5E0-4914-B407-CA3A6139BB4E}.Release|Mixed Platforms.Build.0 = Release|x86
		{6DB156A6-B5E0-4914-B407-CA3A6139BB4E}.Release|x64.ActiveCfg = Release|x86
		{6DB156A6-B5E0-4914-B407-CA3A6139BB4E}.Release|x86.ActiveCfg = Release|x86
		{6DB156A6-B5E0-4914-B407-CA3A6139BB4E}.Release|x86.Build.0 = Release|x86
		{6DB156A6-B5E0-4914-B407-CA3A6139BB4E}.Test|Any CPU.ActiveCfg = Release|x86
		{6DB156A6-B5E0-4914-B407-CA3A6139BB4E}.Test|Mixed Platforms.ActiveCfg = Release|x86
		{6DB156A6-B5E0-4914-B407-CA3A6139BB4E}.Test|Mixed Platforms.Build.0 = Release|x86
		{6DB156A6-B5E0-4914-B407-CA3A6139BB4E}.Test|x64.ActiveCfg = Release|x86
		{6DB156A6-B5E0-4914-B407-CA3A6139BB4E}.Test|x86.ActiveCfg = Release|x86
		{6DB156A6-B5E0-4914-B407-CA3A6139BB4E}.Test|x86.Build.0 = Release|x86
		{818B8478-8EAD-42EB-971C-BC715310204C}.Debug|Any CPU.ActiveCfg = Debug|x86
		{818B8478-8EAD-42EB-971C-BC715310204C}.Debug|Mixed Platforms.ActiveCfg = Debug|x86
		{818B8478-8EAD-42EB-971C-BC715310204C}.Debug|Mixed Platforms.Build.0 = Debug|x86
		{818B8478-8EAD-42EB-971C-BC715310204C}.Debug|x64.ActiveCfg = Debug|x86
		{818B8478-8EAD-42EB-971C-BC715310204C}.Debug|x86.ActiveCfg = Debug|x86
		{818B8478-8EAD-42EB-971C-BC715310204C}.Debug|x86.Build.0 = Debug|x86
		{818B8478-8EAD-42EB-971C-BC715310204C}.Release|Any CPU.ActiveCfg = Release|x86
		{818B8478-8EAD-42EB-971C-BC715310204C}.Release|Mixed Platforms.ActiveCfg = Release|x86
		{818B8478-8EAD-42EB-971C-BC715310204C}.Release|Mixed Platforms.Build.0 = Release|x86
		{818B8478-8EAD-42EB-971C-BC715310204C}.Release|x64.ActiveCfg = Release|x86
		{818B8478-8EAD-42EB-971C-BC715310204C}.Release|x86.ActiveCfg = Release|x86
		{818B8478-8EAD-42EB-971C-BC715310204C}.Release|x86.Build.0 = Release|x86
		{818B8478-8EAD-42EB-971C-BC715310204C}.Test|Any CPU.ActiveCfg = Release|x86
		{818B8478-8EAD-42EB-971C-BC715310204C}.Test|Mixed Platforms.ActiveCfg = Release|x86
		{818B8478-8EAD-42EB-971C-BC715310204C}.Test|Mixed Platforms.Build.0 = Release|x86
		{818B8478-8EAD-42EB-971C-BC715310204C}.Test|x64.ActiveCfg = Release|x86
		{818B8478-8EAD-42EB-971C-BC715310204C}.Test|x86.ActiveCfg = Release|x86
		{818B8478-8EAD-42EB-971C-BC715310204C}.Test|x86.Build.0 = Release|x86
		{29BB29A3-8C8E-4C37-B61B-0BE17A74E86B}.Debug|Any CPU.ActiveCfg = Debug|x86
		{29BB29A3-8C8E-4C37-B61B-0BE17A74E86B}.Debug|Mixed Platforms.ActiveCfg = Debug|x86
		{29BB29A3-8C8E-4C37-B61B-0BE17A74E86B}.Debug|Mixed Platforms.Build.0 = Debug|x86
		{29BB29A3-8C8E-4C37-B61B-0BE17A74E86B}.Debug|x64.ActiveCfg = Debug|x86
		{29BB29A3-8C8E-4C37-B61B-0BE17A74E86B}.Debug|x86.ActiveCfg = Debug|x86
		{29BB29A3-8C8E-4C37-B61B-0BE17A74E86B}.Debug|x86.Build.0 = Debug|x86
		{29BB29A3-8C8E-4C37-B61B-0BE17A74E86B}.Release|Any CPU.ActiveCfg = Release|x86
		{29BB29A3-8C8E-4C37-B61B-0BE17A74E86B}.Release|Mixed Platforms.ActiveCfg = Release|x86
		{29BB29A3-8C8E-4C37-B61B-0BE17A74E86B}.Release|Mixed Platforms.Build.0 = Release|x86
		{29BB29A3-8C8E-4C37-B61B-0BE17A74E86B}.Release|x64.ActiveCfg = Release|x86
		{29BB29A3-8C8E-4C37-B61B-0BE17A74E86B}.Release|x86.ActiveCfg = Release|x86
		{29BB29A3-8C8E-4C37-B61B-0BE17A74E86B}.Release|x86.Build.0 = Release|x86
		{29BB29A3-8C8E-4C37-B61B-0BE17A74E86B}.Test|Any CPU.ActiveCfg = Release|x86
		{29BB29A3-8C8E-4C37-B61B-0BE17A74E86B}.Test|Mixed Platforms.ActiveCfg = Release|x86
		{29BB29A3-8C8E-4C37-B61B-0BE17A74E86B}.Test|Mixed Platforms.Build.0 = Release|x86
		{29BB29A3-8C8E-4C37-B61B-0BE17A74E86B}.Test|x64.ActiveCfg = Release|x86
		{29BB29A3-8C8E-4C37-B61B-0BE17A74E86B}.Test|x86.ActiveCfg = Release|x86
		{29BB29A3-8C8E-4C37-B61B-0BE17A74E86B}.Test|x86.Build.0 = Release|x86
		{EB6659B7-2A50-49C2-A6E7-752FF14C4A18}.Debug|Any CPU.ActiveCfg = Debug|x86
		{EB6659B7-2A50-49C2-A6E7-752FF14C4A18}.Debug|Mixed Platforms.ActiveCfg = Debug|x86
		{EB6659B7-2A50-49C2-A6E7-752FF14C4A18}.Debug|Mixed Platforms.Build.0 = Debug|x86
		{EB6659B7-2A50-49C2-A6E7-752FF14C4A18}.Debug|x64.ActiveCfg = Debug|Any CPU
		{EB6659B7-2A50-49C2-A6E7-752FF14C4A18}.Debug|x86.ActiveCfg = Debug|x86
		{EB6659B7-2A50-49C2-A6E7-752FF14C4A18}.Debug|x86.Build.0 = Debug|x86
		{EB6659B7-2A50-49C2-A6E7-752FF14C4A18}.Release|Any CPU.ActiveCfg = Release|x86
		{EB6659B7-2A50-49C2-A6E7-752FF14C4A18}.Release|Mixed Platforms.ActiveCfg = Release|x86
		{EB6659B7-2A50-49C2-A6E7-752FF14C4A18}.Release|Mixed Platforms.Build.0 = Release|x86
		{EB6659B7-2A50-49C2-A6E7-752FF14C4A18}.Release|x64.ActiveCfg = Release|Any CPU
		{EB6659B7-2A50-49C2-A6E7-752FF14C4A18}.Release|x86.ActiveCfg = Release|x86
		{EB6659B7-2A50-49C2-A6E7-752FF14C4A18}.Release|x86.Build.0 = Release|x86
		{EB6659B7-2A50-49C2-A6E7-752FF14C4A18}.Test|Any CPU.ActiveCfg = Release|x86
		{EB6659B7-2A50-49C2-A6E7-752FF14C4A18}.Test|Mixed Platforms.ActiveCfg = Release|x86
		{EB6659B7-2A50-49C2-A6E7-752FF14C4A18}.Test|Mixed Platforms.Build.0 = Release|x86
		{EB6659B7-2A50-49C2-A6E7-752FF14C4A18}.Test|x64.ActiveCfg = Release|Any CPU
		{EB6659B7-2A50-49C2-A6E7-752FF14C4A18}.Test|x86.ActiveCfg = Release|x86
		{EB6659B7-2A50-49C2-A6E7-752FF14C4A18}.Test|x86.Build.0 = Release|x86
		{7B0FF3C9-447A-48C9-ACAC-736C7B75274C}.Debug|Any CPU.ActiveCfg = Debug|x86
		{7B0FF3C9-447A-48C9-ACAC-736C7B75274C}.Debug|Mixed Platforms.ActiveCfg = Debug|x86
		{7B0FF3C9-447A-48C9-ACAC-736C7B75274C}.Debug|Mixed Platforms.Build.0 = Debug|x86
		{7B0FF3C9-447A-48C9-ACAC-736C7B75274C}.Debug|x64.ActiveCfg = Debug|x64
		{7B0FF3C9-447A-48C9-ACAC-736C7B75274C}.Debug|x64.Build.0 = Debug|x64
		{7B0FF3C9-447A-48C9-ACAC-736C7B75274C}.Debug|x86.ActiveCfg = Debug|x86
		{7B0FF3C9-447A-48C9-ACAC-736C7B75274C}.Debug|x86.Build.0 = Debug|x86
		{7B0FF3C9-447A-48C9-ACAC-736C7B75274C}.Release|Any CPU.ActiveCfg = Release|x86
		{7B0FF3C9-447A-48C9-ACAC-736C7B75274C}.Release|Mixed Platforms.ActiveCfg = Release|x86
		{7B0FF3C9-447A-48C9-ACAC-736C7B75274C}.Release|Mixed Platforms.Build.0 = Release|x86
		{7B0FF3C9-447A-48C9-ACAC-736C7B75274C}.Release|x64.ActiveCfg = Release|x64
		{7B0FF3C9-447A-48C9-ACAC-736C7B75274C}.Release|x64.Build.0 = Release|x64
		{7B0FF3C9-447A-48C9-ACAC-736C7B75274C}.Release|x86.ActiveCfg = Release|x86
		{7B0FF3C9-447A-48C9-ACAC-736C7B75274C}.Release|x86.Build.0 = Release|x86
		{7B0FF3C9-447A-48C9-ACAC-736C7B75274C}.Test|Any CPU.ActiveCfg = Release|x86
		{7B0FF3C9-447A-48C9-ACAC-736C7B75274C}.Test|Mixed Platforms.ActiveCfg = Release|x86
		{7B0FF3C9-447A-48C9-ACAC-736C7B75274C}.Test|Mixed Platforms.Build.0 = Release|x86
		{7B0FF3C9-447A-48C9-ACAC-736C7B75274C}.Test|x64.ActiveCfg = Release|x64
		{7B0FF3C9-447A-48C9-ACAC-736C7B75274C}.Test|x64.Build.0 = Release|x64
		{7B0FF3C9-447A-48C9-ACAC-736C7B75274C}.Test|x86.ActiveCfg = Release|x86
		{7B0FF3C9-447A-48C9-ACAC-736C7B75274C}.Test|x86.Build.0 = Release|x86
		{FE45E842-8598-48C0-985A-B3C61FB302B7}.Debug|Any CPU.ActiveCfg = Debug|Any CPU
		{FE45E842-8598-48C0-985A-B3C61FB302B7}.Debug|Any CPU.Build.0 = Debug|Any CPU
		{FE45E842-8598-48C0-985A-B3C61FB302B7}.Debug|Mixed Platforms.ActiveCfg = Debug|x86
		{FE45E842-8598-48C0-985A-B3C61FB302B7}.Debug|Mixed Platforms.Build.0 = Debug|x86
		{FE45E842-8598-48C0-985A-B3C61FB302B7}.Debug|x64.ActiveCfg = Debug|Any CPU
		{FE45E842-8598-48C0-985A-B3C61FB302B7}.Debug|x86.ActiveCfg = Debug|x86
		{FE45E842-8598-48C0-985A-B3C61FB302B7}.Debug|x86.Build.0 = Debug|x86
		{FE45E842-8598-48C0-985A-B3C61FB302B7}.Release|Any CPU.ActiveCfg = Release|Any CPU
		{FE45E842-8598-48C0-985A-B3C61FB302B7}.Release|Any CPU.Build.0 = Release|Any CPU
		{FE45E842-8598-48C0-985A-B3C61FB302B7}.Release|Mixed Platforms.ActiveCfg = Release|Any CPU
		{FE45E842-8598-48C0-985A-B3C61FB302B7}.Release|Mixed Platforms.Build.0 = Release|Any CPU
		{FE45E842-8598-48C0-985A-B3C61FB302B7}.Release|x64.ActiveCfg = Release|Any CPU
		{FE45E842-8598-48C0-985A-B3C61FB302B7}.Release|x86.ActiveCfg = Release|Any CPU
		{FE45E842-8598-48C0-985A-B3C61FB302B7}.Test|Any CPU.ActiveCfg = Release|Any CPU
		{FE45E842-8598-48C0-985A-B3C61FB302B7}.Test|Any CPU.Build.0 = Release|Any CPU
		{FE45E842-8598-48C0-985A-B3C61FB302B7}.Test|Mixed Platforms.ActiveCfg = Release|Any CPU
		{FE45E842-8598-48C0-985A-B3C61FB302B7}.Test|Mixed Platforms.Build.0 = Release|Any CPU
		{FE45E842-8598-48C0-985A-B3C61FB302B7}.Test|x64.ActiveCfg = Release|Any CPU
		{FE45E842-8598-48C0-985A-B3C61FB302B7}.Test|x86.ActiveCfg = Release|x86
		{497CB9E1-329F-4330-9101-0EE164984DA9}.Debug|Any CPU.ActiveCfg = Debug|x86
		{497CB9E1-329F-4330-9101-0EE164984DA9}.Debug|Mixed Platforms.ActiveCfg = Debug|x86
		{497CB9E1-329F-4330-9101-0EE164984DA9}.Debug|Mixed Platforms.Build.0 = Debug|x86
		{497CB9E1-329F-4330-9101-0EE164984DA9}.Debug|x64.ActiveCfg = Debug|x86
		{497CB9E1-329F-4330-9101-0EE164984DA9}.Debug|x86.ActiveCfg = Debug|x86
		{497CB9E1-329F-4330-9101-0EE164984DA9}.Debug|x86.Build.0 = Debug|x86
		{497CB9E1-329F-4330-9101-0EE164984DA9}.Release|Any CPU.ActiveCfg = Release|x86
		{497CB9E1-329F-4330-9101-0EE164984DA9}.Release|Mixed Platforms.ActiveCfg = Release|x86
		{497CB9E1-329F-4330-9101-0EE164984DA9}.Release|Mixed Platforms.Build.0 = Release|x86
		{497CB9E1-329F-4330-9101-0EE164984DA9}.Release|x64.ActiveCfg = Release|x86
		{497CB9E1-329F-4330-9101-0EE164984DA9}.Release|x86.ActiveCfg = Release|x86
		{497CB9E1-329F-4330-9101-0EE164984DA9}.Release|x86.Build.0 = Release|x86
		{497CB9E1-329F-4330-9101-0EE164984DA9}.Test|Any CPU.ActiveCfg = Release|x86
		{497CB9E1-329F-4330-9101-0EE164984DA9}.Test|Mixed Platforms.ActiveCfg = Release|x86
		{497CB9E1-329F-4330-9101-0EE164984DA9}.Test|Mixed Platforms.Build.0 = Release|x86
		{497CB9E1-329F-4330-9101-0EE164984DA9}.Test|x64.ActiveCfg = Release|x86
		{497CB9E1-329F-4330-9101-0EE164984DA9}.Test|x86.ActiveCfg = Release|x86
		{497CB9E1-329F-4330-9101-0EE164984DA9}.Test|x86.Build.0 = Release|x86
		{5176A3AF-BF72-4165-96F6-A243C4A0DCCD}.Debug|Any CPU.ActiveCfg = Debug|Any CPU
		{5176A3AF-BF72-4165-96F6-A243C4A0DCCD}.Debug|Any CPU.Build.0 = Debug|Any CPU
		{5176A3AF-BF72-4165-96F6-A243C4A0DCCD}.Debug|Mixed Platforms.ActiveCfg = Debug|x86
		{5176A3AF-BF72-4165-96F6-A243C4A0DCCD}.Debug|Mixed Platforms.Build.0 = Debug|x86
		{5176A3AF-BF72-4165-96F6-A243C4A0DCCD}.Debug|x64.ActiveCfg = Debug|Any CPU
		{5176A3AF-BF72-4165-96F6-A243C4A0DCCD}.Debug|x86.ActiveCfg = Debug|x86
		{5176A3AF-BF72-4165-96F6-A243C4A0DCCD}.Debug|x86.Build.0 = Debug|x86
		{5176A3AF-BF72-4165-96F6-A243C4A0DCCD}.Release|Any CPU.ActiveCfg = Release|Any CPU
		{5176A3AF-BF72-4165-96F6-A243C4A0DCCD}.Release|Any CPU.Build.0 = Release|Any CPU
		{5176A3AF-BF72-4165-96F6-A243C4A0DCCD}.Release|Mixed Platforms.ActiveCfg = Release|Any CPU
		{5176A3AF-BF72-4165-96F6-A243C4A0DCCD}.Release|Mixed Platforms.Build.0 = Release|Any CPU
		{5176A3AF-BF72-4165-96F6-A243C4A0DCCD}.Release|x64.ActiveCfg = Release|Any CPU
		{5176A3AF-BF72-4165-96F6-A243C4A0DCCD}.Release|x86.ActiveCfg = Release|Any CPU
		{5176A3AF-BF72-4165-96F6-A243C4A0DCCD}.Test|Any CPU.ActiveCfg = Release|Any CPU
		{5176A3AF-BF72-4165-96F6-A243C4A0DCCD}.Test|Any CPU.Build.0 = Release|Any CPU
		{5176A3AF-BF72-4165-96F6-A243C4A0DCCD}.Test|Mixed Platforms.ActiveCfg = Release|Any CPU
		{5176A3AF-BF72-4165-96F6-A243C4A0DCCD}.Test|Mixed Platforms.Build.0 = Release|Any CPU
		{5176A3AF-BF72-4165-96F6-A243C4A0DCCD}.Test|x64.ActiveCfg = Release|Any CPU
		{5176A3AF-BF72-4165-96F6-A243C4A0DCCD}.Test|x86.ActiveCfg = Release|x86
		{A8F27972-CAD2-4873-AA7F-B72284A424D6}.Debug|Any CPU.ActiveCfg = Debug|x86
		{A8F27972-CAD2-4873-AA7F-B72284A424D6}.Debug|Mixed Platforms.ActiveCfg = Debug|x86
		{A8F27972-CAD2-4873-AA7F-B72284A424D6}.Debug|Mixed Platforms.Build.0 = Debug|x86
		{A8F27972-CAD2-4873-AA7F-B72284A424D6}.Debug|x64.ActiveCfg = Debug|x86
		{A8F27972-CAD2-4873-AA7F-B72284A424D6}.Debug|x86.ActiveCfg = Debug|x86
		{A8F27972-CAD2-4873-AA7F-B72284A424D6}.Debug|x86.Build.0 = Debug|x86
		{A8F27972-CAD2-4873-AA7F-B72284A424D6}.Release|Any CPU.ActiveCfg = Release|x86
		{A8F27972-CAD2-4873-AA7F-B72284A424D6}.Release|Mixed Platforms.ActiveCfg = Release|x86
		{A8F27972-CAD2-4873-AA7F-B72284A424D6}.Release|Mixed Platforms.Build.0 = Release|x86
		{A8F27972-CAD2-4873-AA7F-B72284A424D6}.Release|x64.ActiveCfg = Release|x86
		{A8F27972-CAD2-4873-AA7F-B72284A424D6}.Release|x86.ActiveCfg = Release|x86
		{A8F27972-CAD2-4873-AA7F-B72284A424D6}.Release|x86.Build.0 = Release|x86
		{A8F27972-CAD2-4873-AA7F-B72284A424D6}.Test|Any CPU.ActiveCfg = Release|x86
		{A8F27972-CAD2-4873-AA7F-B72284A424D6}.Test|Mixed Platforms.ActiveCfg = Release|x86
		{A8F27972-CAD2-4873-AA7F-B72284A424D6}.Test|Mixed Platforms.Build.0 = Release|x86
		{A8F27972-CAD2-4873-AA7F-B72284A424D6}.Test|x64.ActiveCfg = Release|x86
		{A8F27972-CAD2-4873-AA7F-B72284A424D6}.Test|x86.ActiveCfg = Release|x86
		{A8F27972-CAD2-4873-AA7F-B72284A424D6}.Test|x86.Build.0 = Release|x86
		{681B4E68-0D38-4C98-AA0B-DEECBDFDF541}.Debug|Any CPU.ActiveCfg = Debug|x86
		{681B4E68-0D38-4C98-AA0B-DEECBDFDF541}.Debug|Mixed Platforms.ActiveCfg = Debug|x86
		{681B4E68-0D38-4C98-AA0B-DEECBDFDF541}.Debug|Mixed Platforms.Build.0 = Debug|x86
		{681B4E68-0D38-4C98-AA0B-DEECBDFDF541}.Debug|x64.ActiveCfg = Debug|x86
		{681B4E68-0D38-4C98-AA0B-DEECBDFDF541}.Debug|x86.ActiveCfg = Debug|x86
		{681B4E68-0D38-4C98-AA0B-DEECBDFDF541}.Debug|x86.Build.0 = Debug|x86
		{681B4E68-0D38-4C98-AA0B-DEECBDFDF541}.Release|Any CPU.ActiveCfg = Release|x86
		{681B4E68-0D38-4C98-AA0B-DEECBDFDF541}.Release|Mixed Platforms.ActiveCfg = Release|x86
		{681B4E68-0D38-4C98-AA0B-DEECBDFDF541}.Release|Mixed Platforms.Build.0 = Release|x86
		{681B4E68-0D38-4C98-AA0B-DEECBDFDF541}.Release|x64.ActiveCfg = Release|x86
		{681B4E68-0D38-4C98-AA0B-DEECBDFDF541}.Release|x86.ActiveCfg = Release|x86
		{681B4E68-0D38-4C98-AA0B-DEECBDFDF541}.Release|x86.Build.0 = Release|x86
		{681B4E68-0D38-4C98-AA0B-DEECBDFDF541}.Test|Any CPU.ActiveCfg = Release|x86
		{681B4E68-0D38-4C98-AA0B-DEECBDFDF541}.Test|Mixed Platforms.ActiveCfg = Release|x86
		{681B4E68-0D38-4C98-AA0B-DEECBDFDF541}.Test|Mixed Platforms.Build.0 = Release|x86
		{681B4E68-0D38-4C98-AA0B-DEECBDFDF541}.Test|x64.ActiveCfg = Release|x86
		{681B4E68-0D38-4C98-AA0B-DEECBDFDF541}.Test|x86.ActiveCfg = Release|x86
		{681B4E68-0D38-4C98-AA0B-DEECBDFDF541}.Test|x86.Build.0 = Release|x86
		{88767184-62F2-4FBE-AAC8-8FF83508E2DF}.Debug|Any CPU.ActiveCfg = Debug|x86
		{88767184-62F2-4FBE-AAC8-8FF83508E2DF}.Debug|Mixed Platforms.ActiveCfg = Debug|x86
		{88767184-62F2-4FBE-AAC8-8FF83508E2DF}.Debug|Mixed Platforms.Build.0 = Debug|x86
		{88767184-62F2-4FBE-AAC8-8FF83508E2DF}.Debug|x64.ActiveCfg = Debug|x86
		{88767184-62F2-4FBE-AAC8-8FF83508E2DF}.Debug|x86.ActiveCfg = Debug|x86
		{88767184-62F2-4FBE-AAC8-8FF83508E2DF}.Debug|x86.Build.0 = Debug|x86
		{88767184-62F2-4FBE-AAC8-8FF83508E2DF}.Release|Any CPU.ActiveCfg = Release|x86
		{88767184-62F2-4FBE-AAC8-8FF83508E2DF}.Release|Mixed Platforms.ActiveCfg = Release|x86
		{88767184-62F2-4FBE-AAC8-8FF83508E2DF}.Release|Mixed Platforms.Build.0 = Release|x86
		{88767184-62F2-4FBE-AAC8-8FF83508E2DF}.Release|x64.ActiveCfg = Release|x86
		{88767184-62F2-4FBE-AAC8-8FF83508E2DF}.Release|x86.ActiveCfg = Release|x86
		{88767184-62F2-4FBE-AAC8-8FF83508E2DF}.Release|x86.Build.0 = Release|x86
		{88767184-62F2-4FBE-AAC8-8FF83508E2DF}.Test|Any CPU.ActiveCfg = Release|x86
		{88767184-62F2-4FBE-AAC8-8FF83508E2DF}.Test|Mixed Platforms.ActiveCfg = Release|x86
		{88767184-62F2-4FBE-AAC8-8FF83508E2DF}.Test|Mixed Platforms.Build.0 = Release|x86
		{88767184-62F2-4FBE-AAC8-8FF83508E2DF}.Test|x64.ActiveCfg = Release|x86
		{88767184-62F2-4FBE-AAC8-8FF83508E2DF}.Test|x86.ActiveCfg = Release|x86
		{88767184-62F2-4FBE-AAC8-8FF83508E2DF}.Test|x86.Build.0 = Release|x86
		{FAD703ED-8C13-4593-A4E7-EAD587885650}.Debug|Any CPU.ActiveCfg = Debug|x86
		{FAD703ED-8C13-4593-A4E7-EAD587885650}.Debug|Mixed Platforms.ActiveCfg = Debug|x86
		{FAD703ED-8C13-4593-A4E7-EAD587885650}.Debug|Mixed Platforms.Build.0 = Debug|x86
		{FAD703ED-8C13-4593-A4E7-EAD587885650}.Debug|x64.ActiveCfg = Debug|x86
		{FAD703ED-8C13-4593-A4E7-EAD587885650}.Debug|x86.ActiveCfg = Debug|x86
		{FAD703ED-8C13-4593-A4E7-EAD587885650}.Debug|x86.Build.0 = Debug|x86
		{FAD703ED-8C13-4593-A4E7-EAD587885650}.Release|Any CPU.ActiveCfg = Release|x86
		{FAD703ED-8C13-4593-A4E7-EAD587885650}.Release|Mixed Platforms.ActiveCfg = Release|x86
		{FAD703ED-8C13-4593-A4E7-EAD587885650}.Release|Mixed Platforms.Build.0 = Release|x86
		{FAD703ED-8C13-4593-A4E7-EAD587885650}.Release|x64.ActiveCfg = Release|x86
		{FAD703ED-8C13-4593-A4E7-EAD587885650}.Release|x86.ActiveCfg = Release|x86
		{FAD703ED-8C13-4593-A4E7-EAD587885650}.Release|x86.Build.0 = Release|x86
		{FAD703ED-8C13-4593-A4E7-EAD587885650}.Test|Any CPU.ActiveCfg = Release|x86
		{FAD703ED-8C13-4593-A4E7-EAD587885650}.Test|Mixed Platforms.ActiveCfg = Release|x86
		{FAD703ED-8C13-4593-A4E7-EAD587885650}.Test|Mixed Platforms.Build.0 = Release|x86
		{FAD703ED-8C13-4593-A4E7-EAD587885650}.Test|x64.ActiveCfg = Release|x86
		{FAD703ED-8C13-4593-A4E7-EAD587885650}.Test|x86.ActiveCfg = Release|x86
		{FAD703ED-8C13-4593-A4E7-EAD587885650}.Test|x86.Build.0 = Release|x86
		{0D4DA3DF-2DEB-49BB-9341-278DFAB863EB}.Debug|Any CPU.ActiveCfg = Debug|x86
		{0D4DA3DF-2DEB-49BB-9341-278DFAB863EB}.Debug|Mixed Platforms.ActiveCfg = Debug|x86
		{0D4DA3DF-2DEB-49BB-9341-278DFAB863EB}.Debug|Mixed Platforms.Build.0 = Debug|x86
		{0D4DA3DF-2DEB-49BB-9341-278DFAB863EB}.Debug|x64.ActiveCfg = Debug|x86
		{0D4DA3DF-2DEB-49BB-9341-278DFAB863EB}.Debug|x86.ActiveCfg = Debug|x86
		{0D4DA3DF-2DEB-49BB-9341-278DFAB863EB}.Debug|x86.Build.0 = Debug|x86
		{0D4DA3DF-2DEB-49BB-9341-278DFAB863EB}.Release|Any CPU.ActiveCfg = Release|x86
		{0D4DA3DF-2DEB-49BB-9341-278DFAB863EB}.Release|Mixed Platforms.ActiveCfg = Release|x86
		{0D4DA3DF-2DEB-49BB-9341-278DFAB863EB}.Release|Mixed Platforms.Build.0 = Release|x86
		{0D4DA3DF-2DEB-49BB-9341-278DFAB863EB}.Release|x64.ActiveCfg = Release|x86
		{0D4DA3DF-2DEB-49BB-9341-278DFAB863EB}.Release|x86.ActiveCfg = Release|x86
		{0D4DA3DF-2DEB-49BB-9341-278DFAB863EB}.Release|x86.Build.0 = Release|x86
		{0D4DA3DF-2DEB-49BB-9341-278DFAB863EB}.Test|Any CPU.ActiveCfg = Release|x86
		{0D4DA3DF-2DEB-49BB-9341-278DFAB863EB}.Test|Mixed Platforms.ActiveCfg = Release|x86
		{0D4DA3DF-2DEB-49BB-9341-278DFAB863EB}.Test|Mixed Platforms.Build.0 = Release|x86
		{0D4DA3DF-2DEB-49BB-9341-278DFAB863EB}.Test|x64.ActiveCfg = Release|x86
		{0D4DA3DF-2DEB-49BB-9341-278DFAB863EB}.Test|x86.ActiveCfg = Release|x86
		{0D4DA3DF-2DEB-49BB-9341-278DFAB863EB}.Test|x86.Build.0 = Release|x86
		{283B09AB-0EDB-4208-A0FA-E7B83A2D2DA2}.Debug|Any CPU.ActiveCfg = Debug|x86
		{283B09AB-0EDB-4208-A0FA-E7B83A2D2DA2}.Debug|Mixed Platforms.ActiveCfg = Debug|x86
		{283B09AB-0EDB-4208-A0FA-E7B83A2D2DA2}.Debug|Mixed Platforms.Build.0 = Debug|x86
		{283B09AB-0EDB-4208-A0FA-E7B83A2D2DA2}.Debug|x64.ActiveCfg = Debug|x86
		{283B09AB-0EDB-4208-A0FA-E7B83A2D2DA2}.Debug|x86.ActiveCfg = Debug|x86
		{283B09AB-0EDB-4208-A0FA-E7B83A2D2DA2}.Debug|x86.Build.0 = Debug|x86
		{283B09AB-0EDB-4208-A0FA-E7B83A2D2DA2}.Release|Any CPU.ActiveCfg = Release|x86
		{283B09AB-0EDB-4208-A0FA-E7B83A2D2DA2}.Release|Mixed Platforms.ActiveCfg = Release|x86
		{283B09AB-0EDB-4208-A0FA-E7B83A2D2DA2}.Release|Mixed Platforms.Build.0 = Release|x86
		{283B09AB-0EDB-4208-A0FA-E7B83A2D2DA2}.Release|x64.ActiveCfg = Release|x86
		{283B09AB-0EDB-4208-A0FA-E7B83A2D2DA2}.Release|x86.ActiveCfg = Release|x86
		{283B09AB-0EDB-4208-A0FA-E7B83A2D2DA2}.Release|x86.Build.0 = Release|x86
		{283B09AB-0EDB-4208-A0FA-E7B83A2D2DA2}.Test|Any CPU.ActiveCfg = Release|x86
		{283B09AB-0EDB-4208-A0FA-E7B83A2D2DA2}.Test|Mixed Platforms.ActiveCfg = Release|x86
		{283B09AB-0EDB-4208-A0FA-E7B83A2D2DA2}.Test|Mixed Platforms.Build.0 = Release|x86
		{283B09AB-0EDB-4208-A0FA-E7B83A2D2DA2}.Test|x64.ActiveCfg = Release|x86
		{283B09AB-0EDB-4208-A0FA-E7B83A2D2DA2}.Test|x86.ActiveCfg = Release|x86
		{283B09AB-0EDB-4208-A0FA-E7B83A2D2DA2}.Test|x86.Build.0 = Release|x86
		{62CD93B4-CA47-4902-BCD7-D7F8B38E1837}.Debug|Any CPU.ActiveCfg = Debug|x86
		{62CD93B4-CA47-4902-BCD7-D7F8B38E1837}.Debug|Mixed Platforms.ActiveCfg = Debug|x86
		{62CD93B4-CA47-4902-BCD7-D7F8B38E1837}.Debug|Mixed Platforms.Build.0 = Debug|x86
		{62CD93B4-CA47-4902-BCD7-D7F8B38E1837}.Debug|x64.ActiveCfg = Debug|x64
		{62CD93B4-CA47-4902-BCD7-D7F8B38E1837}.Debug|x64.Build.0 = Debug|x64
		{62CD93B4-CA47-4902-BCD7-D7F8B38E1837}.Debug|x86.ActiveCfg = Debug|x86
		{62CD93B4-CA47-4902-BCD7-D7F8B38E1837}.Debug|x86.Build.0 = Debug|x86
		{62CD93B4-CA47-4902-BCD7-D7F8B38E1837}.Release|Any CPU.ActiveCfg = Release|x86
		{62CD93B4-CA47-4902-BCD7-D7F8B38E1837}.Release|Mixed Platforms.ActiveCfg = Release|x86
		{62CD93B4-CA47-4902-BCD7-D7F8B38E1837}.Release|Mixed Platforms.Build.0 = Release|x86
		{62CD93B4-CA47-4902-BCD7-D7F8B38E1837}.Release|x64.ActiveCfg = Release|x64
		{62CD93B4-CA47-4902-BCD7-D7F8B38E1837}.Release|x64.Build.0 = Release|x64
		{62CD93B4-CA47-4902-BCD7-D7F8B38E1837}.Release|x86.ActiveCfg = Release|x86
		{62CD93B4-CA47-4902-BCD7-D7F8B38E1837}.Release|x86.Build.0 = Release|x86
		{62CD93B4-CA47-4902-BCD7-D7F8B38E1837}.Test|Any CPU.ActiveCfg = Release|x86
		{62CD93B4-CA47-4902-BCD7-D7F8B38E1837}.Test|Mixed Platforms.ActiveCfg = Release|x86
		{62CD93B4-CA47-4902-BCD7-D7F8B38E1837}.Test|Mixed Platforms.Build.0 = Release|x86
		{62CD93B4-CA47-4902-BCD7-D7F8B38E1837}.Test|x64.ActiveCfg = Release|x64
		{62CD93B4-CA47-4902-BCD7-D7F8B38E1837}.Test|x64.Build.0 = Release|x64
		{62CD93B4-CA47-4902-BCD7-D7F8B38E1837}.Test|x86.ActiveCfg = Release|x86
		{62CD93B4-CA47-4902-BCD7-D7F8B38E1837}.Test|x86.Build.0 = Release|x86
		{C9DF54E0-91BB-4936-AACD-88287193ABC3}.Debug|Any CPU.ActiveCfg = Debug|x86
		{C9DF54E0-91BB-4936-AACD-88287193ABC3}.Debug|Mixed Platforms.ActiveCfg = Debug|x86
		{C9DF54E0-91BB-4936-AACD-88287193ABC3}.Debug|Mixed Platforms.Build.0 = Debug|x86
		{C9DF54E0-91BB-4936-AACD-88287193ABC3}.Debug|x64.ActiveCfg = Debug|x64
		{C9DF54E0-91BB-4936-AACD-88287193ABC3}.Debug|x64.Build.0 = Debug|x64
		{C9DF54E0-91BB-4936-AACD-88287193ABC3}.Debug|x86.ActiveCfg = Debug|x86
		{C9DF54E0-91BB-4936-AACD-88287193ABC3}.Debug|x86.Build.0 = Debug|x86
		{C9DF54E0-91BB-4936-AACD-88287193ABC3}.Release|Any CPU.ActiveCfg = Release|x86
		{C9DF54E0-91BB-4936-AACD-88287193ABC3}.Release|Mixed Platforms.ActiveCfg = Release|x86
		{C9DF54E0-91BB-4936-AACD-88287193ABC3}.Release|Mixed Platforms.Build.0 = Release|x86
		{C9DF54E0-91BB-4936-AACD-88287193ABC3}.Release|x64.ActiveCfg = Release|x64
		{C9DF54E0-91BB-4936-AACD-88287193ABC3}.Release|x64.Build.0 = Release|x64
		{C9DF54E0-91BB-4936-AACD-88287193ABC3}.Release|x86.ActiveCfg = Release|x86
		{C9DF54E0-91BB-4936-AACD-88287193ABC3}.Release|x86.Build.0 = Release|x86
		{C9DF54E0-91BB-4936-AACD-88287193ABC3}.Test|Any CPU.ActiveCfg = Release|x86
		{C9DF54E0-91BB-4936-AACD-88287193ABC3}.Test|Mixed Platforms.ActiveCfg = Release|x86
		{C9DF54E0-91BB-4936-AACD-88287193ABC3}.Test|Mixed Platforms.Build.0 = Release|x86
		{C9DF54E0-91BB-4936-AACD-88287193ABC3}.Test|x64.ActiveCfg = Release|x64
		{C9DF54E0-91BB-4936-AACD-88287193ABC3}.Test|x64.Build.0 = Release|x64
		{C9DF54E0-91BB-4936-AACD-88287193ABC3}.Test|x86.ActiveCfg = Release|x86
		{C9DF54E0-91BB-4936-AACD-88287193ABC3}.Test|x86.Build.0 = Release|x86
		{5158BF67-68E3-48CE-A4EE-ED20E3966D6E}.Debug|Any CPU.ActiveCfg = Debug|x86
		{5158BF67-68E3-48CE-A4EE-ED20E3966D6E}.Debug|Mixed Platforms.ActiveCfg = Debug|x86
		{5158BF67-68E3-48CE-A4EE-ED20E3966D6E}.Debug|Mixed Platforms.Build.0 = Debug|x86
		{5158BF67-68E3-48CE-A4EE-ED20E3966D6E}.Debug|x64.ActiveCfg = Debug|x64
		{5158BF67-68E3-48CE-A4EE-ED20E3966D6E}.Debug|x64.Build.0 = Debug|x64
		{5158BF67-68E3-48CE-A4EE-ED20E3966D6E}.Debug|x86.ActiveCfg = Debug|x86
		{5158BF67-68E3-48CE-A4EE-ED20E3966D6E}.Debug|x86.Build.0 = Debug|x86
		{5158BF67-68E3-48CE-A4EE-ED20E3966D6E}.Release|Any CPU.ActiveCfg = Release|x86
		{5158BF67-68E3-48CE-A4EE-ED20E3966D6E}.Release|Mixed Platforms.ActiveCfg = Release|x86
		{5158BF67-68E3-48CE-A4EE-ED20E3966D6E}.Release|Mixed Platforms.Build.0 = Release|x86
		{5158BF67-68E3-48CE-A4EE-ED20E3966D6E}.Release|x64.ActiveCfg = Release|x64
		{5158BF67-68E3-48CE-A4EE-ED20E3966D6E}.Release|x64.Build.0 = Release|x64
		{5158BF67-68E3-48CE-A4EE-ED20E3966D6E}.Release|x86.ActiveCfg = Release|x86
		{5158BF67-68E3-48CE-A4EE-ED20E3966D6E}.Release|x86.Build.0 = Release|x86
		{5158BF67-68E3-48CE-A4EE-ED20E3966D6E}.Test|Any CPU.ActiveCfg = Release|x86
		{5158BF67-68E3-48CE-A4EE-ED20E3966D6E}.Test|Mixed Platforms.ActiveCfg = Release|x86
		{5158BF67-68E3-48CE-A4EE-ED20E3966D6E}.Test|Mixed Platforms.Build.0 = Release|x86
		{5158BF67-68E3-48CE-A4EE-ED20E3966D6E}.Test|x64.ActiveCfg = Release|x64
		{5158BF67-68E3-48CE-A4EE-ED20E3966D6E}.Test|x64.Build.0 = Release|x64
		{5158BF67-68E3-48CE-A4EE-ED20E3966D6E}.Test|x86.ActiveCfg = Release|x86
		{5158BF67-68E3-48CE-A4EE-ED20E3966D6E}.Test|x86.Build.0 = Release|x86
		{557EB81C-CFEE-4506-92C7-4BD5E94FB06E}.Debug|Any CPU.ActiveCfg = Debug|x86
		{557EB81C-CFEE-4506-92C7-4BD5E94FB06E}.Debug|Mixed Platforms.ActiveCfg = Debug|x86
		{557EB81C-CFEE-4506-92C7-4BD5E94FB06E}.Debug|Mixed Platforms.Build.0 = Debug|x86
		{557EB81C-CFEE-4506-92C7-4BD5E94FB06E}.Debug|x64.ActiveCfg = Debug|x86
		{557EB81C-CFEE-4506-92C7-4BD5E94FB06E}.Debug|x86.ActiveCfg = Debug|x86
		{557EB81C-CFEE-4506-92C7-4BD5E94FB06E}.Debug|x86.Build.0 = Debug|x86
		{557EB81C-CFEE-4506-92C7-4BD5E94FB06E}.Release|Any CPU.ActiveCfg = Release|x86
		{557EB81C-CFEE-4506-92C7-4BD5E94FB06E}.Release|Mixed Platforms.ActiveCfg = Release|x86
		{557EB81C-CFEE-4506-92C7-4BD5E94FB06E}.Release|Mixed Platforms.Build.0 = Release|x86
		{557EB81C-CFEE-4506-92C7-4BD5E94FB06E}.Release|x64.ActiveCfg = Release|x86
		{557EB81C-CFEE-4506-92C7-4BD5E94FB06E}.Release|x86.ActiveCfg = Release|x86
		{557EB81C-CFEE-4506-92C7-4BD5E94FB06E}.Release|x86.Build.0 = Release|x86
		{557EB81C-CFEE-4506-92C7-4BD5E94FB06E}.Test|Any CPU.ActiveCfg = Release|x86
		{557EB81C-CFEE-4506-92C7-4BD5E94FB06E}.Test|Mixed Platforms.ActiveCfg = Release|x86
		{557EB81C-CFEE-4506-92C7-4BD5E94FB06E}.Test|Mixed Platforms.Build.0 = Release|x86
		{557EB81C-CFEE-4506-92C7-4BD5E94FB06E}.Test|x64.ActiveCfg = Release|x86
		{557EB81C-CFEE-4506-92C7-4BD5E94FB06E}.Test|x86.ActiveCfg = Release|x86
		{557EB81C-CFEE-4506-92C7-4BD5E94FB06E}.Test|x86.Build.0 = Release|x86
		{59B3DB86-C5CE-4E0B-91B3-FB8F5A1B1D9B}.Debug|Any CPU.ActiveCfg = Debug|Any CPU
		{59B3DB86-C5CE-4E0B-91B3-FB8F5A1B1D9B}.Debug|Any CPU.Build.0 = Debug|Any CPU
		{59B3DB86-C5CE-4E0B-91B3-FB8F5A1B1D9B}.Debug|Mixed Platforms.ActiveCfg = Debug|Any CPU
		{59B3DB86-C5CE-4E0B-91B3-FB8F5A1B1D9B}.Debug|Mixed Platforms.Build.0 = Debug|Any CPU
		{59B3DB86-C5CE-4E0B-91B3-FB8F5A1B1D9B}.Debug|x64.ActiveCfg = Debug|Any CPU
		{59B3DB86-C5CE-4E0B-91B3-FB8F5A1B1D9B}.Debug|x86.ActiveCfg = Debug|Any CPU
		{59B3DB86-C5CE-4E0B-91B3-FB8F5A1B1D9B}.Release|Any CPU.ActiveCfg = Release|Any CPU
		{59B3DB86-C5CE-4E0B-91B3-FB8F5A1B1D9B}.Release|Any CPU.Build.0 = Release|Any CPU
		{59B3DB86-C5CE-4E0B-91B3-FB8F5A1B1D9B}.Release|Mixed Platforms.ActiveCfg = Release|Any CPU
		{59B3DB86-C5CE-4E0B-91B3-FB8F5A1B1D9B}.Release|Mixed Platforms.Build.0 = Release|Any CPU
		{59B3DB86-C5CE-4E0B-91B3-FB8F5A1B1D9B}.Release|x64.ActiveCfg = Release|Any CPU
		{59B3DB86-C5CE-4E0B-91B3-FB8F5A1B1D9B}.Release|x86.ActiveCfg = Release|Any CPU
		{59B3DB86-C5CE-4E0B-91B3-FB8F5A1B1D9B}.Test|Any CPU.ActiveCfg = Release|Any CPU
		{59B3DB86-C5CE-4E0B-91B3-FB8F5A1B1D9B}.Test|Any CPU.Build.0 = Release|Any CPU
		{59B3DB86-C5CE-4E0B-91B3-FB8F5A1B1D9B}.Test|Mixed Platforms.ActiveCfg = Release|Any CPU
		{59B3DB86-C5CE-4E0B-91B3-FB8F5A1B1D9B}.Test|Mixed Platforms.Build.0 = Release|Any CPU
		{59B3DB86-C5CE-4E0B-91B3-FB8F5A1B1D9B}.Test|x64.ActiveCfg = Release|Any CPU
		{59B3DB86-C5CE-4E0B-91B3-FB8F5A1B1D9B}.Test|x86.ActiveCfg = Release|Any CPU
		{A0BEB060-834A-4FA8-95B9-842614F28AE5}.Debug|Any CPU.ActiveCfg = Debug|x86
		{A0BEB060-834A-4FA8-95B9-842614F28AE5}.Debug|Mixed Platforms.ActiveCfg = Debug|x86
		{A0BEB060-834A-4FA8-95B9-842614F28AE5}.Debug|Mixed Platforms.Build.0 = Debug|x86
		{A0BEB060-834A-4FA8-95B9-842614F28AE5}.Debug|x64.ActiveCfg = Debug|x86
		{A0BEB060-834A-4FA8-95B9-842614F28AE5}.Debug|x86.ActiveCfg = Debug|x86
		{A0BEB060-834A-4FA8-95B9-842614F28AE5}.Debug|x86.Build.0 = Debug|x86
		{A0BEB060-834A-4FA8-95B9-842614F28AE5}.Release|Any CPU.ActiveCfg = Release|x86
		{A0BEB060-834A-4FA8-95B9-842614F28AE5}.Release|Mixed Platforms.ActiveCfg = Release|x86
		{A0BEB060-834A-4FA8-95B9-842614F28AE5}.Release|Mixed Platforms.Build.0 = Release|x86
		{A0BEB060-834A-4FA8-95B9-842614F28AE5}.Release|x64.ActiveCfg = Release|x86
		{A0BEB060-834A-4FA8-95B9-842614F28AE5}.Release|x86.ActiveCfg = Release|x86
		{A0BEB060-834A-4FA8-95B9-842614F28AE5}.Release|x86.Build.0 = Release|x86
		{A0BEB060-834A-4FA8-95B9-842614F28AE5}.Test|Any CPU.ActiveCfg = Release|x86
		{A0BEB060-834A-4FA8-95B9-842614F28AE5}.Test|Mixed Platforms.ActiveCfg = Release|x86
		{A0BEB060-834A-4FA8-95B9-842614F28AE5}.Test|Mixed Platforms.Build.0 = Release|x86
		{A0BEB060-834A-4FA8-95B9-842614F28AE5}.Test|x64.ActiveCfg = Release|x86
		{A0BEB060-834A-4FA8-95B9-842614F28AE5}.Test|x86.ActiveCfg = Release|x86
		{A0BEB060-834A-4FA8-95B9-842614F28AE5}.Test|x86.Build.0 = Release|x86
		{642CAD59-7BAF-45BB-881C-91084FAF0F04}.Debug|Any CPU.ActiveCfg = Debug|Any CPU
		{642CAD59-7BAF-45BB-881C-91084FAF0F04}.Debug|Any CPU.Build.0 = Debug|Any CPU
		{642CAD59-7BAF-45BB-881C-91084FAF0F04}.Debug|Mixed Platforms.ActiveCfg = Debug|Any CPU
		{642CAD59-7BAF-45BB-881C-91084FAF0F04}.Debug|Mixed Platforms.Build.0 = Debug|Any CPU
		{642CAD59-7BAF-45BB-881C-91084FAF0F04}.Debug|x64.ActiveCfg = Debug|Any CPU
		{642CAD59-7BAF-45BB-881C-91084FAF0F04}.Debug|x64.Build.0 = Debug|Any CPU
		{642CAD59-7BAF-45BB-881C-91084FAF0F04}.Debug|x86.ActiveCfg = Debug|Any CPU
		{642CAD59-7BAF-45BB-881C-91084FAF0F04}.Debug|x86.Build.0 = Debug|Any CPU
		{642CAD59-7BAF-45BB-881C-91084FAF0F04}.Release|Any CPU.ActiveCfg = Release|Any CPU
		{642CAD59-7BAF-45BB-881C-91084FAF0F04}.Release|Any CPU.Build.0 = Release|Any CPU
		{642CAD59-7BAF-45BB-881C-91084FAF0F04}.Release|Mixed Platforms.ActiveCfg = Release|Any CPU
		{642CAD59-7BAF-45BB-881C-91084FAF0F04}.Release|Mixed Platforms.Build.0 = Release|Any CPU
		{642CAD59-7BAF-45BB-881C-91084FAF0F04}.Release|x64.ActiveCfg = Release|Any CPU
		{642CAD59-7BAF-45BB-881C-91084FAF0F04}.Release|x64.Build.0 = Release|Any CPU
		{642CAD59-7BAF-45BB-881C-91084FAF0F04}.Release|x86.ActiveCfg = Release|Any CPU
		{642CAD59-7BAF-45BB-881C-91084FAF0F04}.Release|x86.Build.0 = Release|Any CPU
		{642CAD59-7BAF-45BB-881C-91084FAF0F04}.Test|Any CPU.ActiveCfg = Release|Any CPU
		{642CAD59-7BAF-45BB-881C-91084FAF0F04}.Test|Any CPU.Build.0 = Release|Any CPU
		{642CAD59-7BAF-45BB-881C-91084FAF0F04}.Test|Mixed Platforms.ActiveCfg = Release|Any CPU
		{642CAD59-7BAF-45BB-881C-91084FAF0F04}.Test|Mixed Platforms.Build.0 = Release|Any CPU
		{642CAD59-7BAF-45BB-881C-91084FAF0F04}.Test|x64.ActiveCfg = Release|Any CPU
		{642CAD59-7BAF-45BB-881C-91084FAF0F04}.Test|x64.Build.0 = Release|Any CPU
		{642CAD59-7BAF-45BB-881C-91084FAF0F04}.Test|x86.ActiveCfg = Release|Any CPU
		{642CAD59-7BAF-45BB-881C-91084FAF0F04}.Test|x86.Build.0 = Release|Any CPU
	EndGlobalSection
	GlobalSection(SolutionProperties) = preSolution
		HideSolutionNode = FALSE
	EndGlobalSection
	GlobalSection(SubversionScc) = preSolution
		Svn-Managed = True
		Manager = AnkhSVN - Subversion Support for Visual Studio
	EndGlobalSection
EndGlobal
