
Microsoft Visual Studio Solution File, Format Version 12.00
# Visual Studio 14
VisualStudioVersion = 14.0.25420.1
MinimumVisualStudioVersion = 10.0.40219.1
Project("{2150E333-8FDC-42A3-9474-1A3956D46DE8}") = ".nuget", ".nuget", "{DE1CABF5-7CFB-4D43-80AD-47D5FC5D6AB1}"
	ProjectSection(SolutionItems) = preProject
		.nuget\packages.config = .nuget\packages.config
	EndProjectSection
EndProject
Project("{FAE04EC0-301F-11D3-BF4B-00C04F79EFBC}") = "MGI.Integration.Test", "Tests\MGI.Integration.Test\MGI.Integration.Test.csproj", "{111DF7E0-399E-4826-9139-FA654C1576C1}"
EndProject
Project("{2150E333-8FDC-42A3-9474-1A3956D46DE8}") = "Alloy", "Alloy", "{C660C412-91F3-4725-ADA8-A35EDFBB2554}"
EndProject
Project("{FAE04EC0-301F-11D3-BF4B-00C04F79EFBC}") = "TCF.Channel.Zeo.Web.ServiceClient", "Alloy\TCF.Channel.Zeo.Web.ServiceClient\TCF.Channel.Zeo.Web.ServiceClient.csproj", "{7CAC0A7A-AE77-4A03-9CD1-34D9C4C800F5}"
EndProject
Project("{FAE04EC0-301F-11D3-BF4B-00C04F79EFBC}") = "TCF.Zeo.Common", "Alloy\TCF.Zeo.Common\TCF.Zeo.Common.csproj", "{5360E449-74F2-4ABD-B3C1-D93ECA6A8DED}"
EndProject
Global
	GlobalSection(SolutionConfigurationPlatforms) = preSolution
		Debug|Any CPU = Debug|Any CPU
		Debug|x64 = Debug|x64
		Debug|x86 = Debug|x86
		Release|Any CPU = Release|Any CPU
		Release|x64 = Release|x64
		Release|x86 = Release|x86
		Test|Any CPU = Test|Any CPU
		Test|x64 = Test|x64
		Test|x86 = Test|x86
	EndGlobalSection
	GlobalSection(ProjectConfigurationPlatforms) = postSolution
		{111DF7E0-399E-4826-9139-FA654C1576C1}.Debug|Any CPU.ActiveCfg = Debug|x64
		{111DF7E0-399E-4826-9139-FA654C1576C1}.Debug|Any CPU.Build.0 = Debug|x64
		{111DF7E0-399E-4826-9139-FA654C1576C1}.Debug|x64.ActiveCfg = Debug|x64
		{111DF7E0-399E-4826-9139-FA654C1576C1}.Debug|x64.Build.0 = Debug|x64
		{111DF7E0-399E-4826-9139-FA654C1576C1}.Debug|x86.ActiveCfg = Debug|x86
		{111DF7E0-399E-4826-9139-FA654C1576C1}.Debug|x86.Build.0 = Debug|x86
		{111DF7E0-399E-4826-9139-FA654C1576C1}.Release|Any CPU.ActiveCfg = Release|Any CPU
		{111DF7E0-399E-4826-9139-FA654C1576C1}.Release|Any CPU.Build.0 = Release|Any CPU
		{111DF7E0-399E-4826-9139-FA654C1576C1}.Release|x64.ActiveCfg = Release|x64
		{111DF7E0-399E-4826-9139-FA654C1576C1}.Release|x64.Build.0 = Release|x64
		{111DF7E0-399E-4826-9139-FA654C1576C1}.Release|x86.ActiveCfg = Release|x86
		{111DF7E0-399E-4826-9139-FA654C1576C1}.Release|x86.Build.0 = Release|x86
		{111DF7E0-399E-4826-9139-FA654C1576C1}.Test|Any CPU.ActiveCfg = Release|Any CPU
		{111DF7E0-399E-4826-9139-FA654C1576C1}.Test|Any CPU.Build.0 = Release|Any CPU
		{111DF7E0-399E-4826-9139-FA654C1576C1}.Test|x64.ActiveCfg = Release|x64
		{111DF7E0-399E-4826-9139-FA654C1576C1}.Test|x64.Build.0 = Release|x64
		{111DF7E0-399E-4826-9139-FA654C1576C1}.Test|x86.ActiveCfg = Release|x86
		{7CAC0A7A-AE77-4A03-9CD1-34D9C4C800F5}.Debug|Any CPU.ActiveCfg = Debug|Any CPU
		{7CAC0A7A-AE77-4A03-9CD1-34D9C4C800F5}.Debug|Any CPU.Build.0 = Debug|Any CPU
		{7CAC0A7A-AE77-4A03-9CD1-34D9C4C800F5}.Debug|x64.ActiveCfg = Debug|x64
		{7CAC0A7A-AE77-4A03-9CD1-34D9C4C800F5}.Debug|x64.Build.0 = Debug|x64
		{7CAC0A7A-AE77-4A03-9CD1-34D9C4C800F5}.Debug|x86.ActiveCfg = Debug|x86
		{7CAC0A7A-AE77-4A03-9CD1-34D9C4C800F5}.Debug|x86.Build.0 = Debug|x86
		{7CAC0A7A-AE77-4A03-9CD1-34D9C4C800F5}.Release|Any CPU.ActiveCfg = Release|Any CPU
		{7CAC0A7A-AE77-4A03-9CD1-34D9C4C800F5}.Release|Any CPU.Build.0 = Release|Any CPU
		{7CAC0A7A-AE77-4A03-9CD1-34D9C4C800F5}.Release|x64.ActiveCfg = Release|x64
		{7CAC0A7A-AE77-4A03-9CD1-34D9C4C800F5}.Release|x64.Build.0 = Release|x64
		{7CAC0A7A-AE77-4A03-9CD1-34D9C4C800F5}.Release|x86.ActiveCfg = Release|x86
		{7CAC0A7A-AE77-4A03-9CD1-34D9C4C800F5}.Release|x86.Build.0 = Release|x86
		{7CAC0A7A-AE77-4A03-9CD1-34D9C4C800F5}.Test|Any CPU.ActiveCfg = Release|Any CPU
		{7CAC0A7A-AE77-4A03-9CD1-34D9C4C800F5}.Test|Any CPU.Build.0 = Release|Any CPU
		{7CAC0A7A-AE77-4A03-9CD1-34D9C4C800F5}.Test|x64.ActiveCfg = Release|x64
		{7CAC0A7A-AE77-4A03-9CD1-34D9C4C800F5}.Test|x64.Build.0 = Release|x64
		{7CAC0A7A-AE77-4A03-9CD1-34D9C4C800F5}.Test|x86.ActiveCfg = Release|x86
		{7CAC0A7A-AE77-4A03-9CD1-34D9C4C800F5}.Test|x86.Build.0 = Release|x86
		{5360E449-74F2-4ABD-B3C1-D93ECA6A8DED}.Debug|Any CPU.ActiveCfg = Debug|Any CPU
		{5360E449-74F2-4ABD-B3C1-D93ECA6A8DED}.Debug|Any CPU.Build.0 = Debug|Any CPU
		{5360E449-74F2-4ABD-B3C1-D93ECA6A8DED}.Debug|x64.ActiveCfg = Debug|x64
		{5360E449-74F2-4ABD-B3C1-D93ECA6A8DED}.Debug|x64.Build.0 = Debug|x64
		{5360E449-74F2-4ABD-B3C1-D93ECA6A8DED}.Debug|x86.ActiveCfg = Debug|x86
		{5360E449-74F2-4ABD-B3C1-D93ECA6A8DED}.Debug|x86.Build.0 = Debug|x86
		{5360E449-74F2-4ABD-B3C1-D93ECA6A8DED}.Release|Any CPU.ActiveCfg = Release|Any CPU
		{5360E449-74F2-4ABD-B3C1-D93ECA6A8DED}.Release|Any CPU.Build.0 = Release|Any CPU
		{5360E449-74F2-4ABD-B3C1-D93ECA6A8DED}.Release|x64.ActiveCfg = Release|x64
		{5360E449-74F2-4ABD-B3C1-D93ECA6A8DED}.Release|x64.Build.0 = Release|x64
		{5360E449-74F2-4ABD-B3C1-D93ECA6A8DED}.Release|x86.ActiveCfg = Release|x86
		{5360E449-74F2-4ABD-B3C1-D93ECA6A8DED}.Release|x86.Build.0 = Release|x86
		{5360E449-74F2-4ABD-B3C1-D93ECA6A8DED}.Test|Any CPU.ActiveCfg = Release|Any CPU
		{5360E449-74F2-4ABD-B3C1-D93ECA6A8DED}.Test|Any CPU.Build.0 = Release|Any CPU
		{5360E449-74F2-4ABD-B3C1-D93ECA6A8DED}.Test|x64.ActiveCfg = Release|x64
		{5360E449-74F2-4ABD-B3C1-D93ECA6A8DED}.Test|x64.Build.0 = Release|x64
		{5360E449-74F2-4ABD-B3C1-D93ECA6A8DED}.Test|x86.ActiveCfg = Release|x86
		{5360E449-74F2-4ABD-B3C1-D93ECA6A8DED}.Test|x86.Build.0 = Release|x86
	EndGlobalSection
	GlobalSection(SolutionProperties) = preSolution
		HideSolutionNode = FALSE
	EndGlobalSection
	GlobalSection(NestedProjects) = preSolution
		{7CAC0A7A-AE77-4A03-9CD1-34D9C4C800F5} = {C660C412-91F3-4725-ADA8-A35EDFBB2554}
		{5360E449-74F2-4ABD-B3C1-D93ECA6A8DED} = {C660C412-91F3-4725-ADA8-A35EDFBB2554}
	EndGlobalSection
	GlobalSection(SubversionScc) = preSolution
		Svn-Managed = True
		Manager = AnkhSVN - Subversion Support for Visual Studio
	EndGlobalSection
EndGlobal
