
Microsoft Visual Studio Solution File, Format Version 11.00
# Visual Studio 2010
Project("{FAE04EC0-301F-11D3-BF4B-00C04F79EFBC}") = "MGI.Cxn.Fund.FIS", "MGI.Cxn.Fund.FIS.csproj", "{42D0926E-BCE8-4B2C-A690-9EA8EBF93915}"
EndProject
Global
	GlobalSection(SolutionConfigurationPlatforms) = preSolution
		Debug|Any CPU = Debug|Any CPU
		Release|Any CPU = Release|Any CPU
	EndGlobalSection
	GlobalSection(ProjectConfigurationPlatforms) = postSolution
		{42D0926E-BCE8-4B2C-A690-9EA8EBF93915}.Debug|Any CPU.ActiveCfg = Debug|Any CPU
		{42D0926E-BCE8-4B2C-A690-9EA8EBF93915}.Debug|Any CPU.Build.0 = Debug|Any CPU
		{42D0926E-BCE8-4B2C-A690-9EA8EBF93915}.Release|Any CPU.ActiveCfg = Release|Any CPU
		{42D0926E-BCE8-4B2C-A690-9EA8EBF93915}.Release|Any CPU.Build.0 = Release|Any CPU
	EndGlobalSection
	GlobalSection(SolutionProperties) = preSolution
		HideSolutionNode = FALSE
	EndGlobalSection
EndGlobal
