
Microsoft Visual Studio Solution File, Format Version 12.00
# Visual Studio 14
VisualStudioVersion = 14.0.25420.1
MinimumVisualStudioVersion = 10.0.40219.1
Project("{FAE04EC0-301F-11D3-BF4B-00C04F79EFBC}") = "P3Net.Data", "Miscellaneous\P3Net.Data\P3Net.Data.csproj", "{1B0A5012-94F0-4C5B-AAF5-371BE4AA7481}"
EndProject
Project("{2150E333-8FDC-42A3-9474-1A3956D46DE8}") = "05.Check Processing", "05.Check Processing", "{24B00096-B892-4E61-A89D-504403555FCC}"
EndProject
Project("{2150E333-8FDC-42A3-9474-1A3956D46DE8}") = "06.Bill Pay", "06.Bill Pay", "{C60D0448-B3DF-456E-8BBA-1A512B544A6B}"
EndProject
Project("{2150E333-8FDC-42A3-9474-1A3956D46DE8}") = "08.Money Transfer", "08.Money Transfer", "{CFAF9868-D2A6-4EC7-AF04-87963CCEC0A6}"
EndProject
Project("{2150E333-8FDC-42A3-9474-1A3956D46DE8}") = "07.Money Order", "07.Money Order", "{F2B9E500-0E71-45DD-92B5-8681AF78F648}"
EndProject
Project("{2150E333-8FDC-42A3-9474-1A3956D46DE8}") = "09.GPR", "09.GPR", "{99B2619C-5C0D-4A00-95B2-63E4C436A6AF}"
EndProject
Project("{2150E333-8FDC-42A3-9474-1A3956D46DE8}") = "04.Customer", "04.Customer", "{80ECB22E-C3CB-4B21-A853-AB9C3E196A4D}"
EndProject
Project("{2150E333-8FDC-42A3-9474-1A3956D46DE8}") = "02.Service", "02.Service", "{A3273B1D-3726-4C33-977C-CC7FAFA43173}"
EndProject
Project("{2150E333-8FDC-42A3-9474-1A3956D46DE8}") = "01.Web", "01.Web", "{C6D35ACB-74F0-4402-92B1-74FFA9CE51F9}"
EndProject
Project("{2150E333-8FDC-42A3-9474-1A3956D46DE8}") = "10Security", "10Security", "{2105F77E-FF36-4265-BCC0-197FCE62AF0E}"
EndProject
Project("{2150E333-8FDC-42A3-9474-1A3956D46DE8}") = "03.Core", "03.Core", "{3F273395-4390-42E9-B28D-0C2CEDBBBD22}"
EndProject
Project("{FAE04EC0-301F-11D3-BF4B-00C04F79EFBC}") = "TCF.Channel.Zeo.Web", "CHNL.DMS.Web\Nexxo.Channel.DMS.Web\TCF.Channel.Zeo.Web.csproj", "{2BE533C4-1989-4BB4-AFD6-99E82660CD7C}"
EndProject
Project("{FAE04EC0-301F-11D3-BF4B-00C04F79EFBC}") = "TCF.Zeo.Common.DataProtection", "CMMN\DataProtection\TCF.Zeo.Common.DataProtection.csproj", "{95AE0A6F-CF72-4439-987C-0C7C4D26432B}"
EndProject
Project("{FAE04EC0-301F-11D3-BF4B-00C04F79EFBC}") = "TCF.Zeo.Security.Voltage", "Security\MGI.Security.Voltage\TCF.Zeo.Security.Voltage.csproj", "{721D650B-D902-4E2D-A83F-7F2FED1F0992}"
EndProject
Project("{FAE04EC0-301F-11D3-BF4B-00C04F79EFBC}") = "TCF.Zeo.Security.Voltage.TestConsole", "Security\MGI.Security.Voltage.TestConsole\TCF.Zeo.Security.Voltage.TestConsole.csproj", "{72B50175-6795-4932-8347-7513A22EB639}"
EndProject
Project("{FAE04EC0-301F-11D3-BF4B-00C04F79EFBC}") = "TCF.Zeo.Biz", "Alloy\TCF.Zeo.Biz\TCF.Zeo.Biz.csproj", "{B41DB919-1C93-4F83-9265-D743EC087BC1}"
EndProject
Project("{FAE04EC0-301F-11D3-BF4B-00C04F79EFBC}") = "TCF.Zeo.Biz.Common", "Alloy\TCF.Zeo.Biz.Common\TCF.Zeo.Biz.Common.csproj", "{75C808AC-C57F-485E-AF06-50A63A5D12CF}"
EndProject
Project("{FAE04EC0-301F-11D3-BF4B-00C04F79EFBC}") = "TCF.Zeo.Biz.Receipt", "Alloy\TCF.Zeo.Biz.Receipt\TCF.Zeo.Biz.Receipt.csproj", "{2D2FDF57-AA6C-4254-85ED-2A7B45B5A955}"
EndProject
Project("{FAE04EC0-301F-11D3-BF4B-00C04F79EFBC}") = "TCF.Zeo.Biz.Test", "Alloy\TCF.Zeo.Biz.Test\TCF.Zeo.Biz.Test.csproj", "{151F6663-E6D7-4FCD-99F5-CDA459F609AE}"
EndProject
Project("{FAE04EC0-301F-11D3-BF4B-00C04F79EFBC}") = "TCF.Zeo.Common", "Alloy\TCF.Zeo.Common\TCF.Zeo.Common.csproj", "{5360E449-74F2-4ABD-B3C1-D93ECA6A8DED}"
EndProject
Project("{FAE04EC0-301F-11D3-BF4B-00C04F79EFBC}") = "TCF.Zeo.Cxn.Common", "Alloy\TCF.Zeo.Cxn.Common\TCF.Zeo.Cxn.Common.csproj", "{B3BD7591-DB8D-4904-AA92-639269F5F958}"
EndProject
Project("{FAE04EC0-301F-11D3-BF4B-00C04F79EFBC}") = "TCF.Zeo.Cxn.WU.Common", "Alloy\TCF.Zeo.Cxn.WU.Common\TCF.Zeo.Cxn.WU.Common.csproj", "{69028891-99EF-4A9A-9995-674D605156F2}"
EndProject
Project("{FAE04EC0-301F-11D3-BF4B-00C04F79EFBC}") = "TCF.Zeo.Processor", "Alloy\TCF.Zeo.Processor\TCF.Zeo.Processor.csproj", "{9F8FFC80-2613-4EC2-9805-ECF9B3D8960E}"
EndProject
Project("{FAE04EC0-301F-11D3-BF4B-00C04F79EFBC}") = "TCF.Channel.Zeo.Web.ServiceClient", "Alloy\TCF.Channel.Zeo.Web.ServiceClient\TCF.Channel.Zeo.Web.ServiceClient.csproj", "{7CAC0A7A-AE77-4A03-9CD1-34D9C4C800F5}"
EndProject
Project("{FAE04EC0-301F-11D3-BF4B-00C04F79EFBC}") = "TCF.Channel.Zeo.Data", "Alloy\TCF.Channel.Zeo.Data\TCF.Channel.Zeo.Data.csproj", "{B585779B-71B7-49E7-953A-5EAF00E4D2E8}"
EndProject
Project("{FAE04EC0-301F-11D3-BF4B-00C04F79EFBC}") = "TCF.Channel.Zeo.Service.Contract", "Alloy\TCF.Channel.Zeo.Service.Contract\TCF.Channel.Zeo.Service.Contract.csproj", "{042EC1FC-6FDF-42AF-8883-6E3F9ECE1BB7}"
EndProject
Project("{FAE04EC0-301F-11D3-BF4B-00C04F79EFBC}") = "TCF.Channel.Zeo.Service.Impl", "Alloy\TCF.Channel.Zeo.Service.Impl\TCF.Channel.Zeo.Service.Impl.csproj", "{E7B63F44-968C-4287-AB43-41601519FF4F}"
EndProject
Project("{FAE04EC0-301F-11D3-BF4B-00C04F79EFBC}") = "TCF.Channel.Zeo.Service.Svc", "Alloy\TCF.Channel.Zeo.Service.Svc\TCF.Channel.Zeo.Service.Svc.csproj", "{9FEEFB2D-75E7-45BE-A02F-C6FF69867823}"
EndProject
Project("{FAE04EC0-301F-11D3-BF4B-00C04F79EFBC}") = "TCF.Zeo.Core", "Alloy\TCF.Zeo.Core\TCF.Zeo.Core.csproj", "{45D28137-57C8-4FA3-B48E-EC22D9CEA386}"
EndProject
Project("{FAE04EC0-301F-11D3-BF4B-00C04F79EFBC}") = "TCF.Zeo.Core.Test", "Alloy\TCF.Zeo.Core.Test\TCF.Zeo.Core.Test.csproj", "{DAFD0C0B-FD2C-4B9A-9764-23FD0A7554B1}"
EndProject
Project("{FAE04EC0-301F-11D3-BF4B-00C04F79EFBC}") = "TCF.Zeo.Biz.Customer", "Alloy\TCF.Zeo.Biz.Customer\TCF.Zeo.Biz.Customer.csproj", "{84A1CA62-2EEA-4BA3-BCC0-991C2F471FF2}"
EndProject
Project("{FAE04EC0-301F-11D3-BF4B-00C04F79EFBC}") = "TCF.Zeo.Cxn.Customer", "Alloy\TCF.Zeo.Cxn.Customer\TCF.Zeo.Cxn.Customer.csproj", "{AE588B69-AA85-42DA-A470-67D2189C2FA3}"
EndProject
Project("{FAE04EC0-301F-11D3-BF4B-00C04F79EFBC}") = "TCF.Zeo.Cxn.Customer.TCF", "Alloy\TCF.Zeo.Cxn.Customer.TCF\TCF.Zeo.Cxn.Customer.TCF.csproj", "{C8C05513-A343-41B1-BE5F-71EE025134D1}"
EndProject
Project("{FAE04EC0-301F-11D3-BF4B-00C04F79EFBC}") = "TCF.Zeo.Biz.Check", "Alloy\TCF.Zeo.Biz.Check\TCF.Zeo.Biz.Check.csproj", "{7DB2A64D-00A8-4957-B423-FB1080A30D59}"
EndProject
Project("{FAE04EC0-301F-11D3-BF4B-00C04F79EFBC}") = "TCF.Zeo.Biz.Check.Test", "Alloy\TCF.Zeo.Biz.Check.Test\TCF.Zeo.Biz.Check.Test.csproj", "{62D4D428-6FC3-4BFB-9486-30199D00C0C6}"
EndProject
Project("{FAE04EC0-301F-11D3-BF4B-00C04F79EFBC}") = "TCF.Zeo.Cxn.Check", "Alloy\TCF.Zeo.Cxn.Check\TCF.Zeo.Cxn.Check.csproj", "{E114C170-4F72-4C93-8C24-E718406A3FCA}"
EndProject
Project("{FAE04EC0-301F-11D3-BF4B-00C04F79EFBC}") = "TCF.Zeo.Cxn.Check.Chexar", "Alloy\TCF.Zeo.Cxn.Check.Chexar\TCF.Zeo.Cxn.Check.Chexar.csproj", "{3E4AF6C9-2364-42B7-8CC2-DA28539D2919}"
EndProject
Project("{FAE04EC0-301F-11D3-BF4B-00C04F79EFBC}") = "TCF.Zeo.Cxn.Check.Chexar.Test", "Alloy\TCF.Zeo.Cxn.Check.Chexar.Test\TCF.Zeo.Cxn.Check.Chexar.Test.csproj", "{1371729C-9090-4FDD-A2BF-DA69C74F9166}"
EndProject
Project("{FAE04EC0-301F-11D3-BF4B-00C04F79EFBC}") = "TCF.Zeo.Biz.BillPay", "Alloy\TCF.Zeo.Biz.BillPay\TCF.Zeo.Biz.BillPay.csproj", "{F670D9F7-4CD4-40CF-8B26-40345F2622AE}"
EndProject
Project("{FAE04EC0-301F-11D3-BF4B-00C04F79EFBC}") = "TCF.Zeo.Cxn.BillPay", "Alloy\TCF.Zeo.Cxn.BillPay\TCF.Zeo.Cxn.BillPay.csproj", "{D9819FA4-322B-4F2D-AA73-A2C5BBA2C0AF}"
EndProject
Project("{FAE04EC0-301F-11D3-BF4B-00C04F79EFBC}") = "TCF.Zeo.Cxn.BillPay.WU", "Alloy\TCF.Zeo.Cxn.BillPay.WU\TCF.Zeo.Cxn.BillPay.WU.csproj", "{EF6A38E4-C61F-4556-AA94-7EBA38D80260}"
EndProject
Project("{FAE04EC0-301F-11D3-BF4B-00C04F79EFBC}") = "TCF.Zeo.Cxn.BillPay.WU.Test", "Alloy\TCF.Zeo.Cxn.BillPay.WU.Test\TCF.Zeo.Cxn.BillPay.WU.Test.csproj", "{6F838F46-FECB-490D-B311-A57E27DBBD92}"
EndProject
Project("{FAE04EC0-301F-11D3-BF4B-00C04F79EFBC}") = "TCF.Zeo.Biz.MoneyOrder", "Alloy\TCF.Zeo.Biz.MoneyOrder\TCF.Zeo.Biz.MoneyOrder.csproj", "{6408B627-D3E5-4D11-996B-FC7885449870}"
EndProject
Project("{FAE04EC0-301F-11D3-BF4B-00C04F79EFBC}") = "TCF.Zeo.Biz.MoneyOrder.Test", "Alloy\TCF.Zeo.Biz.MoneyOrder.Test\TCF.Zeo.Biz.MoneyOrder.Test.csproj", "{3615E33B-8713-4105-957A-1A2B1891E52F}"
EndProject
Project("{FAE04EC0-301F-11D3-BF4B-00C04F79EFBC}") = "TCF.Zeo.Biz.MoneyTransfer", "Alloy\TCF.Zeo.Biz.MoneyTransfer\TCF.Zeo.Biz.MoneyTransfer.csproj", "{A7BC1382-067D-494A-9D73-AC0ADB39195E}"
EndProject
Project("{FAE04EC0-301F-11D3-BF4B-00C04F79EFBC}") = "TCF.Zeo.Biz.MoneyTransfer.Test", "Alloy\TCF.Zeo.Biz.MoneyTransfer.Test\TCF.Zeo.Biz.MoneyTransfer.Test.csproj", "{79F74E18-5436-417E-9566-D4AE5D8C033B}"
EndProject
Project("{FAE04EC0-301F-11D3-BF4B-00C04F79EFBC}") = "TCF.Zeo.Cxn.MoneyTransfer", "Alloy\TCF.Zeo.Cxn.MoneyTransfer\TCF.Zeo.Cxn.MoneyTransfer.csproj", "{195FB39A-AB4D-461A-BB6D-E470F06D48FD}"
EndProject
Project("{FAE04EC0-301F-11D3-BF4B-00C04F79EFBC}") = "TCF.Zeo.Cxn.MoneyTransfer.WU", "Alloy\TCF.Zeo.Cxn.MoneyTransfer.WU\TCF.Zeo.Cxn.MoneyTransfer.WU.csproj", "{8A1017BF-51F7-474E-9223-987F58EC1306}"
EndProject
Project("{FAE04EC0-301F-11D3-BF4B-00C04F79EFBC}") = "TCF.Zeo.Cxn.MoneyTransfer.WU.Test", "Alloy\TCF.Zeo.Cxn.MoneyTransfer.WU.Test\TCF.Zeo.Cxn.MoneyTransfer.WU.Test.csproj", "{CC05BBC8-8BA1-43C4-A010-9A29AF545FE4}"
EndProject
Project("{FAE04EC0-301F-11D3-BF4B-00C04F79EFBC}") = "TCF.Zeo.Biz.Fund", "Alloy\TCF.Zeo.Biz.Fund\TCF.Zeo.Biz.Fund.csproj", "{62EF3163-9904-4B25-9C5A-B4E27547A88B}"
EndProject
Project("{FAE04EC0-301F-11D3-BF4B-00C04F79EFBC}") = "TCF.Zeo.Cxn.Fund", "Alloy\TCF.Zeo.Cxn.Fund\TCF.Zeo.Cxn.Fund.csproj", "{15D8B558-D497-48FE-99B9-9F7A00297AA1}"
EndProject
Project("{FAE04EC0-301F-11D3-BF4B-00C04F79EFBC}") = "TCF.Zeo.Cxn.Fund.Visa", "Alloy\TCF.Zeo.Cxn.Fund.Visa\TCF.Zeo.Cxn.Fund.Visa.csproj", "{0CAC639C-DF77-4F69-93FD-64A60283EECF}"
EndProject
Project("{FAE04EC0-301F-11D3-BF4B-00C04F79EFBC}") = "TCF.Zeo.Cxn.Fund.Visa.Test", "Alloy\TCF.Zeo.Cxn.Fund.Visa.Test\TCF.Zeo.Cxn.Fund.Visa.Test.csproj", "{23DB45E3-0797-4313-8455-5BCFC15A450C}"
EndProject
Project("{FAE04EC0-301F-11D3-BF4B-00C04F79EFBC}") = "TCF.Zeo.Cxn.Check.TCF", "Alloy\TCF.Zeo.Cxn.Check.TCF\TCF.Zeo.Cxn.Check.TCF.csproj", "{8B346353-F8DB-400E-B5E2-33EFB76A0DF1}"
EndProject
Project("{FAE04EC0-301F-11D3-BF4B-00C04F79EFBC}") = "TCF.Zeo.Cxn.Customer.TCF.Test", "Alloy\TCF.Zeo.Cxn.Customer.TCF.Test\TCF.Zeo.Cxn.Customer.TCF.Test.csproj", "{C906AACE-1F94-4D53-BF7F-9F498161ADD9}"
EndProject
Global
	GlobalSection(SolutionConfigurationPlatforms) = preSolution
		Debug|Any CPU = Debug|Any CPU
		Debug|x64 = Debug|x64
		Debug|x86 = Debug|x86
		Release|Any CPU = Release|Any CPU
		Release|x64 = Release|x64
		Release|x86 = Release|x86
		Test|Any CPU = Test|Any CPU
		Test|x64 = Test|x64
		Test|x86 = Test|x86
	EndGlobalSection
	GlobalSection(ProjectConfigurationPlatforms) = postSolution
		{1B0A5012-94F0-4C5B-AAF5-371BE4AA7481}.Debug|Any CPU.ActiveCfg = Debug|Any CPU
		{1B0A5012-94F0-4C5B-AAF5-371BE4AA7481}.Debug|Any CPU.Build.0 = Debug|Any CPU
		{1B0A5012-94F0-4C5B-AAF5-371BE4AA7481}.Debug|x64.ActiveCfg = Debug|x64
		{1B0A5012-94F0-4C5B-AAF5-371BE4AA7481}.Debug|x64.Build.0 = Debug|x64
		{1B0A5012-94F0-4C5B-AAF5-371BE4AA7481}.Debug|x86.ActiveCfg = Debug|x86
		{1B0A5012-94F0-4C5B-AAF5-371BE4AA7481}.Debug|x86.Build.0 = Debug|x86
		{1B0A5012-94F0-4C5B-AAF5-371BE4AA7481}.Release|Any CPU.ActiveCfg = Release|Any CPU
		{1B0A5012-94F0-4C5B-AAF5-371BE4AA7481}.Release|Any CPU.Build.0 = Release|Any CPU
		{1B0A5012-94F0-4C5B-AAF5-371BE4AA7481}.Release|x64.ActiveCfg = Release|x64
		{1B0A5012-94F0-4C5B-AAF5-371BE4AA7481}.Release|x64.Build.0 = Release|x64
		{1B0A5012-94F0-4C5B-AAF5-371BE4AA7481}.Release|x86.ActiveCfg = Release|x86
		{1B0A5012-94F0-4C5B-AAF5-371BE4AA7481}.Release|x86.Build.0 = Release|x86
		{1B0A5012-94F0-4C5B-AAF5-371BE4AA7481}.Test|Any CPU.ActiveCfg = Release|Any CPU
		{1B0A5012-94F0-4C5B-AAF5-371BE4AA7481}.Test|Any CPU.Build.0 = Release|Any CPU
		{1B0A5012-94F0-4C5B-AAF5-371BE4AA7481}.Test|x64.ActiveCfg = Release|x64
		{1B0A5012-94F0-4C5B-AAF5-371BE4AA7481}.Test|x86.ActiveCfg = Release|x86
		{1B0A5012-94F0-4C5B-AAF5-371BE4AA7481}.Test|x86.Build.0 = Release|x86
		{2BE533C4-1989-4BB4-AFD6-99E82660CD7C}.Debug|Any CPU.ActiveCfg = Debug|Any CPU
		{2BE533C4-1989-4BB4-AFD6-99E82660CD7C}.Debug|Any CPU.Build.0 = Debug|Any CPU
		{2BE533C4-1989-4BB4-AFD6-99E82660CD7C}.Debug|x64.ActiveCfg = Debug|x64
		{2BE533C4-1989-4BB4-AFD6-99E82660CD7C}.Debug|x64.Build.0 = Debug|x64
		{2BE533C4-1989-4BB4-AFD6-99E82660CD7C}.Debug|x86.ActiveCfg = Debug|x86
		{2BE533C4-1989-4BB4-AFD6-99E82660CD7C}.Debug|x86.Build.0 = Debug|x86
		{2BE533C4-1989-4BB4-AFD6-99E82660CD7C}.Release|Any CPU.ActiveCfg = Release|Any CPU
		{2BE533C4-1989-4BB4-AFD6-99E82660CD7C}.Release|Any CPU.Build.0 = Release|Any CPU
		{2BE533C4-1989-4BB4-AFD6-99E82660CD7C}.Release|x64.ActiveCfg = Release|x64
		{2BE533C4-1989-4BB4-AFD6-99E82660CD7C}.Release|x64.Build.0 = Release|x64
		{2BE533C4-1989-4BB4-AFD6-99E82660CD7C}.Release|x86.ActiveCfg = Release|x86
		{2BE533C4-1989-4BB4-AFD6-99E82660CD7C}.Release|x86.Build.0 = Release|x86
		{2BE533C4-1989-4BB4-AFD6-99E82660CD7C}.Test|Any CPU.ActiveCfg = Release|Any CPU
		{2BE533C4-1989-4BB4-AFD6-99E82660CD7C}.Test|Any CPU.Build.0 = Release|Any CPU
		{2BE533C4-1989-4BB4-AFD6-99E82660CD7C}.Test|x64.ActiveCfg = Release|x64
		{2BE533C4-1989-4BB4-AFD6-99E82660CD7C}.Test|x64.Build.0 = Release|x64
		{2BE533C4-1989-4BB4-AFD6-99E82660CD7C}.Test|x86.ActiveCfg = Release|x86
		{2BE533C4-1989-4BB4-AFD6-99E82660CD7C}.Test|x86.Build.0 = Release|x86
		{95AE0A6F-CF72-4439-987C-0C7C4D26432B}.Debug|Any CPU.ActiveCfg = Debug|Any CPU
		{95AE0A6F-CF72-4439-987C-0C7C4D26432B}.Debug|Any CPU.Build.0 = Debug|Any CPU
		{95AE0A6F-CF72-4439-987C-0C7C4D26432B}.Debug|x64.ActiveCfg = Debug|x64
		{95AE0A6F-CF72-4439-987C-0C7C4D26432B}.Debug|x64.Build.0 = Debug|x64
		{95AE0A6F-CF72-4439-987C-0C7C4D26432B}.Debug|x86.ActiveCfg = Debug|x86
		{95AE0A6F-CF72-4439-987C-0C7C4D26432B}.Debug|x86.Build.0 = Debug|x86
		{95AE0A6F-CF72-4439-987C-0C7C4D26432B}.Release|Any CPU.ActiveCfg = Release|Any CPU
		{95AE0A6F-CF72-4439-987C-0C7C4D26432B}.Release|Any CPU.Build.0 = Release|Any CPU
		{95AE0A6F-CF72-4439-987C-0C7C4D26432B}.Release|x64.ActiveCfg = Release|x64
		{95AE0A6F-CF72-4439-987C-0C7C4D26432B}.Release|x64.Build.0 = Release|x64
		{95AE0A6F-CF72-4439-987C-0C7C4D26432B}.Release|x86.ActiveCfg = Release|x86
		{95AE0A6F-CF72-4439-987C-0C7C4D26432B}.Release|x86.Build.0 = Release|x86
		{95AE0A6F-CF72-4439-987C-0C7C4D26432B}.Test|Any CPU.ActiveCfg = Release|Any CPU
		{95AE0A6F-CF72-4439-987C-0C7C4D26432B}.Test|Any CPU.Build.0 = Release|Any CPU
		{95AE0A6F-CF72-4439-987C-0C7C4D26432B}.Test|x64.ActiveCfg = Release|x64
		{95AE0A6F-CF72-4439-987C-0C7C4D26432B}.Test|x64.Build.0 = Release|x64
		{95AE0A6F-CF72-4439-987C-0C7C4D26432B}.Test|x86.ActiveCfg = Release|x86
		{95AE0A6F-CF72-4439-987C-0C7C4D26432B}.Test|x86.Build.0 = Release|x86
		{721D650B-D902-4E2D-A83F-7F2FED1F0992}.Debug|Any CPU.ActiveCfg = Debug|Any CPU
		{721D650B-D902-4E2D-A83F-7F2FED1F0992}.Debug|Any CPU.Build.0 = Debug|Any CPU
		{721D650B-D902-4E2D-A83F-7F2FED1F0992}.Debug|x64.ActiveCfg = Debug|x64
		{721D650B-D902-4E2D-A83F-7F2FED1F0992}.Debug|x64.Build.0 = Debug|x64
		{721D650B-D902-4E2D-A83F-7F2FED1F0992}.Debug|x86.ActiveCfg = Debug|x86
		{721D650B-D902-4E2D-A83F-7F2FED1F0992}.Debug|x86.Build.0 = Debug|x86
		{721D650B-D902-4E2D-A83F-7F2FED1F0992}.Release|Any CPU.ActiveCfg = Release|Any CPU
		{721D650B-D902-4E2D-A83F-7F2FED1F0992}.Release|Any CPU.Build.0 = Release|Any CPU
		{721D650B-D902-4E2D-A83F-7F2FED1F0992}.Release|x64.ActiveCfg = Release|x64
		{721D650B-D902-4E2D-A83F-7F2FED1F0992}.Release|x64.Build.0 = Release|x64
		{721D650B-D902-4E2D-A83F-7F2FED1F0992}.Release|x86.ActiveCfg = Release|x86
		{721D650B-D902-4E2D-A83F-7F2FED1F0992}.Release|x86.Build.0 = Release|x86
		{721D650B-D902-4E2D-A83F-7F2FED1F0992}.Test|Any CPU.ActiveCfg = Release|Any CPU
		{721D650B-D902-4E2D-A83F-7F2FED1F0992}.Test|Any CPU.Build.0 = Release|Any CPU
		{721D650B-D902-4E2D-A83F-7F2FED1F0992}.Test|x64.ActiveCfg = Release|x64
		{721D650B-D902-4E2D-A83F-7F2FED1F0992}.Test|x64.Build.0 = Release|x64
		{721D650B-D902-4E2D-A83F-7F2FED1F0992}.Test|x86.ActiveCfg = Release|x86
		{721D650B-D902-4E2D-A83F-7F2FED1F0992}.Test|x86.Build.0 = Release|x86
		{72B50175-6795-4932-8347-7513A22EB639}.Debug|Any CPU.ActiveCfg = Debug|Any CPU
		{72B50175-6795-4932-8347-7513A22EB639}.Debug|Any CPU.Build.0 = Debug|Any CPU
		{72B50175-6795-4932-8347-7513A22EB639}.Debug|x64.ActiveCfg = Debug|x64
		{72B50175-6795-4932-8347-7513A22EB639}.Debug|x64.Build.0 = Debug|x64
		{72B50175-6795-4932-8347-7513A22EB639}.Debug|x86.ActiveCfg = Debug|x86
		{72B50175-6795-4932-8347-7513A22EB639}.Debug|x86.Build.0 = Debug|x86
		{72B50175-6795-4932-8347-7513A22EB639}.Release|Any CPU.ActiveCfg = Release|Any CPU
		{72B50175-6795-4932-8347-7513A22EB639}.Release|Any CPU.Build.0 = Release|Any CPU
		{72B50175-6795-4932-8347-7513A22EB639}.Release|x64.ActiveCfg = Release|x64
		{72B50175-6795-4932-8347-7513A22EB639}.Release|x64.Build.0 = Release|x64
		{72B50175-6795-4932-8347-7513A22EB639}.Release|x86.ActiveCfg = Release|x86
		{72B50175-6795-4932-8347-7513A22EB639}.Release|x86.Build.0 = Release|x86
		{72B50175-6795-4932-8347-7513A22EB639}.Test|Any CPU.ActiveCfg = Release|Any CPU
		{72B50175-6795-4932-8347-7513A22EB639}.Test|Any CPU.Build.0 = Release|Any CPU
		{72B50175-6795-4932-8347-7513A22EB639}.Test|x64.ActiveCfg = Release|x64
		{72B50175-6795-4932-8347-7513A22EB639}.Test|x64.Build.0 = Release|x64
		{72B50175-6795-4932-8347-7513A22EB639}.Test|x86.ActiveCfg = Release|x86
		{72B50175-6795-4932-8347-7513A22EB639}.Test|x86.Build.0 = Release|x86
		{B41DB919-1C93-4F83-9265-D743EC087BC1}.Debug|Any CPU.ActiveCfg = Debug|Any CPU
		{B41DB919-1C93-4F83-9265-D743EC087BC1}.Debug|Any CPU.Build.0 = Debug|Any CPU
		{B41DB919-1C93-4F83-9265-D743EC087BC1}.Debug|x64.ActiveCfg = Debug|x64
		{B41DB919-1C93-4F83-9265-D743EC087BC1}.Debug|x64.Build.0 = Debug|x64
		{B41DB919-1C93-4F83-9265-D743EC087BC1}.Debug|x86.ActiveCfg = Debug|Any CPU
		{B41DB919-1C93-4F83-9265-D743EC087BC1}.Debug|x86.Build.0 = Debug|Any CPU
		{B41DB919-1C93-4F83-9265-D743EC087BC1}.Release|Any CPU.ActiveCfg = Release|Any CPU
		{B41DB919-1C93-4F83-9265-D743EC087BC1}.Release|Any CPU.Build.0 = Release|Any CPU
		{B41DB919-1C93-4F83-9265-D743EC087BC1}.Release|x64.ActiveCfg = Release|x64
		{B41DB919-1C93-4F83-9265-D743EC087BC1}.Release|x64.Build.0 = Release|x64
		{B41DB919-1C93-4F83-9265-D743EC087BC1}.Release|x86.ActiveCfg = Release|Any CPU
		{B41DB919-1C93-4F83-9265-D743EC087BC1}.Release|x86.Build.0 = Release|Any CPU
		{B41DB919-1C93-4F83-9265-D743EC087BC1}.Test|Any CPU.ActiveCfg = Release|Any CPU
		{B41DB919-1C93-4F83-9265-D743EC087BC1}.Test|Any CPU.Build.0 = Release|Any CPU
		{B41DB919-1C93-4F83-9265-D743EC087BC1}.Test|x64.ActiveCfg = Release|x64
		{B41DB919-1C93-4F83-9265-D743EC087BC1}.Test|x64.Build.0 = Release|x64
		{B41DB919-1C93-4F83-9265-D743EC087BC1}.Test|x86.ActiveCfg = Release|Any CPU
		{B41DB919-1C93-4F83-9265-D743EC087BC1}.Test|x86.Build.0 = Release|Any CPU
		{75C808AC-C57F-485E-AF06-50A63A5D12CF}.Debug|Any CPU.ActiveCfg = Debug|Any CPU
		{75C808AC-C57F-485E-AF06-50A63A5D12CF}.Debug|Any CPU.Build.0 = Debug|Any CPU
		{75C808AC-C57F-485E-AF06-50A63A5D12CF}.Debug|x64.ActiveCfg = Debug|x64
		{75C808AC-C57F-485E-AF06-50A63A5D12CF}.Debug|x64.Build.0 = Debug|x64
		{75C808AC-C57F-485E-AF06-50A63A5D12CF}.Debug|x86.ActiveCfg = Debug|Any CPU
		{75C808AC-C57F-485E-AF06-50A63A5D12CF}.Debug|x86.Build.0 = Debug|Any CPU
		{75C808AC-C57F-485E-AF06-50A63A5D12CF}.Release|Any CPU.ActiveCfg = Release|Any CPU
		{75C808AC-C57F-485E-AF06-50A63A5D12CF}.Release|Any CPU.Build.0 = Release|Any CPU
		{75C808AC-C57F-485E-AF06-50A63A5D12CF}.Release|x64.ActiveCfg = Release|x64
		{75C808AC-C57F-485E-AF06-50A63A5D12CF}.Release|x64.Build.0 = Release|x64
		{75C808AC-C57F-485E-AF06-50A63A5D12CF}.Release|x86.ActiveCfg = Release|Any CPU
		{75C808AC-C57F-485E-AF06-50A63A5D12CF}.Release|x86.Build.0 = Release|Any CPU
		{75C808AC-C57F-485E-AF06-50A63A5D12CF}.Test|Any CPU.ActiveCfg = Release|Any CPU
		{75C808AC-C57F-485E-AF06-50A63A5D12CF}.Test|Any CPU.Build.0 = Release|Any CPU
		{75C808AC-C57F-485E-AF06-50A63A5D12CF}.Test|x64.ActiveCfg = Release|x64
		{75C808AC-C57F-485E-AF06-50A63A5D12CF}.Test|x64.Build.0 = Release|x64
		{75C808AC-C57F-485E-AF06-50A63A5D12CF}.Test|x86.ActiveCfg = Release|Any CPU
		{75C808AC-C57F-485E-AF06-50A63A5D12CF}.Test|x86.Build.0 = Release|Any CPU
		{2D2FDF57-AA6C-4254-85ED-2A7B45B5A955}.Debug|Any CPU.ActiveCfg = Debug|Any CPU
		{2D2FDF57-AA6C-4254-85ED-2A7B45B5A955}.Debug|Any CPU.Build.0 = Debug|Any CPU
		{2D2FDF57-AA6C-4254-85ED-2A7B45B5A955}.Debug|x64.ActiveCfg = Debug|x64
		{2D2FDF57-AA6C-4254-85ED-2A7B45B5A955}.Debug|x64.Build.0 = Debug|x64
		{2D2FDF57-AA6C-4254-85ED-2A7B45B5A955}.Debug|x86.ActiveCfg = Debug|Any CPU
		{2D2FDF57-AA6C-4254-85ED-2A7B45B5A955}.Debug|x86.Build.0 = Debug|Any CPU
		{2D2FDF57-AA6C-4254-85ED-2A7B45B5A955}.Release|Any CPU.ActiveCfg = Release|Any CPU
		{2D2FDF57-AA6C-4254-85ED-2A7B45B5A955}.Release|Any CPU.Build.0 = Release|Any CPU
		{2D2FDF57-AA6C-4254-85ED-2A7B45B5A955}.Release|x64.ActiveCfg = Release|x64
		{2D2FDF57-AA6C-4254-85ED-2A7B45B5A955}.Release|x64.Build.0 = Release|x64
		{2D2FDF57-AA6C-4254-85ED-2A7B45B5A955}.Release|x86.ActiveCfg = Release|Any CPU
		{2D2FDF57-AA6C-4254-85ED-2A7B45B5A955}.Release|x86.Build.0 = Release|Any CPU
		{2D2FDF57-AA6C-4254-85ED-2A7B45B5A955}.Test|Any CPU.ActiveCfg = Release|Any CPU
		{2D2FDF57-AA6C-4254-85ED-2A7B45B5A955}.Test|Any CPU.Build.0 = Release|Any CPU
		{2D2FDF57-AA6C-4254-85ED-2A7B45B5A955}.Test|x64.ActiveCfg = Release|x64
		{2D2FDF57-AA6C-4254-85ED-2A7B45B5A955}.Test|x64.Build.0 = Release|x64
		{2D2FDF57-AA6C-4254-85ED-2A7B45B5A955}.Test|x86.ActiveCfg = Release|Any CPU
		{2D2FDF57-AA6C-4254-85ED-2A7B45B5A955}.Test|x86.Build.0 = Release|Any CPU
		{151F6663-E6D7-4FCD-99F5-CDA459F609AE}.Debug|Any CPU.ActiveCfg = Debug|Any CPU
		{151F6663-E6D7-4FCD-99F5-CDA459F609AE}.Debug|Any CPU.Build.0 = Debug|Any CPU
		{151F6663-E6D7-4FCD-99F5-CDA459F609AE}.Debug|x64.ActiveCfg = Debug|x64
		{151F6663-E6D7-4FCD-99F5-CDA459F609AE}.Debug|x64.Build.0 = Debug|x64
		{151F6663-E6D7-4FCD-99F5-CDA459F609AE}.Debug|x86.ActiveCfg = Debug|Any CPU
		{151F6663-E6D7-4FCD-99F5-CDA459F609AE}.Debug|x86.Build.0 = Debug|Any CPU
		{151F6663-E6D7-4FCD-99F5-CDA459F609AE}.Release|Any CPU.ActiveCfg = Release|Any CPU
		{151F6663-E6D7-4FCD-99F5-CDA459F609AE}.Release|Any CPU.Build.0 = Release|Any CPU
		{151F6663-E6D7-4FCD-99F5-CDA459F609AE}.Release|x64.ActiveCfg = Release|x64
		{151F6663-E6D7-4FCD-99F5-CDA459F609AE}.Release|x64.Build.0 = Release|x64
		{151F6663-E6D7-4FCD-99F5-CDA459F609AE}.Release|x86.ActiveCfg = Release|Any CPU
		{151F6663-E6D7-4FCD-99F5-CDA459F609AE}.Release|x86.Build.0 = Release|Any CPU
		{151F6663-E6D7-4FCD-99F5-CDA459F609AE}.Test|Any CPU.ActiveCfg = Release|Any CPU
		{151F6663-E6D7-4FCD-99F5-CDA459F609AE}.Test|Any CPU.Build.0 = Release|Any CPU
		{151F6663-E6D7-4FCD-99F5-CDA459F609AE}.Test|x64.ActiveCfg = Release|x64
		{151F6663-E6D7-4FCD-99F5-CDA459F609AE}.Test|x64.Build.0 = Release|x64
		{151F6663-E6D7-4FCD-99F5-CDA459F609AE}.Test|x86.ActiveCfg = Release|Any CPU
		{151F6663-E6D7-4FCD-99F5-CDA459F609AE}.Test|x86.Build.0 = Release|Any CPU
		{5360E449-74F2-4ABD-B3C1-D93ECA6A8DED}.Debug|Any CPU.ActiveCfg = Debug|Any CPU
		{5360E449-74F2-4ABD-B3C1-D93ECA6A8DED}.Debug|Any CPU.Build.0 = Debug|Any CPU
		{5360E449-74F2-4ABD-B3C1-D93ECA6A8DED}.Debug|x64.ActiveCfg = Debug|x64
		{5360E449-74F2-4ABD-B3C1-D93ECA6A8DED}.Debug|x64.Build.0 = Debug|x64
		{5360E449-74F2-4ABD-B3C1-D93ECA6A8DED}.Debug|x86.ActiveCfg = Debug|x86
		{5360E449-74F2-4ABD-B3C1-D93ECA6A8DED}.Debug|x86.Build.0 = Debug|x86
		{5360E449-74F2-4ABD-B3C1-D93ECA6A8DED}.Release|Any CPU.ActiveCfg = Release|Any CPU
		{5360E449-74F2-4ABD-B3C1-D93ECA6A8DED}.Release|Any CPU.Build.0 = Release|Any CPU
		{5360E449-74F2-4ABD-B3C1-D93ECA6A8DED}.Release|x64.ActiveCfg = Release|x64
		{5360E449-74F2-4ABD-B3C1-D93ECA6A8DED}.Release|x64.Build.0 = Release|x64
		{5360E449-74F2-4ABD-B3C1-D93ECA6A8DED}.Release|x86.ActiveCfg = Release|x86
		{5360E449-74F2-4ABD-B3C1-D93ECA6A8DED}.Release|x86.Build.0 = Release|x86
		{5360E449-74F2-4ABD-B3C1-D93ECA6A8DED}.Test|Any CPU.ActiveCfg = Release|Any CPU
		{5360E449-74F2-4ABD-B3C1-D93ECA6A8DED}.Test|Any CPU.Build.0 = Release|Any CPU
		{5360E449-74F2-4ABD-B3C1-D93ECA6A8DED}.Test|x64.ActiveCfg = Release|x64
		{5360E449-74F2-4ABD-B3C1-D93ECA6A8DED}.Test|x64.Build.0 = Release|x64
		{5360E449-74F2-4ABD-B3C1-D93ECA6A8DED}.Test|x86.ActiveCfg = Release|x86
		{5360E449-74F2-4ABD-B3C1-D93ECA6A8DED}.Test|x86.Build.0 = Release|x86
		{B3BD7591-DB8D-4904-AA92-639269F5F958}.Debug|Any CPU.ActiveCfg = Debug|Any CPU
		{B3BD7591-DB8D-4904-AA92-639269F5F958}.Debug|Any CPU.Build.0 = Debug|Any CPU
		{B3BD7591-DB8D-4904-AA92-639269F5F958}.Debug|x64.ActiveCfg = Debug|x64
		{B3BD7591-DB8D-4904-AA92-639269F5F958}.Debug|x64.Build.0 = Debug|x64
		{B3BD7591-DB8D-4904-AA92-639269F5F958}.Debug|x86.ActiveCfg = Debug|x86
		{B3BD7591-DB8D-4904-AA92-639269F5F958}.Debug|x86.Build.0 = Debug|x86
		{B3BD7591-DB8D-4904-AA92-639269F5F958}.Release|Any CPU.ActiveCfg = Release|Any CPU
		{B3BD7591-DB8D-4904-AA92-639269F5F958}.Release|Any CPU.Build.0 = Release|Any CPU
		{B3BD7591-DB8D-4904-AA92-639269F5F958}.Release|x64.ActiveCfg = Release|x64
		{B3BD7591-DB8D-4904-AA92-639269F5F958}.Release|x64.Build.0 = Release|x64
		{B3BD7591-DB8D-4904-AA92-639269F5F958}.Release|x86.ActiveCfg = Release|x86
		{B3BD7591-DB8D-4904-AA92-639269F5F958}.Release|x86.Build.0 = Release|x86
		{B3BD7591-DB8D-4904-AA92-639269F5F958}.Test|Any CPU.ActiveCfg = Release|Any CPU
		{B3BD7591-DB8D-4904-AA92-639269F5F958}.Test|Any CPU.Build.0 = Release|Any CPU
		{B3BD7591-DB8D-4904-AA92-639269F5F958}.Test|x64.ActiveCfg = Release|x64
		{B3BD7591-DB8D-4904-AA92-639269F5F958}.Test|x64.Build.0 = Release|x64
		{B3BD7591-DB8D-4904-AA92-639269F5F958}.Test|x86.ActiveCfg = Release|x86
		{B3BD7591-DB8D-4904-AA92-639269F5F958}.Test|x86.Build.0 = Release|x86
		{69028891-99EF-4A9A-9995-674D605156F2}.Debug|Any CPU.ActiveCfg = Debug|Any CPU
		{69028891-99EF-4A9A-9995-674D605156F2}.Debug|Any CPU.Build.0 = Debug|Any CPU
		{69028891-99EF-4A9A-9995-674D605156F2}.Debug|x64.ActiveCfg = Debug|x64
		{69028891-99EF-4A9A-9995-674D605156F2}.Debug|x64.Build.0 = Debug|x64
		{69028891-99EF-4A9A-9995-674D605156F2}.Debug|x86.ActiveCfg = Debug|Any CPU
		{69028891-99EF-4A9A-9995-674D605156F2}.Debug|x86.Build.0 = Debug|Any CPU
		{69028891-99EF-4A9A-9995-674D605156F2}.Release|Any CPU.ActiveCfg = Release|Any CPU
		{69028891-99EF-4A9A-9995-674D605156F2}.Release|Any CPU.Build.0 = Release|Any CPU
		{69028891-99EF-4A9A-9995-674D605156F2}.Release|x64.ActiveCfg = Release|x64
		{69028891-99EF-4A9A-9995-674D605156F2}.Release|x64.Build.0 = Release|x64
		{69028891-99EF-4A9A-9995-674D605156F2}.Release|x86.ActiveCfg = Release|Any CPU
		{69028891-99EF-4A9A-9995-674D605156F2}.Release|x86.Build.0 = Release|Any CPU
		{69028891-99EF-4A9A-9995-674D605156F2}.Test|Any CPU.ActiveCfg = Release|Any CPU
		{69028891-99EF-4A9A-9995-674D605156F2}.Test|Any CPU.Build.0 = Release|Any CPU
		{69028891-99EF-4A9A-9995-674D605156F2}.Test|x64.ActiveCfg = Release|x64
		{69028891-99EF-4A9A-9995-674D605156F2}.Test|x64.Build.0 = Release|x64
		{69028891-99EF-4A9A-9995-674D605156F2}.Test|x86.ActiveCfg = Release|Any CPU
		{69028891-99EF-4A9A-9995-674D605156F2}.Test|x86.Build.0 = Release|Any CPU
		{9F8FFC80-2613-4EC2-9805-ECF9B3D8960E}.Debug|Any CPU.ActiveCfg = Debug|Any CPU
		{9F8FFC80-2613-4EC2-9805-ECF9B3D8960E}.Debug|Any CPU.Build.0 = Debug|Any CPU
		{9F8FFC80-2613-4EC2-9805-ECF9B3D8960E}.Debug|x64.ActiveCfg = Debug|x64
		{9F8FFC80-2613-4EC2-9805-ECF9B3D8960E}.Debug|x64.Build.0 = Debug|x64
		{9F8FFC80-2613-4EC2-9805-ECF9B3D8960E}.Debug|x86.ActiveCfg = Debug|x86
		{9F8FFC80-2613-4EC2-9805-ECF9B3D8960E}.Debug|x86.Build.0 = Debug|x86
		{9F8FFC80-2613-4EC2-9805-ECF9B3D8960E}.Release|Any CPU.ActiveCfg = Release|Any CPU
		{9F8FFC80-2613-4EC2-9805-ECF9B3D8960E}.Release|Any CPU.Build.0 = Release|Any CPU
		{9F8FFC80-2613-4EC2-9805-ECF9B3D8960E}.Release|x64.ActiveCfg = Release|x64
		{9F8FFC80-2613-4EC2-9805-ECF9B3D8960E}.Release|x64.Build.0 = Release|x64
		{9F8FFC80-2613-4EC2-9805-ECF9B3D8960E}.Release|x86.ActiveCfg = Release|x86
		{9F8FFC80-2613-4EC2-9805-ECF9B3D8960E}.Release|x86.Build.0 = Release|x86
		{9F8FFC80-2613-4EC2-9805-ECF9B3D8960E}.Test|Any CPU.ActiveCfg = Release|Any CPU
		{9F8FFC80-2613-4EC2-9805-ECF9B3D8960E}.Test|Any CPU.Build.0 = Release|Any CPU
		{9F8FFC80-2613-4EC2-9805-ECF9B3D8960E}.Test|x64.ActiveCfg = Release|x64
		{9F8FFC80-2613-4EC2-9805-ECF9B3D8960E}.Test|x64.Build.0 = Release|x64
		{9F8FFC80-2613-4EC2-9805-ECF9B3D8960E}.Test|x86.ActiveCfg = Release|x86
		{9F8FFC80-2613-4EC2-9805-ECF9B3D8960E}.Test|x86.Build.0 = Release|x86
		{7CAC0A7A-AE77-4A03-9CD1-34D9C4C800F5}.Debug|Any CPU.ActiveCfg = Debug|Any CPU
		{7CAC0A7A-AE77-4A03-9CD1-34D9C4C800F5}.Debug|Any CPU.Build.0 = Debug|Any CPU
		{7CAC0A7A-AE77-4A03-9CD1-34D9C4C800F5}.Debug|x64.ActiveCfg = Debug|x64
		{7CAC0A7A-AE77-4A03-9CD1-34D9C4C800F5}.Debug|x64.Build.0 = Debug|x64
		{7CAC0A7A-AE77-4A03-9CD1-34D9C4C800F5}.Debug|x86.ActiveCfg = Debug|x86
		{7CAC0A7A-AE77-4A03-9CD1-34D9C4C800F5}.Debug|x86.Build.0 = Debug|x86
		{7CAC0A7A-AE77-4A03-9CD1-34D9C4C800F5}.Release|Any CPU.ActiveCfg = Release|Any CPU
		{7CAC0A7A-AE77-4A03-9CD1-34D9C4C800F5}.Release|Any CPU.Build.0 = Release|Any CPU
		{7CAC0A7A-AE77-4A03-9CD1-34D9C4C800F5}.Release|x64.ActiveCfg = Release|x64
		{7CAC0A7A-AE77-4A03-9CD1-34D9C4C800F5}.Release|x64.Build.0 = Release|x64
		{7CAC0A7A-AE77-4A03-9CD1-34D9C4C800F5}.Release|x86.ActiveCfg = Release|x86
		{7CAC0A7A-AE77-4A03-9CD1-34D9C4C800F5}.Release|x86.Build.0 = Release|x86
		{7CAC0A7A-AE77-4A03-9CD1-34D9C4C800F5}.Test|Any CPU.ActiveCfg = Release|Any CPU
		{7CAC0A7A-AE77-4A03-9CD1-34D9C4C800F5}.Test|Any CPU.Build.0 = Release|Any CPU
		{7CAC0A7A-AE77-4A03-9CD1-34D9C4C800F5}.Test|x64.ActiveCfg = Release|x64
		{7CAC0A7A-AE77-4A03-9CD1-34D9C4C800F5}.Test|x64.Build.0 = Release|x64
		{7CAC0A7A-AE77-4A03-9CD1-34D9C4C800F5}.Test|x86.ActiveCfg = Release|x86
		{7CAC0A7A-AE77-4A03-9CD1-34D9C4C800F5}.Test|x86.Build.0 = Release|x86
		{B585779B-71B7-49E7-953A-5EAF00E4D2E8}.Debug|Any CPU.ActiveCfg = Debug|Any CPU
		{B585779B-71B7-49E7-953A-5EAF00E4D2E8}.Debug|Any CPU.Build.0 = Debug|Any CPU
		{B585779B-71B7-49E7-953A-5EAF00E4D2E8}.Debug|x64.ActiveCfg = Debug|x64
		{B585779B-71B7-49E7-953A-5EAF00E4D2E8}.Debug|x64.Build.0 = Debug|x64
		{B585779B-71B7-49E7-953A-5EAF00E4D2E8}.Debug|x86.ActiveCfg = Debug|x86
		{B585779B-71B7-49E7-953A-5EAF00E4D2E8}.Debug|x86.Build.0 = Debug|x86
		{B585779B-71B7-49E7-953A-5EAF00E4D2E8}.Release|Any CPU.ActiveCfg = Release|Any CPU
		{B585779B-71B7-49E7-953A-5EAF00E4D2E8}.Release|Any CPU.Build.0 = Release|Any CPU
		{B585779B-71B7-49E7-953A-5EAF00E4D2E8}.Release|x64.ActiveCfg = Release|x64
		{B585779B-71B7-49E7-953A-5EAF00E4D2E8}.Release|x64.Build.0 = Release|x64
		{B585779B-71B7-49E7-953A-5EAF00E4D2E8}.Release|x86.ActiveCfg = Release|x86
		{B585779B-71B7-49E7-953A-5EAF00E4D2E8}.Release|x86.Build.0 = Release|x86
		{B585779B-71B7-49E7-953A-5EAF00E4D2E8}.Test|Any CPU.ActiveCfg = Release|Any CPU
		{B585779B-71B7-49E7-953A-5EAF00E4D2E8}.Test|Any CPU.Build.0 = Release|Any CPU
		{B585779B-71B7-49E7-953A-5EAF00E4D2E8}.Test|x64.ActiveCfg = Release|x64
		{B585779B-71B7-49E7-953A-5EAF00E4D2E8}.Test|x64.Build.0 = Release|x64
		{B585779B-71B7-49E7-953A-5EAF00E4D2E8}.Test|x86.ActiveCfg = Release|x86
		{B585779B-71B7-49E7-953A-5EAF00E4D2E8}.Test|x86.Build.0 = Release|x86
		{042EC1FC-6FDF-42AF-8883-6E3F9ECE1BB7}.Debug|Any CPU.ActiveCfg = Debug|Any CPU
		{042EC1FC-6FDF-42AF-8883-6E3F9ECE1BB7}.Debug|Any CPU.Build.0 = Debug|Any CPU
		{042EC1FC-6FDF-42AF-8883-6E3F9ECE1BB7}.Debug|x64.ActiveCfg = Debug|x64
		{042EC1FC-6FDF-42AF-8883-6E3F9ECE1BB7}.Debug|x64.Build.0 = Debug|x64
		{042EC1FC-6FDF-42AF-8883-6E3F9ECE1BB7}.Debug|x86.ActiveCfg = Debug|x86
		{042EC1FC-6FDF-42AF-8883-6E3F9ECE1BB7}.Debug|x86.Build.0 = Debug|x86
		{042EC1FC-6FDF-42AF-8883-6E3F9ECE1BB7}.Release|Any CPU.ActiveCfg = Release|Any CPU
		{042EC1FC-6FDF-42AF-8883-6E3F9ECE1BB7}.Release|Any CPU.Build.0 = Release|Any CPU
		{042EC1FC-6FDF-42AF-8883-6E3F9ECE1BB7}.Release|x64.ActiveCfg = Release|x64
		{042EC1FC-6FDF-42AF-8883-6E3F9ECE1BB7}.Release|x64.Build.0 = Release|x64
		{042EC1FC-6FDF-42AF-8883-6E3F9ECE1BB7}.Release|x86.ActiveCfg = Release|x86
		{042EC1FC-6FDF-42AF-8883-6E3F9ECE1BB7}.Release|x86.Build.0 = Release|x86
		{042EC1FC-6FDF-42AF-8883-6E3F9ECE1BB7}.Test|Any CPU.ActiveCfg = Release|Any CPU
		{042EC1FC-6FDF-42AF-8883-6E3F9ECE1BB7}.Test|Any CPU.Build.0 = Release|Any CPU
		{042EC1FC-6FDF-42AF-8883-6E3F9ECE1BB7}.Test|x64.ActiveCfg = Release|x64
		{042EC1FC-6FDF-42AF-8883-6E3F9ECE1BB7}.Test|x64.Build.0 = Release|x64
		{042EC1FC-6FDF-42AF-8883-6E3F9ECE1BB7}.Test|x86.ActiveCfg = Release|x86
		{042EC1FC-6FDF-42AF-8883-6E3F9ECE1BB7}.Test|x86.Build.0 = Release|x86
		{E7B63F44-968C-4287-AB43-41601519FF4F}.Debug|Any CPU.ActiveCfg = Debug|Any CPU
		{E7B63F44-968C-4287-AB43-41601519FF4F}.Debug|Any CPU.Build.0 = Debug|Any CPU
		{E7B63F44-968C-4287-AB43-41601519FF4F}.Debug|x64.ActiveCfg = Debug|x64
		{E7B63F44-968C-4287-AB43-41601519FF4F}.Debug|x64.Build.0 = Debug|x64
		{E7B63F44-968C-4287-AB43-41601519FF4F}.Debug|x86.ActiveCfg = Debug|x86
		{E7B63F44-968C-4287-AB43-41601519FF4F}.Debug|x86.Build.0 = Debug|x86
		{E7B63F44-968C-4287-AB43-41601519FF4F}.Release|Any CPU.ActiveCfg = Release|Any CPU
		{E7B63F44-968C-4287-AB43-41601519FF4F}.Release|Any CPU.Build.0 = Release|Any CPU
		{E7B63F44-968C-4287-AB43-41601519FF4F}.Release|x64.ActiveCfg = Release|x64
		{E7B63F44-968C-4287-AB43-41601519FF4F}.Release|x64.Build.0 = Release|x64
		{E7B63F44-968C-4287-AB43-41601519FF4F}.Release|x86.ActiveCfg = Release|x86
		{E7B63F44-968C-4287-AB43-41601519FF4F}.Release|x86.Build.0 = Release|x86
		{E7B63F44-968C-4287-AB43-41601519FF4F}.Test|Any CPU.ActiveCfg = Release|Any CPU
		{E7B63F44-968C-4287-AB43-41601519FF4F}.Test|Any CPU.Build.0 = Release|Any CPU
		{E7B63F44-968C-4287-AB43-41601519FF4F}.Test|x64.ActiveCfg = Release|x64
		{E7B63F44-968C-4287-AB43-41601519FF4F}.Test|x64.Build.0 = Release|x64
		{E7B63F44-968C-4287-AB43-41601519FF4F}.Test|x86.ActiveCfg = Release|x86
		{E7B63F44-968C-4287-AB43-41601519FF4F}.Test|x86.Build.0 = Release|x86
		{9FEEFB2D-75E7-45BE-A02F-C6FF69867823}.Debug|Any CPU.ActiveCfg = Debug|Any CPU
		{9FEEFB2D-75E7-45BE-A02F-C6FF69867823}.Debug|Any CPU.Build.0 = Debug|Any CPU
		{9FEEFB2D-75E7-45BE-A02F-C6FF69867823}.Debug|x64.ActiveCfg = Debug|x64
		{9FEEFB2D-75E7-45BE-A02F-C6FF69867823}.Debug|x64.Build.0 = Debug|x64
		{9FEEFB2D-75E7-45BE-A02F-C6FF69867823}.Debug|x86.ActiveCfg = Debug|x86
		{9FEEFB2D-75E7-45BE-A02F-C6FF69867823}.Debug|x86.Build.0 = Debug|x86
		{9FEEFB2D-75E7-45BE-A02F-C6FF69867823}.Release|Any CPU.ActiveCfg = Release|Any CPU
		{9FEEFB2D-75E7-45BE-A02F-C6FF69867823}.Release|Any CPU.Build.0 = Release|Any CPU
		{9FEEFB2D-75E7-45BE-A02F-C6FF69867823}.Release|x64.ActiveCfg = Release|x64
		{9FEEFB2D-75E7-45BE-A02F-C6FF69867823}.Release|x64.Build.0 = Release|x64
		{9FEEFB2D-75E7-45BE-A02F-C6FF69867823}.Release|x86.ActiveCfg = Release|x86
		{9FEEFB2D-75E7-45BE-A02F-C6FF69867823}.Release|x86.Build.0 = Release|x86
		{9FEEFB2D-75E7-45BE-A02F-C6FF69867823}.Test|Any CPU.ActiveCfg = Release|Any CPU
		{9FEEFB2D-75E7-45BE-A02F-C6FF69867823}.Test|Any CPU.Build.0 = Release|Any CPU
		{9FEEFB2D-75E7-45BE-A02F-C6FF69867823}.Test|x64.ActiveCfg = Release|x64
		{9FEEFB2D-75E7-45BE-A02F-C6FF69867823}.Test|x64.Build.0 = Release|x64
		{9FEEFB2D-75E7-45BE-A02F-C6FF69867823}.Test|x86.ActiveCfg = Release|x86
		{9FEEFB2D-75E7-45BE-A02F-C6FF69867823}.Test|x86.Build.0 = Release|x86
		{45D28137-57C8-4FA3-B48E-EC22D9CEA386}.Debug|Any CPU.ActiveCfg = Debug|Any CPU
		{45D28137-57C8-4FA3-B48E-EC22D9CEA386}.Debug|Any CPU.Build.0 = Debug|Any CPU
		{45D28137-57C8-4FA3-B48E-EC22D9CEA386}.Debug|x64.ActiveCfg = Debug|x64
		{45D28137-57C8-4FA3-B48E-EC22D9CEA386}.Debug|x64.Build.0 = Debug|x64
		{45D28137-57C8-4FA3-B48E-EC22D9CEA386}.Debug|x86.ActiveCfg = Debug|x86
		{45D28137-57C8-4FA3-B48E-EC22D9CEA386}.Debug|x86.Build.0 = Debug|x86
		{45D28137-57C8-4FA3-B48E-EC22D9CEA386}.Release|Any CPU.ActiveCfg = Release|Any CPU
		{45D28137-57C8-4FA3-B48E-EC22D9CEA386}.Release|Any CPU.Build.0 = Release|Any CPU
		{45D28137-57C8-4FA3-B48E-EC22D9CEA386}.Release|x64.ActiveCfg = Release|x64
		{45D28137-57C8-4FA3-B48E-EC22D9CEA386}.Release|x64.Build.0 = Release|x64
		{45D28137-57C8-4FA3-B48E-EC22D9CEA386}.Release|x86.ActiveCfg = Release|x86
		{45D28137-57C8-4FA3-B48E-EC22D9CEA386}.Release|x86.Build.0 = Release|x86
		{45D28137-57C8-4FA3-B48E-EC22D9CEA386}.Test|Any CPU.ActiveCfg = Release|Any CPU
		{45D28137-57C8-4FA3-B48E-EC22D9CEA386}.Test|Any CPU.Build.0 = Release|Any CPU
		{45D28137-57C8-4FA3-B48E-EC22D9CEA386}.Test|x64.ActiveCfg = Release|x64
		{45D28137-57C8-4FA3-B48E-EC22D9CEA386}.Test|x64.Build.0 = Release|x64
		{45D28137-57C8-4FA3-B48E-EC22D9CEA386}.Test|x86.ActiveCfg = Release|x86
		{45D28137-57C8-4FA3-B48E-EC22D9CEA386}.Test|x86.Build.0 = Release|x86
		{DAFD0C0B-FD2C-4B9A-9764-23FD0A7554B1}.Debug|Any CPU.ActiveCfg = Debug|Any CPU
		{DAFD0C0B-FD2C-4B9A-9764-23FD0A7554B1}.Debug|Any CPU.Build.0 = Debug|Any CPU
		{DAFD0C0B-FD2C-4B9A-9764-23FD0A7554B1}.Debug|x64.ActiveCfg = Debug|x64
		{DAFD0C0B-FD2C-4B9A-9764-23FD0A7554B1}.Debug|x64.Build.0 = Debug|x64
		{DAFD0C0B-FD2C-4B9A-9764-23FD0A7554B1}.Debug|x86.ActiveCfg = Debug|x86
		{DAFD0C0B-FD2C-4B9A-9764-23FD0A7554B1}.Debug|x86.Build.0 = Debug|x86
		{DAFD0C0B-FD2C-4B9A-9764-23FD0A7554B1}.Release|Any CPU.ActiveCfg = Release|Any CPU
		{DAFD0C0B-FD2C-4B9A-9764-23FD0A7554B1}.Release|Any CPU.Build.0 = Release|Any CPU
		{DAFD0C0B-FD2C-4B9A-9764-23FD0A7554B1}.Release|x64.ActiveCfg = Release|x64
		{DAFD0C0B-FD2C-4B9A-9764-23FD0A7554B1}.Release|x64.Build.0 = Release|x64
		{DAFD0C0B-FD2C-4B9A-9764-23FD0A7554B1}.Release|x86.ActiveCfg = Release|x86
		{DAFD0C0B-FD2C-4B9A-9764-23FD0A7554B1}.Release|x86.Build.0 = Release|x86
		{DAFD0C0B-FD2C-4B9A-9764-23FD0A7554B1}.Test|Any CPU.ActiveCfg = Release|Any CPU
		{DAFD0C0B-FD2C-4B9A-9764-23FD0A7554B1}.Test|Any CPU.Build.0 = Release|Any CPU
		{DAFD0C0B-FD2C-4B9A-9764-23FD0A7554B1}.Test|x64.ActiveCfg = Release|x64
		{DAFD0C0B-FD2C-4B9A-9764-23FD0A7554B1}.Test|x64.Build.0 = Release|x64
		{DAFD0C0B-FD2C-4B9A-9764-23FD0A7554B1}.Test|x86.ActiveCfg = Release|x86
		{DAFD0C0B-FD2C-4B9A-9764-23FD0A7554B1}.Test|x86.Build.0 = Release|x86
		{84A1CA62-2EEA-4BA3-BCC0-991C2F471FF2}.Debug|Any CPU.ActiveCfg = Debug|Any CPU
		{84A1CA62-2EEA-4BA3-BCC0-991C2F471FF2}.Debug|Any CPU.Build.0 = Debug|Any CPU
		{84A1CA62-2EEA-4BA3-BCC0-991C2F471FF2}.Debug|x64.ActiveCfg = Debug|x64
		{84A1CA62-2EEA-4BA3-BCC0-991C2F471FF2}.Debug|x64.Build.0 = Debug|x64
		{84A1CA62-2EEA-4BA3-BCC0-991C2F471FF2}.Debug|x86.ActiveCfg = Debug|x86
		{84A1CA62-2EEA-4BA3-BCC0-991C2F471FF2}.Debug|x86.Build.0 = Debug|x86
		{84A1CA62-2EEA-4BA3-BCC0-991C2F471FF2}.Release|Any CPU.ActiveCfg = Release|Any CPU
		{84A1CA62-2EEA-4BA3-BCC0-991C2F471FF2}.Release|Any CPU.Build.0 = Release|Any CPU
		{84A1CA62-2EEA-4BA3-BCC0-991C2F471FF2}.Release|x64.ActiveCfg = Release|x64
		{84A1CA62-2EEA-4BA3-BCC0-991C2F471FF2}.Release|x64.Build.0 = Release|x64
		{84A1CA62-2EEA-4BA3-BCC0-991C2F471FF2}.Release|x86.ActiveCfg = Release|x86
		{84A1CA62-2EEA-4BA3-BCC0-991C2F471FF2}.Release|x86.Build.0 = Release|x86
		{84A1CA62-2EEA-4BA3-BCC0-991C2F471FF2}.Test|Any CPU.ActiveCfg = Release|Any CPU
		{84A1CA62-2EEA-4BA3-BCC0-991C2F471FF2}.Test|Any CPU.Build.0 = Release|Any CPU
		{84A1CA62-2EEA-4BA3-BCC0-991C2F471FF2}.Test|x64.ActiveCfg = Release|x64
		{84A1CA62-2EEA-4BA3-BCC0-991C2F471FF2}.Test|x64.Build.0 = Release|x64
		{84A1CA62-2EEA-4BA3-BCC0-991C2F471FF2}.Test|x86.ActiveCfg = Release|x86
		{84A1CA62-2EEA-4BA3-BCC0-991C2F471FF2}.Test|x86.Build.0 = Release|x86
		{AE588B69-AA85-42DA-A470-67D2189C2FA3}.Debug|Any CPU.ActiveCfg = Debug|Any CPU
		{AE588B69-AA85-42DA-A470-67D2189C2FA3}.Debug|Any CPU.Build.0 = Debug|Any CPU
		{AE588B69-AA85-42DA-A470-67D2189C2FA3}.Debug|x64.ActiveCfg = Debug|x64
		{AE588B69-AA85-42DA-A470-67D2189C2FA3}.Debug|x64.Build.0 = Debug|x64
		{AE588B69-AA85-42DA-A470-67D2189C2FA3}.Debug|x86.ActiveCfg = Debug|Any CPU
		{AE588B69-AA85-42DA-A470-67D2189C2FA3}.Debug|x86.Build.0 = Debug|Any CPU
		{AE588B69-AA85-42DA-A470-67D2189C2FA3}.Release|Any CPU.ActiveCfg = Release|Any CPU
		{AE588B69-AA85-42DA-A470-67D2189C2FA3}.Release|Any CPU.Build.0 = Release|Any CPU
		{AE588B69-AA85-42DA-A470-67D2189C2FA3}.Release|x64.ActiveCfg = Release|x64
		{AE588B69-AA85-42DA-A470-67D2189C2FA3}.Release|x64.Build.0 = Release|x64
		{AE588B69-AA85-42DA-A470-67D2189C2FA3}.Release|x86.ActiveCfg = Release|Any CPU
		{AE588B69-AA85-42DA-A470-67D2189C2FA3}.Release|x86.Build.0 = Release|Any CPU
		{AE588B69-AA85-42DA-A470-67D2189C2FA3}.Test|Any CPU.ActiveCfg = Release|Any CPU
		{AE588B69-AA85-42DA-A470-67D2189C2FA3}.Test|Any CPU.Build.0 = Release|Any CPU
		{AE588B69-AA85-42DA-A470-67D2189C2FA3}.Test|x64.ActiveCfg = Release|x64
		{AE588B69-AA85-42DA-A470-67D2189C2FA3}.Test|x64.Build.0 = Release|x64
		{AE588B69-AA85-42DA-A470-67D2189C2FA3}.Test|x86.ActiveCfg = Release|Any CPU
		{AE588B69-AA85-42DA-A470-67D2189C2FA3}.Test|x86.Build.0 = Release|Any CPU
		{C8C05513-A343-41B1-BE5F-71EE025134D1}.Debug|Any CPU.ActiveCfg = Debug|Any CPU
		{C8C05513-A343-41B1-BE5F-71EE025134D1}.Debug|Any CPU.Build.0 = Debug|Any CPU
		{C8C05513-A343-41B1-BE5F-71EE025134D1}.Debug|x64.ActiveCfg = Debug|x64
		{C8C05513-A343-41B1-BE5F-71EE025134D1}.Debug|x64.Build.0 = Debug|x64
		{C8C05513-A343-41B1-BE5F-71EE025134D1}.Debug|x86.ActiveCfg = Debug|x86
		{C8C05513-A343-41B1-BE5F-71EE025134D1}.Debug|x86.Build.0 = Debug|x86
		{C8C05513-A343-41B1-BE5F-71EE025134D1}.Release|Any CPU.ActiveCfg = Release|Any CPU
		{C8C05513-A343-41B1-BE5F-71EE025134D1}.Release|Any CPU.Build.0 = Release|Any CPU
		{C8C05513-A343-41B1-BE5F-71EE025134D1}.Release|x64.ActiveCfg = Release|x64
		{C8C05513-A343-41B1-BE5F-71EE025134D1}.Release|x64.Build.0 = Release|x64
		{C8C05513-A343-41B1-BE5F-71EE025134D1}.Release|x86.ActiveCfg = Release|x86
		{C8C05513-A343-41B1-BE5F-71EE025134D1}.Release|x86.Build.0 = Release|x86
		{C8C05513-A343-41B1-BE5F-71EE025134D1}.Test|Any CPU.ActiveCfg = Release|Any CPU
		{C8C05513-A343-41B1-BE5F-71EE025134D1}.Test|Any CPU.Build.0 = Release|Any CPU
		{C8C05513-A343-41B1-BE5F-71EE025134D1}.Test|x64.ActiveCfg = Release|x64
		{C8C05513-A343-41B1-BE5F-71EE025134D1}.Test|x64.Build.0 = Release|x64
		{C8C05513-A343-41B1-BE5F-71EE025134D1}.Test|x86.ActiveCfg = Release|x86
		{C8C05513-A343-41B1-BE5F-71EE025134D1}.Test|x86.Build.0 = Release|x86
		{7DB2A64D-00A8-4957-B423-FB1080A30D59}.Debug|Any CPU.ActiveCfg = Debug|Any CPU
		{7DB2A64D-00A8-4957-B423-FB1080A30D59}.Debug|Any CPU.Build.0 = Debug|Any CPU
		{7DB2A64D-00A8-4957-B423-FB1080A30D59}.Debug|x64.ActiveCfg = Debug|x64
		{7DB2A64D-00A8-4957-B423-FB1080A30D59}.Debug|x64.Build.0 = Debug|x64
		{7DB2A64D-00A8-4957-B423-FB1080A30D59}.Debug|x86.ActiveCfg = Debug|Any CPU
		{7DB2A64D-00A8-4957-B423-FB1080A30D59}.Debug|x86.Build.0 = Debug|Any CPU
		{7DB2A64D-00A8-4957-B423-FB1080A30D59}.Release|Any CPU.ActiveCfg = Release|Any CPU
		{7DB2A64D-00A8-4957-B423-FB1080A30D59}.Release|Any CPU.Build.0 = Release|Any CPU
		{7DB2A64D-00A8-4957-B423-FB1080A30D59}.Release|x64.ActiveCfg = Release|x64
		{7DB2A64D-00A8-4957-B423-FB1080A30D59}.Release|x64.Build.0 = Release|x64
		{7DB2A64D-00A8-4957-B423-FB1080A30D59}.Release|x86.ActiveCfg = Release|Any CPU
		{7DB2A64D-00A8-4957-B423-FB1080A30D59}.Release|x86.Build.0 = Release|Any CPU
		{7DB2A64D-00A8-4957-B423-FB1080A30D59}.Test|Any CPU.ActiveCfg = Release|Any CPU
		{7DB2A64D-00A8-4957-B423-FB1080A30D59}.Test|Any CPU.Build.0 = Release|Any CPU
		{7DB2A64D-00A8-4957-B423-FB1080A30D59}.Test|x64.ActiveCfg = Release|x64
		{7DB2A64D-00A8-4957-B423-FB1080A30D59}.Test|x64.Build.0 = Release|x64
		{7DB2A64D-00A8-4957-B423-FB1080A30D59}.Test|x86.ActiveCfg = Release|Any CPU
		{7DB2A64D-00A8-4957-B423-FB1080A30D59}.Test|x86.Build.0 = Release|Any CPU
		{62D4D428-6FC3-4BFB-9486-30199D00C0C6}.Debug|Any CPU.ActiveCfg = Debug|Any CPU
		{62D4D428-6FC3-4BFB-9486-30199D00C0C6}.Debug|Any CPU.Build.0 = Debug|Any CPU
		{62D4D428-6FC3-4BFB-9486-30199D00C0C6}.Debug|x64.ActiveCfg = Debug|x64
		{62D4D428-6FC3-4BFB-9486-30199D00C0C6}.Debug|x64.Build.0 = Debug|x64
		{62D4D428-6FC3-4BFB-9486-30199D00C0C6}.Debug|x86.ActiveCfg = Debug|Any CPU
		{62D4D428-6FC3-4BFB-9486-30199D00C0C6}.Debug|x86.Build.0 = Debug|Any CPU
		{62D4D428-6FC3-4BFB-9486-30199D00C0C6}.Release|Any CPU.ActiveCfg = Release|Any CPU
		{62D4D428-6FC3-4BFB-9486-30199D00C0C6}.Release|Any CPU.Build.0 = Release|Any CPU
		{62D4D428-6FC3-4BFB-9486-30199D00C0C6}.Release|x64.ActiveCfg = Release|x64
		{62D4D428-6FC3-4BFB-9486-30199D00C0C6}.Release|x64.Build.0 = Release|x64
		{62D4D428-6FC3-4BFB-9486-30199D00C0C6}.Release|x86.ActiveCfg = Release|Any CPU
		{62D4D428-6FC3-4BFB-9486-30199D00C0C6}.Release|x86.Build.0 = Release|Any CPU
		{62D4D428-6FC3-4BFB-9486-30199D00C0C6}.Test|Any CPU.ActiveCfg = Release|Any CPU
		{62D4D428-6FC3-4BFB-9486-30199D00C0C6}.Test|Any CPU.Build.0 = Release|Any CPU
		{62D4D428-6FC3-4BFB-9486-30199D00C0C6}.Test|x64.ActiveCfg = Release|x64
		{62D4D428-6FC3-4BFB-9486-30199D00C0C6}.Test|x64.Build.0 = Release|x64
		{62D4D428-6FC3-4BFB-9486-30199D00C0C6}.Test|x86.ActiveCfg = Release|Any CPU
		{62D4D428-6FC3-4BFB-9486-30199D00C0C6}.Test|x86.Build.0 = Release|Any CPU
		{E114C170-4F72-4C93-8C24-E718406A3FCA}.Debug|Any CPU.ActiveCfg = Debug|Any CPU
		{E114C170-4F72-4C93-8C24-E718406A3FCA}.Debug|Any CPU.Build.0 = Debug|Any CPU
		{E114C170-4F72-4C93-8C24-E718406A3FCA}.Debug|x64.ActiveCfg = Debug|x64
		{E114C170-4F72-4C93-8C24-E718406A3FCA}.Debug|x64.Build.0 = Debug|x64
		{E114C170-4F72-4C93-8C24-E718406A3FCA}.Debug|x86.ActiveCfg = Debug|Any CPU
		{E114C170-4F72-4C93-8C24-E718406A3FCA}.Debug|x86.Build.0 = Debug|Any CPU
		{E114C170-4F72-4C93-8C24-E718406A3FCA}.Release|Any CPU.ActiveCfg = Release|Any CPU
		{E114C170-4F72-4C93-8C24-E718406A3FCA}.Release|Any CPU.Build.0 = Release|Any CPU
		{E114C170-4F72-4C93-8C24-E718406A3FCA}.Release|x64.ActiveCfg = Release|x64
		{E114C170-4F72-4C93-8C24-E718406A3FCA}.Release|x64.Build.0 = Release|x64
		{E114C170-4F72-4C93-8C24-E718406A3FCA}.Release|x86.ActiveCfg = Release|Any CPU
		{E114C170-4F72-4C93-8C24-E718406A3FCA}.Release|x86.Build.0 = Release|Any CPU
		{E114C170-4F72-4C93-8C24-E718406A3FCA}.Test|Any CPU.ActiveCfg = Release|Any CPU
		{E114C170-4F72-4C93-8C24-E718406A3FCA}.Test|Any CPU.Build.0 = Release|Any CPU
		{E114C170-4F72-4C93-8C24-E718406A3FCA}.Test|x64.ActiveCfg = Release|x64
		{E114C170-4F72-4C93-8C24-E718406A3FCA}.Test|x64.Build.0 = Release|x64
		{E114C170-4F72-4C93-8C24-E718406A3FCA}.Test|x86.ActiveCfg = Release|Any CPU
		{E114C170-4F72-4C93-8C24-E718406A3FCA}.Test|x86.Build.0 = Release|Any CPU
		{3E4AF6C9-2364-42B7-8CC2-DA28539D2919}.Debug|Any CPU.ActiveCfg = Debug|Any CPU
		{3E4AF6C9-2364-42B7-8CC2-DA28539D2919}.Debug|Any CPU.Build.0 = Debug|Any CPU
		{3E4AF6C9-2364-42B7-8CC2-DA28539D2919}.Debug|x64.ActiveCfg = Debug|x64
		{3E4AF6C9-2364-42B7-8CC2-DA28539D2919}.Debug|x64.Build.0 = Debug|x64
		{3E4AF6C9-2364-42B7-8CC2-DA28539D2919}.Debug|x86.ActiveCfg = Debug|Any CPU
		{3E4AF6C9-2364-42B7-8CC2-DA28539D2919}.Debug|x86.Build.0 = Debug|Any CPU
		{3E4AF6C9-2364-42B7-8CC2-DA28539D2919}.Release|Any CPU.ActiveCfg = Release|Any CPU
		{3E4AF6C9-2364-42B7-8CC2-DA28539D2919}.Release|Any CPU.Build.0 = Release|Any CPU
		{3E4AF6C9-2364-42B7-8CC2-DA28539D2919}.Release|x64.ActiveCfg = Release|x64
		{3E4AF6C9-2364-42B7-8CC2-DA28539D2919}.Release|x64.Build.0 = Release|x64
		{3E4AF6C9-2364-42B7-8CC2-DA28539D2919}.Release|x86.ActiveCfg = Release|Any CPU
		{3E4AF6C9-2364-42B7-8CC2-DA28539D2919}.Release|x86.Build.0 = Release|Any CPU
		{3E4AF6C9-2364-42B7-8CC2-DA28539D2919}.Test|Any CPU.ActiveCfg = Release|Any CPU
		{3E4AF6C9-2364-42B7-8CC2-DA28539D2919}.Test|Any CPU.Build.0 = Release|Any CPU
		{3E4AF6C9-2364-42B7-8CC2-DA28539D2919}.Test|x64.ActiveCfg = Release|x64
		{3E4AF6C9-2364-42B7-8CC2-DA28539D2919}.Test|x64.Build.0 = Release|x64
		{3E4AF6C9-2364-42B7-8CC2-DA28539D2919}.Test|x86.ActiveCfg = Release|Any CPU
		{3E4AF6C9-2364-42B7-8CC2-DA28539D2919}.Test|x86.Build.0 = Release|Any CPU
		{1371729C-9090-4FDD-A2BF-DA69C74F9166}.Debug|Any CPU.ActiveCfg = Debug|Any CPU
		{1371729C-9090-4FDD-A2BF-DA69C74F9166}.Debug|Any CPU.Build.0 = Debug|Any CPU
		{1371729C-9090-4FDD-A2BF-DA69C74F9166}.Debug|x64.ActiveCfg = Debug|x64
		{1371729C-9090-4FDD-A2BF-DA69C74F9166}.Debug|x64.Build.0 = Debug|x64
		{1371729C-9090-4FDD-A2BF-DA69C74F9166}.Debug|x86.ActiveCfg = Debug|Any CPU
		{1371729C-9090-4FDD-A2BF-DA69C74F9166}.Debug|x86.Build.0 = Debug|Any CPU
		{1371729C-9090-4FDD-A2BF-DA69C74F9166}.Release|Any CPU.ActiveCfg = Release|Any CPU
		{1371729C-9090-4FDD-A2BF-DA69C74F9166}.Release|Any CPU.Build.0 = Release|Any CPU
		{1371729C-9090-4FDD-A2BF-DA69C74F9166}.Release|x64.ActiveCfg = Release|x64
		{1371729C-9090-4FDD-A2BF-DA69C74F9166}.Release|x64.Build.0 = Release|x64
		{1371729C-9090-4FDD-A2BF-DA69C74F9166}.Release|x86.ActiveCfg = Release|Any CPU
		{1371729C-9090-4FDD-A2BF-DA69C74F9166}.Release|x86.Build.0 = Release|Any CPU
		{1371729C-9090-4FDD-A2BF-DA69C74F9166}.Test|Any CPU.ActiveCfg = Release|Any CPU
		{1371729C-9090-4FDD-A2BF-DA69C74F9166}.Test|Any CPU.Build.0 = Release|Any CPU
		{1371729C-9090-4FDD-A2BF-DA69C74F9166}.Test|x64.ActiveCfg = Release|x64
		{1371729C-9090-4FDD-A2BF-DA69C74F9166}.Test|x64.Build.0 = Release|x64
		{1371729C-9090-4FDD-A2BF-DA69C74F9166}.Test|x86.ActiveCfg = Release|Any CPU
		{1371729C-9090-4FDD-A2BF-DA69C74F9166}.Test|x86.Build.0 = Release|Any CPU
		{F670D9F7-4CD4-40CF-8B26-40345F2622AE}.Debug|Any CPU.ActiveCfg = Debug|Any CPU
		{F670D9F7-4CD4-40CF-8B26-40345F2622AE}.Debug|Any CPU.Build.0 = Debug|Any CPU
		{F670D9F7-4CD4-40CF-8B26-40345F2622AE}.Debug|x64.ActiveCfg = Debug|x64
		{F670D9F7-4CD4-40CF-8B26-40345F2622AE}.Debug|x64.Build.0 = Debug|x64
		{F670D9F7-4CD4-40CF-8B26-40345F2622AE}.Debug|x86.ActiveCfg = Debug|Any CPU
		{F670D9F7-4CD4-40CF-8B26-40345F2622AE}.Debug|x86.Build.0 = Debug|Any CPU
		{F670D9F7-4CD4-40CF-8B26-40345F2622AE}.Release|Any CPU.ActiveCfg = Release|Any CPU
		{F670D9F7-4CD4-40CF-8B26-40345F2622AE}.Release|Any CPU.Build.0 = Release|Any CPU
		{F670D9F7-4CD4-40CF-8B26-40345F2622AE}.Release|x64.ActiveCfg = Release|x64
		{F670D9F7-4CD4-40CF-8B26-40345F2622AE}.Release|x64.Build.0 = Release|x64
		{F670D9F7-4CD4-40CF-8B26-40345F2622AE}.Release|x86.ActiveCfg = Release|Any CPU
		{F670D9F7-4CD4-40CF-8B26-40345F2622AE}.Release|x86.Build.0 = Release|Any CPU
		{F670D9F7-4CD4-40CF-8B26-40345F2622AE}.Test|Any CPU.ActiveCfg = Release|Any CPU
		{F670D9F7-4CD4-40CF-8B26-40345F2622AE}.Test|Any CPU.Build.0 = Release|Any CPU
		{F670D9F7-4CD4-40CF-8B26-40345F2622AE}.Test|x64.ActiveCfg = Release|x64
		{F670D9F7-4CD4-40CF-8B26-40345F2622AE}.Test|x64.Build.0 = Release|x64
		{F670D9F7-4CD4-40CF-8B26-40345F2622AE}.Test|x86.ActiveCfg = Release|Any CPU
		{F670D9F7-4CD4-40CF-8B26-40345F2622AE}.Test|x86.Build.0 = Release|Any CPU
		{D9819FA4-322B-4F2D-AA73-A2C5BBA2C0AF}.Debug|Any CPU.ActiveCfg = Debug|Any CPU
		{D9819FA4-322B-4F2D-AA73-A2C5BBA2C0AF}.Debug|Any CPU.Build.0 = Debug|Any CPU
		{D9819FA4-322B-4F2D-AA73-A2C5BBA2C0AF}.Debug|x64.ActiveCfg = Debug|x64
		{D9819FA4-322B-4F2D-AA73-A2C5BBA2C0AF}.Debug|x64.Build.0 = Debug|x64
		{D9819FA4-322B-4F2D-AA73-A2C5BBA2C0AF}.Debug|x86.ActiveCfg = Debug|Any CPU
		{D9819FA4-322B-4F2D-AA73-A2C5BBA2C0AF}.Debug|x86.Build.0 = Debug|Any CPU
		{D9819FA4-322B-4F2D-AA73-A2C5BBA2C0AF}.Release|Any CPU.ActiveCfg = Release|Any CPU
		{D9819FA4-322B-4F2D-AA73-A2C5BBA2C0AF}.Release|Any CPU.Build.0 = Release|Any CPU
		{D9819FA4-322B-4F2D-AA73-A2C5BBA2C0AF}.Release|x64.ActiveCfg = Release|x64
		{D9819FA4-322B-4F2D-AA73-A2C5BBA2C0AF}.Release|x64.Build.0 = Release|x64
		{D9819FA4-322B-4F2D-AA73-A2C5BBA2C0AF}.Release|x86.ActiveCfg = Release|Any CPU
		{D9819FA4-322B-4F2D-AA73-A2C5BBA2C0AF}.Release|x86.Build.0 = Release|Any CPU
		{D9819FA4-322B-4F2D-AA73-A2C5BBA2C0AF}.Test|Any CPU.ActiveCfg = Release|Any CPU
		{D9819FA4-322B-4F2D-AA73-A2C5BBA2C0AF}.Test|Any CPU.Build.0 = Release|Any CPU
		{D9819FA4-322B-4F2D-AA73-A2C5BBA2C0AF}.Test|x64.ActiveCfg = Release|x64
		{D9819FA4-322B-4F2D-AA73-A2C5BBA2C0AF}.Test|x64.Build.0 = Release|x64
		{D9819FA4-322B-4F2D-AA73-A2C5BBA2C0AF}.Test|x86.ActiveCfg = Release|Any CPU
		{D9819FA4-322B-4F2D-AA73-A2C5BBA2C0AF}.Test|x86.Build.0 = Release|Any CPU
		{EF6A38E4-C61F-4556-AA94-7EBA38D80260}.Debug|Any CPU.ActiveCfg = Debug|Any CPU
		{EF6A38E4-C61F-4556-AA94-7EBA38D80260}.Debug|Any CPU.Build.0 = Debug|Any CPU
		{EF6A38E4-C61F-4556-AA94-7EBA38D80260}.Debug|x64.ActiveCfg = Debug|x64
		{EF6A38E4-C61F-4556-AA94-7EBA38D80260}.Debug|x64.Build.0 = Debug|x64
		{EF6A38E4-C61F-4556-AA94-7EBA38D80260}.Debug|x86.ActiveCfg = Debug|Any CPU
		{EF6A38E4-C61F-4556-AA94-7EBA38D80260}.Debug|x86.Build.0 = Debug|Any CPU
		{EF6A38E4-C61F-4556-AA94-7EBA38D80260}.Release|Any CPU.ActiveCfg = Release|Any CPU
		{EF6A38E4-C61F-4556-AA94-7EBA38D80260}.Release|Any CPU.Build.0 = Release|Any CPU
		{EF6A38E4-C61F-4556-AA94-7EBA38D80260}.Release|x64.ActiveCfg = Release|x64
		{EF6A38E4-C61F-4556-AA94-7EBA38D80260}.Release|x64.Build.0 = Release|x64
		{EF6A38E4-C61F-4556-AA94-7EBA38D80260}.Release|x86.ActiveCfg = Release|Any CPU
		{EF6A38E4-C61F-4556-AA94-7EBA38D80260}.Release|x86.Build.0 = Release|Any CPU
		{EF6A38E4-C61F-4556-AA94-7EBA38D80260}.Test|Any CPU.ActiveCfg = Release|Any CPU
		{EF6A38E4-C61F-4556-AA94-7EBA38D80260}.Test|Any CPU.Build.0 = Release|Any CPU
		{EF6A38E4-C61F-4556-AA94-7EBA38D80260}.Test|x64.ActiveCfg = Release|x64
		{EF6A38E4-C61F-4556-AA94-7EBA38D80260}.Test|x64.Build.0 = Release|x64
		{EF6A38E4-C61F-4556-AA94-7EBA38D80260}.Test|x86.ActiveCfg = Release|Any CPU
		{EF6A38E4-C61F-4556-AA94-7EBA38D80260}.Test|x86.Build.0 = Release|Any CPU
		{6F838F46-FECB-490D-B311-A57E27DBBD92}.Debug|Any CPU.ActiveCfg = Debug|Any CPU
		{6F838F46-FECB-490D-B311-A57E27DBBD92}.Debug|Any CPU.Build.0 = Debug|Any CPU
		{6F838F46-FECB-490D-B311-A57E27DBBD92}.Debug|x64.ActiveCfg = Debug|x64
		{6F838F46-FECB-490D-B311-A57E27DBBD92}.Debug|x64.Build.0 = Debug|x64
		{6F838F46-FECB-490D-B311-A57E27DBBD92}.Debug|x86.ActiveCfg = Debug|Any CPU
		{6F838F46-FECB-490D-B311-A57E27DBBD92}.Debug|x86.Build.0 = Debug|Any CPU
		{6F838F46-FECB-490D-B311-A57E27DBBD92}.Release|Any CPU.ActiveCfg = Release|Any CPU
		{6F838F46-FECB-490D-B311-A57E27DBBD92}.Release|Any CPU.Build.0 = Release|Any CPU
		{6F838F46-FECB-490D-B311-A57E27DBBD92}.Release|x64.ActiveCfg = Release|x64
		{6F838F46-FECB-490D-B311-A57E27DBBD92}.Release|x64.Build.0 = Release|x64
		{6F838F46-FECB-490D-B311-A57E27DBBD92}.Release|x86.ActiveCfg = Release|Any CPU
		{6F838F46-FECB-490D-B311-A57E27DBBD92}.Release|x86.Build.0 = Release|Any CPU
		{6F838F46-FECB-490D-B311-A57E27DBBD92}.Test|Any CPU.ActiveCfg = Release|Any CPU
		{6F838F46-FECB-490D-B311-A57E27DBBD92}.Test|Any CPU.Build.0 = Release|Any CPU
		{6F838F46-FECB-490D-B311-A57E27DBBD92}.Test|x64.ActiveCfg = Release|x64
		{6F838F46-FECB-490D-B311-A57E27DBBD92}.Test|x64.Build.0 = Release|x64
		{6F838F46-FECB-490D-B311-A57E27DBBD92}.Test|x86.ActiveCfg = Release|Any CPU
		{6F838F46-FECB-490D-B311-A57E27DBBD92}.Test|x86.Build.0 = Release|Any CPU
		{6408B627-D3E5-4D11-996B-FC7885449870}.Debug|Any CPU.ActiveCfg = Debug|Any CPU
		{6408B627-D3E5-4D11-996B-FC7885449870}.Debug|Any CPU.Build.0 = Debug|Any CPU
		{6408B627-D3E5-4D11-996B-FC7885449870}.Debug|x64.ActiveCfg = Debug|x64
		{6408B627-D3E5-4D11-996B-FC7885449870}.Debug|x64.Build.0 = Debug|x64
		{6408B627-D3E5-4D11-996B-FC7885449870}.Debug|x86.ActiveCfg = Debug|Any CPU
		{6408B627-D3E5-4D11-996B-FC7885449870}.Debug|x86.Build.0 = Debug|Any CPU
		{6408B627-D3E5-4D11-996B-FC7885449870}.Release|Any CPU.ActiveCfg = Release|Any CPU
		{6408B627-D3E5-4D11-996B-FC7885449870}.Release|Any CPU.Build.0 = Release|Any CPU
		{6408B627-D3E5-4D11-996B-FC7885449870}.Release|x64.ActiveCfg = Release|x64
		{6408B627-D3E5-4D11-996B-FC7885449870}.Release|x64.Build.0 = Release|x64
		{6408B627-D3E5-4D11-996B-FC7885449870}.Release|x86.ActiveCfg = Release|Any CPU
		{6408B627-D3E5-4D11-996B-FC7885449870}.Release|x86.Build.0 = Release|Any CPU
		{6408B627-D3E5-4D11-996B-FC7885449870}.Test|Any CPU.ActiveCfg = Release|Any CPU
		{6408B627-D3E5-4D11-996B-FC7885449870}.Test|Any CPU.Build.0 = Release|Any CPU
		{6408B627-D3E5-4D11-996B-FC7885449870}.Test|x64.ActiveCfg = Release|x64
		{6408B627-D3E5-4D11-996B-FC7885449870}.Test|x64.Build.0 = Release|x64
		{6408B627-D3E5-4D11-996B-FC7885449870}.Test|x86.ActiveCfg = Release|Any CPU
		{6408B627-D3E5-4D11-996B-FC7885449870}.Test|x86.Build.0 = Release|Any CPU
		{3615E33B-8713-4105-957A-1A2B1891E52F}.Debug|Any CPU.ActiveCfg = Debug|Any CPU
		{3615E33B-8713-4105-957A-1A2B1891E52F}.Debug|Any CPU.Build.0 = Debug|Any CPU
		{3615E33B-8713-4105-957A-1A2B1891E52F}.Debug|x64.ActiveCfg = Debug|x64
		{3615E33B-8713-4105-957A-1A2B1891E52F}.Debug|x64.Build.0 = Debug|x64
		{3615E33B-8713-4105-957A-1A2B1891E52F}.Debug|x86.ActiveCfg = Debug|Any CPU
		{3615E33B-8713-4105-957A-1A2B1891E52F}.Debug|x86.Build.0 = Debug|Any CPU
		{3615E33B-8713-4105-957A-1A2B1891E52F}.Release|Any CPU.ActiveCfg = Release|Any CPU
		{3615E33B-8713-4105-957A-1A2B1891E52F}.Release|Any CPU.Build.0 = Release|Any CPU
		{3615E33B-8713-4105-957A-1A2B1891E52F}.Release|x64.ActiveCfg = Release|x64
		{3615E33B-8713-4105-957A-1A2B1891E52F}.Release|x64.Build.0 = Release|x64
		{3615E33B-8713-4105-957A-1A2B1891E52F}.Release|x86.ActiveCfg = Release|Any CPU
		{3615E33B-8713-4105-957A-1A2B1891E52F}.Release|x86.Build.0 = Release|Any CPU
		{3615E33B-8713-4105-957A-1A2B1891E52F}.Test|Any CPU.ActiveCfg = Release|Any CPU
		{3615E33B-8713-4105-957A-1A2B1891E52F}.Test|Any CPU.Build.0 = Release|Any CPU
		{3615E33B-8713-4105-957A-1A2B1891E52F}.Test|x64.ActiveCfg = Release|x64
		{3615E33B-8713-4105-957A-1A2B1891E52F}.Test|x64.Build.0 = Release|x64
		{3615E33B-8713-4105-957A-1A2B1891E52F}.Test|x86.ActiveCfg = Release|Any CPU
		{3615E33B-8713-4105-957A-1A2B1891E52F}.Test|x86.Build.0 = Release|Any CPU
		{A7BC1382-067D-494A-9D73-AC0ADB39195E}.Debug|Any CPU.ActiveCfg = Debug|Any CPU
		{A7BC1382-067D-494A-9D73-AC0ADB39195E}.Debug|Any CPU.Build.0 = Debug|Any CPU
		{A7BC1382-067D-494A-9D73-AC0ADB39195E}.Debug|x64.ActiveCfg = Debug|x64
		{A7BC1382-067D-494A-9D73-AC0ADB39195E}.Debug|x64.Build.0 = Debug|x64
		{A7BC1382-067D-494A-9D73-AC0ADB39195E}.Debug|x86.ActiveCfg = Debug|Any CPU
		{A7BC1382-067D-494A-9D73-AC0ADB39195E}.Debug|x86.Build.0 = Debug|Any CPU
		{A7BC1382-067D-494A-9D73-AC0ADB39195E}.Release|Any CPU.ActiveCfg = Release|Any CPU
		{A7BC1382-067D-494A-9D73-AC0ADB39195E}.Release|Any CPU.Build.0 = Release|Any CPU
		{A7BC1382-067D-494A-9D73-AC0ADB39195E}.Release|x64.ActiveCfg = Release|x64
		{A7BC1382-067D-494A-9D73-AC0ADB39195E}.Release|x64.Build.0 = Release|x64
		{A7BC1382-067D-494A-9D73-AC0ADB39195E}.Release|x86.ActiveCfg = Release|Any CPU
		{A7BC1382-067D-494A-9D73-AC0ADB39195E}.Release|x86.Build.0 = Release|Any CPU
		{A7BC1382-067D-494A-9D73-AC0ADB39195E}.Test|Any CPU.ActiveCfg = Release|Any CPU
		{A7BC1382-067D-494A-9D73-AC0ADB39195E}.Test|Any CPU.Build.0 = Release|Any CPU
		{A7BC1382-067D-494A-9D73-AC0ADB39195E}.Test|x64.ActiveCfg = Release|x64
		{A7BC1382-067D-494A-9D73-AC0ADB39195E}.Test|x64.Build.0 = Release|x64
		{A7BC1382-067D-494A-9D73-AC0ADB39195E}.Test|x86.ActiveCfg = Release|Any CPU
		{A7BC1382-067D-494A-9D73-AC0ADB39195E}.Test|x86.Build.0 = Release|Any CPU
		{79F74E18-5436-417E-9566-D4AE5D8C033B}.Debug|Any CPU.ActiveCfg = Debug|Any CPU
		{79F74E18-5436-417E-9566-D4AE5D8C033B}.Debug|Any CPU.Build.0 = Debug|Any CPU
		{79F74E18-5436-417E-9566-D4AE5D8C033B}.Debug|x64.ActiveCfg = Debug|x64
		{79F74E18-5436-417E-9566-D4AE5D8C033B}.Debug|x64.Build.0 = Debug|x64
		{79F74E18-5436-417E-9566-D4AE5D8C033B}.Debug|x86.ActiveCfg = Debug|Any CPU
		{79F74E18-5436-417E-9566-D4AE5D8C033B}.Debug|x86.Build.0 = Debug|Any CPU
		{79F74E18-5436-417E-9566-D4AE5D8C033B}.Release|Any CPU.ActiveCfg = Release|Any CPU
		{79F74E18-5436-417E-9566-D4AE5D8C033B}.Release|Any CPU.Build.0 = Release|Any CPU
		{79F74E18-5436-417E-9566-D4AE5D8C033B}.Release|x64.ActiveCfg = Release|x64
		{79F74E18-5436-417E-9566-D4AE5D8C033B}.Release|x64.Build.0 = Release|x64
		{79F74E18-5436-417E-9566-D4AE5D8C033B}.Release|x86.ActiveCfg = Release|Any CPU
		{79F74E18-5436-417E-9566-D4AE5D8C033B}.Release|x86.Build.0 = Release|Any CPU
		{79F74E18-5436-417E-9566-D4AE5D8C033B}.Test|Any CPU.ActiveCfg = Release|Any CPU
		{79F74E18-5436-417E-9566-D4AE5D8C033B}.Test|Any CPU.Build.0 = Release|Any CPU
		{79F74E18-5436-417E-9566-D4AE5D8C033B}.Test|x64.ActiveCfg = Release|x64
		{79F74E18-5436-417E-9566-D4AE5D8C033B}.Test|x64.Build.0 = Release|x64
		{79F74E18-5436-417E-9566-D4AE5D8C033B}.Test|x86.ActiveCfg = Release|Any CPU
		{79F74E18-5436-417E-9566-D4AE5D8C033B}.Test|x86.Build.0 = Release|Any CPU
		{195FB39A-AB4D-461A-BB6D-E470F06D48FD}.Debug|Any CPU.ActiveCfg = Debug|Any CPU
		{195FB39A-AB4D-461A-BB6D-E470F06D48FD}.Debug|Any CPU.Build.0 = Debug|Any CPU
		{195FB39A-AB4D-461A-BB6D-E470F06D48FD}.Debug|x64.ActiveCfg = Debug|x64
		{195FB39A-AB4D-461A-BB6D-E470F06D48FD}.Debug|x64.Build.0 = Debug|x64
		{195FB39A-AB4D-461A-BB6D-E470F06D48FD}.Debug|x86.ActiveCfg = Debug|Any CPU
		{195FB39A-AB4D-461A-BB6D-E470F06D48FD}.Debug|x86.Build.0 = Debug|Any CPU
		{195FB39A-AB4D-461A-BB6D-E470F06D48FD}.Release|Any CPU.ActiveCfg = Release|Any CPU
		{195FB39A-AB4D-461A-BB6D-E470F06D48FD}.Release|Any CPU.Build.0 = Release|Any CPU
		{195FB39A-AB4D-461A-BB6D-E470F06D48FD}.Release|x64.ActiveCfg = Release|x64
		{195FB39A-AB4D-461A-BB6D-E470F06D48FD}.Release|x64.Build.0 = Release|x64
		{195FB39A-AB4D-461A-BB6D-E470F06D48FD}.Release|x86.ActiveCfg = Release|Any CPU
		{195FB39A-AB4D-461A-BB6D-E470F06D48FD}.Release|x86.Build.0 = Release|Any CPU
		{195FB39A-AB4D-461A-BB6D-E470F06D48FD}.Test|Any CPU.ActiveCfg = Release|Any CPU
		{195FB39A-AB4D-461A-BB6D-E470F06D48FD}.Test|Any CPU.Build.0 = Release|Any CPU
		{195FB39A-AB4D-461A-BB6D-E470F06D48FD}.Test|x64.ActiveCfg = Release|x64
		{195FB39A-AB4D-461A-BB6D-E470F06D48FD}.Test|x64.Build.0 = Release|x64
		{195FB39A-AB4D-461A-BB6D-E470F06D48FD}.Test|x86.ActiveCfg = Release|Any CPU
		{195FB39A-AB4D-461A-BB6D-E470F06D48FD}.Test|x86.Build.0 = Release|Any CPU
		{8A1017BF-51F7-474E-9223-987F58EC1306}.Debug|Any CPU.ActiveCfg = Debug|Any CPU
		{8A1017BF-51F7-474E-9223-987F58EC1306}.Debug|Any CPU.Build.0 = Debug|Any CPU
		{8A1017BF-51F7-474E-9223-987F58EC1306}.Debug|x64.ActiveCfg = Debug|x64
		{8A1017BF-51F7-474E-9223-987F58EC1306}.Debug|x64.Build.0 = Debug|x64
		{8A1017BF-51F7-474E-9223-987F58EC1306}.Debug|x86.ActiveCfg = Debug|Any CPU
		{8A1017BF-51F7-474E-9223-987F58EC1306}.Debug|x86.Build.0 = Debug|Any CPU
		{8A1017BF-51F7-474E-9223-987F58EC1306}.Release|Any CPU.ActiveCfg = Release|Any CPU
		{8A1017BF-51F7-474E-9223-987F58EC1306}.Release|Any CPU.Build.0 = Release|Any CPU
		{8A1017BF-51F7-474E-9223-987F58EC1306}.Release|x64.ActiveCfg = Release|x64
		{8A1017BF-51F7-474E-9223-987F58EC1306}.Release|x64.Build.0 = Release|x64
		{8A1017BF-51F7-474E-9223-987F58EC1306}.Release|x86.ActiveCfg = Release|Any CPU
		{8A1017BF-51F7-474E-9223-987F58EC1306}.Release|x86.Build.0 = Release|Any CPU
		{8A1017BF-51F7-474E-9223-987F58EC1306}.Test|Any CPU.ActiveCfg = Release|Any CPU
		{8A1017BF-51F7-474E-9223-987F58EC1306}.Test|Any CPU.Build.0 = Release|Any CPU
		{8A1017BF-51F7-474E-9223-987F58EC1306}.Test|x64.ActiveCfg = Release|x64
		{8A1017BF-51F7-474E-9223-987F58EC1306}.Test|x64.Build.0 = Release|x64
		{8A1017BF-51F7-474E-9223-987F58EC1306}.Test|x86.ActiveCfg = Release|Any CPU
		{8A1017BF-51F7-474E-9223-987F58EC1306}.Test|x86.Build.0 = Release|Any CPU
		{CC05BBC8-8BA1-43C4-A010-9A29AF545FE4}.Debug|Any CPU.ActiveCfg = Debug|Any CPU
		{CC05BBC8-8BA1-43C4-A010-9A29AF545FE4}.Debug|Any CPU.Build.0 = Debug|Any CPU
		{CC05BBC8-8BA1-43C4-A010-9A29AF545FE4}.Debug|x64.ActiveCfg = Debug|x64
		{CC05BBC8-8BA1-43C4-A010-9A29AF545FE4}.Debug|x64.Build.0 = Debug|x64
		{CC05BBC8-8BA1-43C4-A010-9A29AF545FE4}.Debug|x86.ActiveCfg = Debug|Any CPU
		{CC05BBC8-8BA1-43C4-A010-9A29AF545FE4}.Debug|x86.Build.0 = Debug|Any CPU
		{CC05BBC8-8BA1-43C4-A010-9A29AF545FE4}.Release|Any CPU.ActiveCfg = Release|Any CPU
		{CC05BBC8-8BA1-43C4-A010-9A29AF545FE4}.Release|Any CPU.Build.0 = Release|Any CPU
		{CC05BBC8-8BA1-43C4-A010-9A29AF545FE4}.Release|x64.ActiveCfg = Release|x64
		{CC05BBC8-8BA1-43C4-A010-9A29AF545FE4}.Release|x64.Build.0 = Release|x64
		{CC05BBC8-8BA1-43C4-A010-9A29AF545FE4}.Release|x86.ActiveCfg = Release|Any CPU
		{CC05BBC8-8BA1-43C4-A010-9A29AF545FE4}.Release|x86.Build.0 = Release|Any CPU
		{CC05BBC8-8BA1-43C4-A010-9A29AF545FE4}.Test|Any CPU.ActiveCfg = Release|Any CPU
		{CC05BBC8-8BA1-43C4-A010-9A29AF545FE4}.Test|Any CPU.Build.0 = Release|Any CPU
		{CC05BBC8-8BA1-43C4-A010-9A29AF545FE4}.Test|x64.ActiveCfg = Release|x64
		{CC05BBC8-8BA1-43C4-A010-9A29AF545FE4}.Test|x64.Build.0 = Release|x64
		{CC05BBC8-8BA1-43C4-A010-9A29AF545FE4}.Test|x86.ActiveCfg = Release|Any CPU
		{CC05BBC8-8BA1-43C4-A010-9A29AF545FE4}.Test|x86.Build.0 = Release|Any CPU
		{62EF3163-9904-4B25-9C5A-B4E27547A88B}.Debug|Any CPU.ActiveCfg = Debug|Any CPU
		{62EF3163-9904-4B25-9C5A-B4E27547A88B}.Debug|Any CPU.Build.0 = Debug|Any CPU
		{62EF3163-9904-4B25-9C5A-B4E27547A88B}.Debug|x64.ActiveCfg = Debug|x64
		{62EF3163-9904-4B25-9C5A-B4E27547A88B}.Debug|x64.Build.0 = Debug|x64
		{62EF3163-9904-4B25-9C5A-B4E27547A88B}.Debug|x86.ActiveCfg = Debug|Any CPU
		{62EF3163-9904-4B25-9C5A-B4E27547A88B}.Debug|x86.Build.0 = Debug|Any CPU
		{62EF3163-9904-4B25-9C5A-B4E27547A88B}.Release|Any CPU.ActiveCfg = Release|Any CPU
		{62EF3163-9904-4B25-9C5A-B4E27547A88B}.Release|Any CPU.Build.0 = Release|Any CPU
		{62EF3163-9904-4B25-9C5A-B4E27547A88B}.Release|x64.ActiveCfg = Release|x64
		{62EF3163-9904-4B25-9C5A-B4E27547A88B}.Release|x64.Build.0 = Release|x64
		{62EF3163-9904-4B25-9C5A-B4E27547A88B}.Release|x86.ActiveCfg = Release|Any CPU
		{62EF3163-9904-4B25-9C5A-B4E27547A88B}.Release|x86.Build.0 = Release|Any CPU
		{62EF3163-9904-4B25-9C5A-B4E27547A88B}.Test|Any CPU.ActiveCfg = Release|Any CPU
		{62EF3163-9904-4B25-9C5A-B4E27547A88B}.Test|Any CPU.Build.0 = Release|Any CPU
		{62EF3163-9904-4B25-9C5A-B4E27547A88B}.Test|x64.ActiveCfg = Release|x64
		{62EF3163-9904-4B25-9C5A-B4E27547A88B}.Test|x64.Build.0 = Release|x64
		{62EF3163-9904-4B25-9C5A-B4E27547A88B}.Test|x86.ActiveCfg = Release|Any CPU
		{62EF3163-9904-4B25-9C5A-B4E27547A88B}.Test|x86.Build.0 = Release|Any CPU
		{15D8B558-D497-48FE-99B9-9F7A00297AA1}.Debug|Any CPU.ActiveCfg = Debug|Any CPU
		{15D8B558-D497-48FE-99B9-9F7A00297AA1}.Debug|Any CPU.Build.0 = Debug|Any CPU
		{15D8B558-D497-48FE-99B9-9F7A00297AA1}.Debug|x64.ActiveCfg = Debug|x64
		{15D8B558-D497-48FE-99B9-9F7A00297AA1}.Debug|x64.Build.0 = Debug|x64
		{15D8B558-D497-48FE-99B9-9F7A00297AA1}.Debug|x86.ActiveCfg = Debug|Any CPU
		{15D8B558-D497-48FE-99B9-9F7A00297AA1}.Debug|x86.Build.0 = Debug|Any CPU
		{15D8B558-D497-48FE-99B9-9F7A00297AA1}.Release|Any CPU.ActiveCfg = Release|Any CPU
		{15D8B558-D497-48FE-99B9-9F7A00297AA1}.Release|Any CPU.Build.0 = Release|Any CPU
		{15D8B558-D497-48FE-99B9-9F7A00297AA1}.Release|x64.ActiveCfg = Release|x64
		{15D8B558-D497-48FE-99B9-9F7A00297AA1}.Release|x64.Build.0 = Release|x64
		{15D8B558-D497-48FE-99B9-9F7A00297AA1}.Release|x86.ActiveCfg = Release|Any CPU
		{15D8B558-D497-48FE-99B9-9F7A00297AA1}.Release|x86.Build.0 = Release|Any CPU
		{15D8B558-D497-48FE-99B9-9F7A00297AA1}.Test|Any CPU.ActiveCfg = Release|Any CPU
		{15D8B558-D497-48FE-99B9-9F7A00297AA1}.Test|Any CPU.Build.0 = Release|Any CPU
		{15D8B558-D497-48FE-99B9-9F7A00297AA1}.Test|x64.ActiveCfg = Release|x64
		{15D8B558-D497-48FE-99B9-9F7A00297AA1}.Test|x64.Build.0 = Release|x64
		{15D8B558-D497-48FE-99B9-9F7A00297AA1}.Test|x86.ActiveCfg = Release|Any CPU
		{15D8B558-D497-48FE-99B9-9F7A00297AA1}.Test|x86.Build.0 = Release|Any CPU
		{0CAC639C-DF77-4F69-93FD-64A60283EECF}.Debug|Any CPU.ActiveCfg = Debug|Any CPU
		{0CAC639C-DF77-4F69-93FD-64A60283EECF}.Debug|Any CPU.Build.0 = Debug|Any CPU
		{0CAC639C-DF77-4F69-93FD-64A60283EECF}.Debug|x64.ActiveCfg = Debug|x64
		{0CAC639C-DF77-4F69-93FD-64A60283EECF}.Debug|x64.Build.0 = Debug|x64
		{0CAC639C-DF77-4F69-93FD-64A60283EECF}.Debug|x86.ActiveCfg = Debug|Any CPU
		{0CAC639C-DF77-4F69-93FD-64A60283EECF}.Debug|x86.Build.0 = Debug|Any CPU
		{0CAC639C-DF77-4F69-93FD-64A60283EECF}.Release|Any CPU.ActiveCfg = Release|Any CPU
		{0CAC639C-DF77-4F69-93FD-64A60283EECF}.Release|Any CPU.Build.0 = Release|Any CPU
		{0CAC639C-DF77-4F69-93FD-64A60283EECF}.Release|x64.ActiveCfg = Release|x64
		{0CAC639C-DF77-4F69-93FD-64A60283EECF}.Release|x64.Build.0 = Release|x64
		{0CAC639C-DF77-4F69-93FD-64A60283EECF}.Release|x86.ActiveCfg = Release|Any CPU
		{0CAC639C-DF77-4F69-93FD-64A60283EECF}.Release|x86.Build.0 = Release|Any CPU
		{0CAC639C-DF77-4F69-93FD-64A60283EECF}.Test|Any CPU.ActiveCfg = Release|Any CPU
		{0CAC639C-DF77-4F69-93FD-64A60283EECF}.Test|Any CPU.Build.0 = Release|Any CPU
		{0CAC639C-DF77-4F69-93FD-64A60283EECF}.Test|x64.ActiveCfg = Release|x64
		{0CAC639C-DF77-4F69-93FD-64A60283EECF}.Test|x64.Build.0 = Release|x64
		{0CAC639C-DF77-4F69-93FD-64A60283EECF}.Test|x86.ActiveCfg = Release|Any CPU
		{0CAC639C-DF77-4F69-93FD-64A60283EECF}.Test|x86.Build.0 = Release|Any CPU
		{23DB45E3-0797-4313-8455-5BCFC15A450C}.Debug|Any CPU.ActiveCfg = Debug|Any CPU
		{23DB45E3-0797-4313-8455-5BCFC15A450C}.Debug|Any CPU.Build.0 = Debug|Any CPU
		{23DB45E3-0797-4313-8455-5BCFC15A450C}.Debug|x64.ActiveCfg = Debug|x64
		{23DB45E3-0797-4313-8455-5BCFC15A450C}.Debug|x64.Build.0 = Debug|x64
		{23DB45E3-0797-4313-8455-5BCFC15A450C}.Debug|x86.ActiveCfg = Debug|x86
		{23DB45E3-0797-4313-8455-5BCFC15A450C}.Debug|x86.Build.0 = Debug|x86
		{23DB45E3-0797-4313-8455-5BCFC15A450C}.Release|Any CPU.ActiveCfg = Release|Any CPU
		{23DB45E3-0797-4313-8455-5BCFC15A450C}.Release|Any CPU.Build.0 = Release|Any CPU
		{23DB45E3-0797-4313-8455-5BCFC15A450C}.Release|x64.ActiveCfg = Release|x64
		{23DB45E3-0797-4313-8455-5BCFC15A450C}.Release|x64.Build.0 = Release|x64
		{23DB45E3-0797-4313-8455-5BCFC15A450C}.Release|x86.ActiveCfg = Release|x86
		{23DB45E3-0797-4313-8455-5BCFC15A450C}.Release|x86.Build.0 = Release|x86
		{23DB45E3-0797-4313-8455-5BCFC15A450C}.Test|Any CPU.ActiveCfg = Release|Any CPU
		{23DB45E3-0797-4313-8455-5BCFC15A450C}.Test|Any CPU.Build.0 = Release|Any CPU
		{23DB45E3-0797-4313-8455-5BCFC15A450C}.Test|x64.ActiveCfg = Release|x64
		{23DB45E3-0797-4313-8455-5BCFC15A450C}.Test|x64.Build.0 = Release|x64
		{23DB45E3-0797-4313-8455-5BCFC15A450C}.Test|x86.ActiveCfg = Release|x86
		{23DB45E3-0797-4313-8455-5BCFC15A450C}.Test|x86.Build.0 = Release|x86
		{8B346353-F8DB-400E-B5E2-33EFB76A0DF1}.Debug|Any CPU.ActiveCfg = Debug|Any CPU
		{8B346353-F8DB-400E-B5E2-33EFB76A0DF1}.Debug|Any CPU.Build.0 = Debug|Any CPU
		{8B346353-F8DB-400E-B5E2-33EFB76A0DF1}.Debug|x64.ActiveCfg = Debug|Any CPU
		{8B346353-F8DB-400E-B5E2-33EFB76A0DF1}.Debug|x64.Build.0 = Debug|Any CPU
		{8B346353-F8DB-400E-B5E2-33EFB76A0DF1}.Debug|x86.ActiveCfg = Debug|Any CPU
		{8B346353-F8DB-400E-B5E2-33EFB76A0DF1}.Debug|x86.Build.0 = Debug|Any CPU
		{8B346353-F8DB-400E-B5E2-33EFB76A0DF1}.Release|Any CPU.ActiveCfg = Release|Any CPU
		{8B346353-F8DB-400E-B5E2-33EFB76A0DF1}.Release|Any CPU.Build.0 = Release|Any CPU
		{8B346353-F8DB-400E-B5E2-33EFB76A0DF1}.Release|x64.ActiveCfg = Release|Any CPU
		{8B346353-F8DB-400E-B5E2-33EFB76A0DF1}.Release|x64.Build.0 = Release|Any CPU
		{8B346353-F8DB-400E-B5E2-33EFB76A0DF1}.Release|x86.ActiveCfg = Release|Any CPU
		{8B346353-F8DB-400E-B5E2-33EFB76A0DF1}.Release|x86.Build.0 = Release|Any CPU
		{8B346353-F8DB-400E-B5E2-33EFB76A0DF1}.Test|Any CPU.ActiveCfg = Release|Any CPU
		{8B346353-F8DB-400E-B5E2-33EFB76A0DF1}.Test|Any CPU.Build.0 = Release|Any CPU
		{8B346353-F8DB-400E-B5E2-33EFB76A0DF1}.Test|x64.ActiveCfg = Release|Any CPU
		{8B346353-F8DB-400E-B5E2-33EFB76A0DF1}.Test|x64.Build.0 = Release|Any CPU
		{8B346353-F8DB-400E-B5E2-33EFB76A0DF1}.Test|x86.ActiveCfg = Release|Any CPU
		{8B346353-F8DB-400E-B5E2-33EFB76A0DF1}.Test|x86.Build.0 = Release|Any CPU
		{C906AACE-1F94-4D53-BF7F-9F498161ADD9}.Debug|Any CPU.ActiveCfg = Debug|Any CPU
		{C906AACE-1F94-4D53-BF7F-9F498161ADD9}.Debug|Any CPU.Build.0 = Debug|Any CPU
		{C906AACE-1F94-4D53-BF7F-9F498161ADD9}.Debug|x64.ActiveCfg = Debug|Any CPU
		{C906AACE-1F94-4D53-BF7F-9F498161ADD9}.Debug|x64.Build.0 = Debug|Any CPU
		{C906AACE-1F94-4D53-BF7F-9F498161ADD9}.Debug|x86.ActiveCfg = Debug|Any CPU
		{C906AACE-1F94-4D53-BF7F-9F498161ADD9}.Debug|x86.Build.0 = Debug|Any CPU
		{C906AACE-1F94-4D53-BF7F-9F498161ADD9}.Release|Any CPU.ActiveCfg = Release|Any CPU
		{C906AACE-1F94-4D53-BF7F-9F498161ADD9}.Release|Any CPU.Build.0 = Release|Any CPU
		{C906AACE-1F94-4D53-BF7F-9F498161ADD9}.Release|x64.ActiveCfg = Release|Any CPU
		{C906AACE-1F94-4D53-BF7F-9F498161ADD9}.Release|x64.Build.0 = Release|Any CPU
		{C906AACE-1F94-4D53-BF7F-9F498161ADD9}.Release|x86.ActiveCfg = Release|Any CPU
		{C906AACE-1F94-4D53-BF7F-9F498161ADD9}.Release|x86.Build.0 = Release|Any CPU
		{C906AACE-1F94-4D53-BF7F-9F498161ADD9}.Test|Any CPU.ActiveCfg = Release|Any CPU
		{C906AACE-1F94-4D53-BF7F-9F498161ADD9}.Test|Any CPU.Build.0 = Release|Any CPU
		{C906AACE-1F94-4D53-BF7F-9F498161ADD9}.Test|x64.ActiveCfg = Release|Any CPU
		{C906AACE-1F94-4D53-BF7F-9F498161ADD9}.Test|x64.Build.0 = Release|Any CPU
		{C906AACE-1F94-4D53-BF7F-9F498161ADD9}.Test|x86.ActiveCfg = Release|Any CPU
		{C906AACE-1F94-4D53-BF7F-9F498161ADD9}.Test|x86.Build.0 = Release|Any CPU
	EndGlobalSection
	GlobalSection(SolutionProperties) = preSolution
		HideSolutionNode = FALSE
	EndGlobalSection
	GlobalSection(NestedProjects) = preSolution
		{2BE533C4-1989-4BB4-AFD6-99E82660CD7C} = {C6D35ACB-74F0-4402-92B1-74FFA9CE51F9}
		{95AE0A6F-CF72-4439-987C-0C7C4D26432B} = {2105F77E-FF36-4265-BCC0-197FCE62AF0E}
		{721D650B-D902-4E2D-A83F-7F2FED1F0992} = {2105F77E-FF36-4265-BCC0-197FCE62AF0E}
		{72B50175-6795-4932-8347-7513A22EB639} = {2105F77E-FF36-4265-BCC0-197FCE62AF0E}
		{7CAC0A7A-AE77-4A03-9CD1-34D9C4C800F5} = {C6D35ACB-74F0-4402-92B1-74FFA9CE51F9}
		{B585779B-71B7-49E7-953A-5EAF00E4D2E8} = {A3273B1D-3726-4C33-977C-CC7FAFA43173}
		{042EC1FC-6FDF-42AF-8883-6E3F9ECE1BB7} = {A3273B1D-3726-4C33-977C-CC7FAFA43173}
		{E7B63F44-968C-4287-AB43-41601519FF4F} = {A3273B1D-3726-4C33-977C-CC7FAFA43173}
		{9FEEFB2D-75E7-45BE-A02F-C6FF69867823} = {A3273B1D-3726-4C33-977C-CC7FAFA43173}
		{45D28137-57C8-4FA3-B48E-EC22D9CEA386} = {3F273395-4390-42E9-B28D-0C2CEDBBBD22}
		{DAFD0C0B-FD2C-4B9A-9764-23FD0A7554B1} = {3F273395-4390-42E9-B28D-0C2CEDBBBD22}
		{84A1CA62-2EEA-4BA3-BCC0-991C2F471FF2} = {80ECB22E-C3CB-4B21-A853-AB9C3E196A4D}
		{AE588B69-AA85-42DA-A470-67D2189C2FA3} = {80ECB22E-C3CB-4B21-A853-AB9C3E196A4D}
		{C8C05513-A343-41B1-BE5F-71EE025134D1} = {80ECB22E-C3CB-4B21-A853-AB9C3E196A4D}
		{7DB2A64D-00A8-4957-B423-FB1080A30D59} = {24B00096-B892-4E61-A89D-504403555FCC}
		{62D4D428-6FC3-4BFB-9486-30199D00C0C6} = {24B00096-B892-4E61-A89D-504403555FCC}
		{E114C170-4F72-4C93-8C24-E718406A3FCA} = {24B00096-B892-4E61-A89D-504403555FCC}
		{3E4AF6C9-2364-42B7-8CC2-DA28539D2919} = {24B00096-B892-4E61-A89D-504403555FCC}
		{1371729C-9090-4FDD-A2BF-DA69C74F9166} = {24B00096-B892-4E61-A89D-504403555FCC}
		{F670D9F7-4CD4-40CF-8B26-40345F2622AE} = {C60D0448-B3DF-456E-8BBA-1A512B544A6B}
		{D9819FA4-322B-4F2D-AA73-A2C5BBA2C0AF} = {C60D0448-B3DF-456E-8BBA-1A512B544A6B}
		{EF6A38E4-C61F-4556-AA94-7EBA38D80260} = {C60D0448-B3DF-456E-8BBA-1A512B544A6B}
		{6F838F46-FECB-490D-B311-A57E27DBBD92} = {C60D0448-B3DF-456E-8BBA-1A512B544A6B}
		{6408B627-D3E5-4D11-996B-FC7885449870} = {F2B9E500-0E71-45DD-92B5-8681AF78F648}
		{3615E33B-8713-4105-957A-1A2B1891E52F} = {F2B9E500-0E71-45DD-92B5-8681AF78F648}
		{A7BC1382-067D-494A-9D73-AC0ADB39195E} = {CFAF9868-D2A6-4EC7-AF04-87963CCEC0A6}
		{79F74E18-5436-417E-9566-D4AE5D8C033B} = {CFAF9868-D2A6-4EC7-AF04-87963CCEC0A6}
		{195FB39A-AB4D-461A-BB6D-E470F06D48FD} = {CFAF9868-D2A6-4EC7-AF04-87963CCEC0A6}
		{8A1017BF-51F7-474E-9223-987F58EC1306} = {CFAF9868-D2A6-4EC7-AF04-87963CCEC0A6}
		{CC05BBC8-8BA1-43C4-A010-9A29AF545FE4} = {CFAF9868-D2A6-4EC7-AF04-87963CCEC0A6}
		{62EF3163-9904-4B25-9C5A-B4E27547A88B} = {99B2619C-5C0D-4A00-95B2-63E4C436A6AF}
		{15D8B558-D497-48FE-99B9-9F7A00297AA1} = {99B2619C-5C0D-4A00-95B2-63E4C436A6AF}
		{0CAC639C-DF77-4F69-93FD-64A60283EECF} = {99B2619C-5C0D-4A00-95B2-63E4C436A6AF}
		{23DB45E3-0797-4313-8455-5BCFC15A450C} = {99B2619C-5C0D-4A00-95B2-63E4C436A6AF}
		{8B346353-F8DB-400E-B5E2-33EFB76A0DF1} = {24B00096-B892-4E61-A89D-504403555FCC}
		{C906AACE-1F94-4D53-BF7F-9F498161ADD9} = {80ECB22E-C3CB-4B21-A853-AB9C3E196A4D}
	EndGlobalSection
	GlobalSection(ExtensibilityGlobals) = postSolution
		SolutionGuid = {C58DA1C6-4144-4741-9113-B222C53D8A71}
	EndGlobalSection
	GlobalSection(SubversionScc) = preSolution
		Svn-Managed = True
		Manager = AnkhSVN - Subversion Support for Visual Studio
	EndGlobalSection
EndGlobal
