
Microsoft Visual Studio Solution File, Format Version 12.00
# Visual Studio 2013
VisualStudioVersion = 12.0.40629.0
MinimumVisualStudioVersion = 10.0.40219.1
Project("{FAE04EC0-301F-11D3-BF4B-00C04F79EFBC}") = "FileHelpers", "Miscellaneous\FileHelpers\FileHelpers.csproj", "{EB8633FF-CEED-40EE-8D1A-CA1BF5678C42}"
EndProject
Project("{FAE04EC0-301F-11D3-BF4B-00C04F79EFBC}") = "VISAVerfFileImport", "Miscellaneous\VISAVerfFileImport\VISAVerfFileImport.csproj", "{58B48A91-99ED-4154-AAC6-57B00D8C51BC}"
EndProject
Project("{FAE04EC0-301F-11D3-BF4B-00C04F79EFBC}") = "MGI.Security.Voltage", "Security\MGI.Security.Voltage\MGI.Security.Voltage.csproj", "{58FF0CE5-0F8E-4A95-959A-A83DCF83641A}"
EndProject
Project("{FAE04EC0-301F-11D3-BF4B-00C04F79EFBC}") = "MGI.Common.Logging", "CMMN\MGI.Common.Logging\MGI.Common.Logging.csproj", "{E27EB7B0-7ECB-4E9B-81BD-B6AB823D82D9}"
EndProject
Global
	GlobalSection(SolutionConfigurationPlatforms) = preSolution
		Debug|Any CPU = Debug|Any CPU
		Debug|x64 = Debug|x64
		Debug|x86 = Debug|x86
		Release|Any CPU = Release|Any CPU
		Release|x64 = Release|x64
		Release|x86 = Release|x86
	EndGlobalSection
	GlobalSection(ProjectConfigurationPlatforms) = postSolution
		{EB8633FF-CEED-40EE-8D1A-CA1BF5678C42}.Debug|Any CPU.ActiveCfg = Debug|Any CPU
		{EB8633FF-CEED-40EE-8D1A-CA1BF5678C42}.Debug|Any CPU.Build.0 = Debug|Any CPU
		{EB8633FF-CEED-40EE-8D1A-CA1BF5678C42}.Debug|x64.ActiveCfg = Debug|Any CPU
		{EB8633FF-CEED-40EE-8D1A-CA1BF5678C42}.Debug|x86.ActiveCfg = Debug|Any CPU
		{EB8633FF-CEED-40EE-8D1A-CA1BF5678C42}.Release|Any CPU.ActiveCfg = Release|Any CPU
		{EB8633FF-CEED-40EE-8D1A-CA1BF5678C42}.Release|Any CPU.Build.0 = Release|Any CPU
		{EB8633FF-CEED-40EE-8D1A-CA1BF5678C42}.Release|x64.ActiveCfg = Release|Any CPU
		{EB8633FF-CEED-40EE-8D1A-CA1BF5678C42}.Release|x86.ActiveCfg = Release|Any CPU
		{58B48A91-99ED-4154-AAC6-57B00D8C51BC}.Debug|Any CPU.ActiveCfg = Debug|Any CPU
		{58B48A91-99ED-4154-AAC6-57B00D8C51BC}.Debug|Any CPU.Build.0 = Debug|Any CPU
		{58B48A91-99ED-4154-AAC6-57B00D8C51BC}.Debug|x64.ActiveCfg = Debug|Any CPU
		{58B48A91-99ED-4154-AAC6-57B00D8C51BC}.Debug|x86.ActiveCfg = Debug|Any CPU
		{58B48A91-99ED-4154-AAC6-57B00D8C51BC}.Release|Any CPU.ActiveCfg = Release|Any CPU
		{58B48A91-99ED-4154-AAC6-57B00D8C51BC}.Release|Any CPU.Build.0 = Release|Any CPU
		{58B48A91-99ED-4154-AAC6-57B00D8C51BC}.Release|x64.ActiveCfg = Release|Any CPU
		{58B48A91-99ED-4154-AAC6-57B00D8C51BC}.Release|x86.ActiveCfg = Release|Any CPU
		{58FF0CE5-0F8E-4A95-959A-A83DCF83641A}.Debug|Any CPU.ActiveCfg = Debug|Any CPU
		{58FF0CE5-0F8E-4A95-959A-A83DCF83641A}.Debug|Any CPU.Build.0 = Debug|Any CPU
		{58FF0CE5-0F8E-4A95-959A-A83DCF83641A}.Debug|x64.ActiveCfg = Debug|x64
		{58FF0CE5-0F8E-4A95-959A-A83DCF83641A}.Debug|x64.Build.0 = Debug|x64
		{58FF0CE5-0F8E-4A95-959A-A83DCF83641A}.Debug|x86.ActiveCfg = Debug|x86
		{58FF0CE5-0F8E-4A95-959A-A83DCF83641A}.Debug|x86.Build.0 = Debug|x86
		{58FF0CE5-0F8E-4A95-959A-A83DCF83641A}.Release|Any CPU.ActiveCfg = Release|Any CPU
		{58FF0CE5-0F8E-4A95-959A-A83DCF83641A}.Release|Any CPU.Build.0 = Release|Any CPU
		{58FF0CE5-0F8E-4A95-959A-A83DCF83641A}.Release|x64.ActiveCfg = Release|x64
		{58FF0CE5-0F8E-4A95-959A-A83DCF83641A}.Release|x64.Build.0 = Release|x64
		{58FF0CE5-0F8E-4A95-959A-A83DCF83641A}.Release|x86.ActiveCfg = Release|x86
		{58FF0CE5-0F8E-4A95-959A-A83DCF83641A}.Release|x86.Build.0 = Release|x86
		{E27EB7B0-7ECB-4E9B-81BD-B6AB823D82D9}.Debug|Any CPU.ActiveCfg = Debug|Any CPU
		{E27EB7B0-7ECB-4E9B-81BD-B6AB823D82D9}.Debug|Any CPU.Build.0 = Debug|Any CPU
		{E27EB7B0-7ECB-4E9B-81BD-B6AB823D82D9}.Debug|x64.ActiveCfg = Debug|Any CPU
		{E27EB7B0-7ECB-4E9B-81BD-B6AB823D82D9}.Debug|x86.ActiveCfg = Debug|Any CPU
		{E27EB7B0-7ECB-4E9B-81BD-B6AB823D82D9}.Release|Any CPU.ActiveCfg = Release|Any CPU
		{E27EB7B0-7ECB-4E9B-81BD-B6AB823D82D9}.Release|Any CPU.Build.0 = Release|Any CPU
		{E27EB7B0-7ECB-4E9B-81BD-B6AB823D82D9}.Release|x64.ActiveCfg = Release|Any CPU
		{E27EB7B0-7ECB-4E9B-81BD-B6AB823D82D9}.Release|x86.ActiveCfg = Release|Any CPU
	EndGlobalSection
	GlobalSection(SolutionProperties) = preSolution
		HideSolutionNode = FALSE
	EndGlobalSection
EndGlobal
