
Microsoft Visual Studio Solution File, Format Version 12.00
# Visual Studio 2013
VisualStudioVersion = 12.0.31101.0
MinimumVisualStudioVersion = 10.0.40219.1
Project("{FAE04EC0-301F-11D3-BF4B-00C04F79EFBC}") = "MGI.Common.TransactionalLogging", "MGI.Common.TransactionalLogging\MGI.Common.TransactionalLogging.csproj", "{7F83710F-FF4D-492C-B1A1-2A2ACFEF6065}"
EndProject
Project("{FAE04EC0-301F-11D3-BF4B-00C04F79EFBC}") = "TestTranLogs", "TestTranLogs\TestTranLogs.csproj", "{48AF74B2-94F2-4F17-A953-F9534C589331}"
EndProject
Project("{FAE04EC0-301F-11D3-BF4B-00C04F79EFBC}") = "MGI.Common.TransactionalLogging.UnitTests", "MGI.Common.TransactionalLogging.UnitTests\MGI.Common.TransactionalLogging.UnitTests.csproj", "{C0E32F56-2028-4B12-9A02-54BB738ABEEB}"
EndProject
Global
	GlobalSection(SolutionConfigurationPlatforms) = preSolution
		Debug|Any CPU = Debug|Any CPU
		Release|Any CPU = Release|Any CPU
	EndGlobalSection
	GlobalSection(ProjectConfigurationPlatforms) = postSolution
		{7F83710F-FF4D-492C-B1A1-2A2ACFEF6065}.Debug|Any CPU.ActiveCfg = Debug|Any CPU
		{7F83710F-FF4D-492C-B1A1-2A2ACFEF6065}.Debug|Any CPU.Build.0 = Debug|Any CPU
		{7F83710F-FF4D-492C-B1A1-2A2ACFEF6065}.Release|Any CPU.ActiveCfg = Release|Any CPU
		{7F83710F-FF4D-492C-B1A1-2A2ACFEF6065}.Release|Any CPU.Build.0 = Release|Any CPU
		{48AF74B2-94F2-4F17-A953-F9534C589331}.Debug|Any CPU.ActiveCfg = Debug|Any CPU
		{48AF74B2-94F2-4F17-A953-F9534C589331}.Debug|Any CPU.Build.0 = Debug|Any CPU
		{48AF74B2-94F2-4F17-A953-F9534C589331}.Release|Any CPU.ActiveCfg = Release|Any CPU
		{48AF74B2-94F2-4F17-A953-F9534C589331}.Release|Any CPU.Build.0 = Release|Any CPU
		{C0E32F56-2028-4B12-9A02-54BB738ABEEB}.Debug|Any CPU.ActiveCfg = Debug|Any CPU
		{C0E32F56-2028-4B12-9A02-54BB738ABEEB}.Debug|Any CPU.Build.0 = Debug|Any CPU
		{C0E32F56-2028-4B12-9A02-54BB738ABEEB}.Release|Any CPU.ActiveCfg = Release|Any CPU
		{C0E32F56-2028-4B12-9A02-54BB738ABEEB}.Release|Any CPU.Build.0 = Release|Any CPU
	EndGlobalSection
	GlobalSection(SolutionProperties) = preSolution
		HideSolutionNode = FALSE
	EndGlobalSection
EndGlobal
