
Microsoft Visual Studio Solution File, Format Version 12.00
# Visual Studio 2013
VisualStudioVersion = 12.0.31101.0
MinimumVisualStudioVersion = 10.0.40219.1
Project("{FAE04EC0-301F-11D3-BF4B-00C04F79EFBC}") = "MGI.Peripheral.Check.Messenger", "CHNL.CMMN\Peripheral.Server\Nexxo.Peripheral.Check.Messenger\MGI.Peripheral.Check.Messenger.csproj", "{2703E63E-811B-46A8-830F-B219720E6585}"
EndProject
Project("{FAE04EC0-301F-11D3-BF4B-00C04F79EFBC}") = "MGI.Peripheral.Epson.TMS9000", "CHNL.CMMN\Peripheral.Server\Nexxo.Peripheral.Epson.TMS9000\MGI.Peripheral.Epson.TMS9000.csproj", "{D999B318-80B6-475E-A851-235931E647F7}"
EndProject
Project("{FAE04EC0-301F-11D3-BF4B-00C04F79EFBC}") = "MGI.Peripheral.Server", "CHNL.CMMN\Peripheral.Server\Nexxo.Peripheral.Server\MGI.Peripheral.Server.csproj", "{49BC8F4A-A6A2-4C5C-8A6F-42558CB84BC3}"
EndProject
Project("{FAE04EC0-301F-11D3-BF4B-00C04F79EFBC}") = "MGI.Peripheral.Windows.Svc", "CHNL.CMMN\Peripheral.Server\Nexxo.Peripheral.Windows.Svc\MGI.Peripheral.Windows.Svc.csproj", "{05FBD5CD-EB64-4E0C-BACA-8AACFF69CCD6}"
EndProject
Project("{930C7802-8A8C-48F9-8165-68863BCCD9DD}") = "Peripheral.Service.Installer", "CHNL.CMMN\Peripheral.Installer\Peripheral.Server.Installer.Win7\Peripheral.Service.Installer\Peripheral.Service.Installer.wixproj", "{8EF89E86-FCF2-4676-93CF-1DA12F9039ED}"
EndProject
Project("{FAE04EC0-301F-11D3-BF4B-00C04F79EFBC}") = "Peripheral.Service.CustomAction", "CHNL.CMMN\Peripheral.Installer\Peripheral.Server.Installer.Win7\Peripheral.Service.CustomAction\Peripheral.Service.CustomAction.csproj", "{B85FF8C3-F340-4B16-9802-F56223DEEAB4}"
EndProject
Global
	GlobalSection(SolutionConfigurationPlatforms) = preSolution
		Debug|Any CPU = Debug|Any CPU
		Debug|Mixed Platforms = Debug|Mixed Platforms
		Debug|x64 = Debug|x64
		Debug|x86 = Debug|x86
		Release|Any CPU = Release|Any CPU
		Release|Mixed Platforms = Release|Mixed Platforms
		Release|x64 = Release|x64
		Release|x86 = Release|x86
	EndGlobalSection
	GlobalSection(ProjectConfigurationPlatforms) = postSolution
		{2703E63E-811B-46A8-830F-B219720E6585}.Debug|Any CPU.ActiveCfg = Debug|Any CPU
		{2703E63E-811B-46A8-830F-B219720E6585}.Debug|Any CPU.Build.0 = Debug|Any CPU
		{2703E63E-811B-46A8-830F-B219720E6585}.Debug|Mixed Platforms.ActiveCfg = Debug|Any CPU
		{2703E63E-811B-46A8-830F-B219720E6585}.Debug|Mixed Platforms.Build.0 = Debug|Any CPU
		{2703E63E-811B-46A8-830F-B219720E6585}.Debug|x64.ActiveCfg = Debug|Any CPU
		{2703E63E-811B-46A8-830F-B219720E6585}.Debug|x86.ActiveCfg = Debug|Any CPU
		{2703E63E-811B-46A8-830F-B219720E6585}.Release|Any CPU.ActiveCfg = Release|Any CPU
		{2703E63E-811B-46A8-830F-B219720E6585}.Release|Any CPU.Build.0 = Release|Any CPU
		{2703E63E-811B-46A8-830F-B219720E6585}.Release|Mixed Platforms.ActiveCfg = Release|Any CPU
		{2703E63E-811B-46A8-830F-B219720E6585}.Release|Mixed Platforms.Build.0 = Release|Any CPU
		{2703E63E-811B-46A8-830F-B219720E6585}.Release|x64.ActiveCfg = Release|Any CPU
		{2703E63E-811B-46A8-830F-B219720E6585}.Release|x86.ActiveCfg = Release|Any CPU
		{D999B318-80B6-475E-A851-235931E647F7}.Debug|Any CPU.ActiveCfg = Debug|Any CPU
		{D999B318-80B6-475E-A851-235931E647F7}.Debug|Any CPU.Build.0 = Debug|Any CPU
		{D999B318-80B6-475E-A851-235931E647F7}.Debug|Mixed Platforms.ActiveCfg = Debug|Any CPU
		{D999B318-80B6-475E-A851-235931E647F7}.Debug|Mixed Platforms.Build.0 = Debug|Any CPU
		{D999B318-80B6-475E-A851-235931E647F7}.Debug|x64.ActiveCfg = Debug|Any CPU
		{D999B318-80B6-475E-A851-235931E647F7}.Debug|x86.ActiveCfg = Debug|Any CPU
		{D999B318-80B6-475E-A851-235931E647F7}.Release|Any CPU.ActiveCfg = Release|Any CPU
		{D999B318-80B6-475E-A851-235931E647F7}.Release|Any CPU.Build.0 = Release|Any CPU
		{D999B318-80B6-475E-A851-235931E647F7}.Release|Mixed Platforms.ActiveCfg = Release|Any CPU
		{D999B318-80B6-475E-A851-235931E647F7}.Release|Mixed Platforms.Build.0 = Release|Any CPU
		{D999B318-80B6-475E-A851-235931E647F7}.Release|x64.ActiveCfg = Release|Any CPU
		{D999B318-80B6-475E-A851-235931E647F7}.Release|x86.ActiveCfg = Release|Any CPU
		{49BC8F4A-A6A2-4C5C-8A6F-42558CB84BC3}.Debug|Any CPU.ActiveCfg = Debug|Any CPU
		{49BC8F4A-A6A2-4C5C-8A6F-42558CB84BC3}.Debug|Any CPU.Build.0 = Debug|Any CPU
		{49BC8F4A-A6A2-4C5C-8A6F-42558CB84BC3}.Debug|Mixed Platforms.ActiveCfg = Debug|Any CPU
		{49BC8F4A-A6A2-4C5C-8A6F-42558CB84BC3}.Debug|Mixed Platforms.Build.0 = Debug|Any CPU
		{49BC8F4A-A6A2-4C5C-8A6F-42558CB84BC3}.Debug|x64.ActiveCfg = Debug|Any CPU
		{49BC8F4A-A6A2-4C5C-8A6F-42558CB84BC3}.Debug|x86.ActiveCfg = Debug|Any CPU
		{49BC8F4A-A6A2-4C5C-8A6F-42558CB84BC3}.Release|Any CPU.ActiveCfg = Release|Any CPU
		{49BC8F4A-A6A2-4C5C-8A6F-42558CB84BC3}.Release|Any CPU.Build.0 = Release|Any CPU
		{49BC8F4A-A6A2-4C5C-8A6F-42558CB84BC3}.Release|Mixed Platforms.ActiveCfg = Release|Any CPU
		{49BC8F4A-A6A2-4C5C-8A6F-42558CB84BC3}.Release|Mixed Platforms.Build.0 = Release|Any CPU
		{49BC8F4A-A6A2-4C5C-8A6F-42558CB84BC3}.Release|x64.ActiveCfg = Release|Any CPU
		{49BC8F4A-A6A2-4C5C-8A6F-42558CB84BC3}.Release|x86.ActiveCfg = Release|Any CPU
		{05FBD5CD-EB64-4E0C-BACA-8AACFF69CCD6}.Debug|Any CPU.ActiveCfg = Debug|x86
		{05FBD5CD-EB64-4E0C-BACA-8AACFF69CCD6}.Debug|Mixed Platforms.ActiveCfg = Debug|x86
		{05FBD5CD-EB64-4E0C-BACA-8AACFF69CCD6}.Debug|Mixed Platforms.Build.0 = Debug|x86
		{05FBD5CD-EB64-4E0C-BACA-8AACFF69CCD6}.Debug|x64.ActiveCfg = Debug|x64
		{05FBD5CD-EB64-4E0C-BACA-8AACFF69CCD6}.Debug|x64.Build.0 = Debug|x64
		{05FBD5CD-EB64-4E0C-BACA-8AACFF69CCD6}.Debug|x86.ActiveCfg = Debug|x86
		{05FBD5CD-EB64-4E0C-BACA-8AACFF69CCD6}.Debug|x86.Build.0 = Debug|x86
		{05FBD5CD-EB64-4E0C-BACA-8AACFF69CCD6}.Release|Any CPU.ActiveCfg = Release|x86
		{05FBD5CD-EB64-4E0C-BACA-8AACFF69CCD6}.Release|Mixed Platforms.ActiveCfg = Release|x86
		{05FBD5CD-EB64-4E0C-BACA-8AACFF69CCD6}.Release|Mixed Platforms.Build.0 = Release|x86
		{05FBD5CD-EB64-4E0C-BACA-8AACFF69CCD6}.Release|x64.ActiveCfg = Release|x64
		{05FBD5CD-EB64-4E0C-BACA-8AACFF69CCD6}.Release|x64.Build.0 = Release|x64
		{05FBD5CD-EB64-4E0C-BACA-8AACFF69CCD6}.Release|x86.ActiveCfg = Release|x86
		{05FBD5CD-EB64-4E0C-BACA-8AACFF69CCD6}.Release|x86.Build.0 = Release|x86
		{8EF89E86-FCF2-4676-93CF-1DA12F9039ED}.Debug|Any CPU.ActiveCfg = Debug|x86
		{8EF89E86-FCF2-4676-93CF-1DA12F9039ED}.Debug|Mixed Platforms.ActiveCfg = Debug|x86
		{8EF89E86-FCF2-4676-93CF-1DA12F9039ED}.Debug|Mixed Platforms.Build.0 = Debug|x86
		{8EF89E86-FCF2-4676-93CF-1DA12F9039ED}.Debug|x64.ActiveCfg = Debug|x86
		{8EF89E86-FCF2-4676-93CF-1DA12F9039ED}.Debug|x86.ActiveCfg = Debug|x86
		{8EF89E86-FCF2-4676-93CF-1DA12F9039ED}.Debug|x86.Build.0 = Debug|x86
		{8EF89E86-FCF2-4676-93CF-1DA12F9039ED}.Release|Any CPU.ActiveCfg = Release|x86
		{8EF89E86-FCF2-4676-93CF-1DA12F9039ED}.Release|Mixed Platforms.ActiveCfg = Release|x86
		{8EF89E86-FCF2-4676-93CF-1DA12F9039ED}.Release|Mixed Platforms.Build.0 = Release|x86
		{8EF89E86-FCF2-4676-93CF-1DA12F9039ED}.Release|x64.ActiveCfg = Release|x86
		{8EF89E86-FCF2-4676-93CF-1DA12F9039ED}.Release|x86.ActiveCfg = Release|x86
		{8EF89E86-FCF2-4676-93CF-1DA12F9039ED}.Release|x86.Build.0 = Release|x86
		{B85FF8C3-F340-4B16-9802-F56223DEEAB4}.Debug|Any CPU.ActiveCfg = Debug|x86
		{B85FF8C3-F340-4B16-9802-F56223DEEAB4}.Debug|Mixed Platforms.ActiveCfg = Debug|x86
		{B85FF8C3-F340-4B16-9802-F56223DEEAB4}.Debug|Mixed Platforms.Build.0 = Debug|x86
		{B85FF8C3-F340-4B16-9802-F56223DEEAB4}.Debug|x64.ActiveCfg = Debug|x86
		{B85FF8C3-F340-4B16-9802-F56223DEEAB4}.Debug|x86.ActiveCfg = Debug|x86
		{B85FF8C3-F340-4B16-9802-F56223DEEAB4}.Debug|x86.Build.0 = Debug|x86
		{B85FF8C3-F340-4B16-9802-F56223DEEAB4}.Release|Any CPU.ActiveCfg = Release|x86
		{B85FF8C3-F340-4B16-9802-F56223DEEAB4}.Release|Mixed Platforms.ActiveCfg = Release|x86
		{B85FF8C3-F340-4B16-9802-F56223DEEAB4}.Release|Mixed Platforms.Build.0 = Release|x86
		{B85FF8C3-F340-4B16-9802-F56223DEEAB4}.Release|x64.ActiveCfg = Release|x86
		{B85FF8C3-F340-4B16-9802-F56223DEEAB4}.Release|x86.ActiveCfg = Release|x86
		{B85FF8C3-F340-4B16-9802-F56223DEEAB4}.Release|x86.Build.0 = Release|x86
	EndGlobalSection
	GlobalSection(SolutionProperties) = preSolution
		HideSolutionNode = FALSE
	EndGlobalSection
EndGlobal
